{
  "version": 4,
  "terraform_version": "1.9.4",
  "serial": 46,
  "lineage": "bd7731a4-ce77-35a2-9f18-0c3cc3aa8169",
  "outputs": {},
  "resources": [
    {
      "mode": "managed",
      "type": "kubernetes_deployment",
      "name": "nim_llama3_1_8b",
      "provider": "provider[\"registry.terraform.io/hashicorp/kubernetes\"]",
      "instances": [
        {
          "schema_version": 1,
          "attributes": {
            "id": "default/nim-llama3-1-8b",
            "metadata": [
              {
                "annotations": {},
                "generate_name": "",
                "generation": 4,
                "labels": {
                  "app.kubernetes.io/name": "nim-llama3-1-8b",
                  "monitor": "tritonserver"
                },
                "name": "nim-llama3-1-8b",
                "namespace": "default",
                "resource_version": "77907130",
                "uid": "84fe77f1-1a96-4f23-aaee-a60b17a77a32"
              }
            ],
            "spec": [
              {
                "min_ready_seconds": 0,
                "paused": false,
                "progress_deadline_seconds": 600,
                "replicas": "1",
                "revision_history_limit": 10,
                "selector": [
                  {
                    "match_expressions": [],
                    "match_labels": {
                      "app.kubernetes.io/name": "nim-llama3-1-8b",
                      "monitor": "tritonserver"
                    }
                  }
                ],
                "strategy": [
                  {
                    "rolling_update": [
                      {
                        "max_surge": "25%",
                        "max_unavailable": "25%"
                      }
                    ],
                    "type": "RollingUpdate"
                  }
                ],
                "template": [
                  {
                    "metadata": [
                      {
                        "annotations": {},
                        "generate_name": "",
                        "generation": 0,
                        "labels": {
                          "app.kubernetes.io/name": "nim-llama3-1-8b",
                          "monitor": "tritonserver"
                        },
                        "name": "",
                        "namespace": "",
                        "resource_version": "",
                        "uid": ""
                      }
                    ],
                    "spec": [
                      {
                        "active_deadline_seconds": 0,
                        "affinity": [],
                        "automount_service_account_token": true,
                        "container": [
                          {
                            "args": [],
                            "command": [],
                            "env": [
                              {
                                "name": "PYTHONIOENCODING",
                                "value": "utf-8",
                                "value_from": []
                              },
                              {
                                "name": "PYTHONUNBUFFERED",
                                "value": "1",
                                "value_from": []
                              },
                              {
                                "name": "MODEL_PATH",
                                "value": "/nfs-mnt/trt-nim/l3.1-8b-fp8-mxbs256-isl4096-seq4096/llama-3.1-8b",
                                "value_from": []
                              },
                              {
                                "name": "TP_SIZE",
                                "value": "1",
                                "value_from": []
                              },
                              {
                                "name": "HUGGING_FACE_HUB_TOKEN",
                                "value": "",
                                "value_from": [
                                  {
                                    "config_map_key_ref": [],
                                    "field_ref": [],
                                    "resource_field_ref": [],
                                    "secret_key_ref": [
                                      {
                                        "key": "HUGGING_FACE_HUB_TOKEN",
                                        "name": "hugging-face-secret",
                                        "optional": false
                                      }
                                    ]
                                  }
                                ]
                              },
                              {
                                "name": "GITHUB_ACCESS_TOKEN",
                                "value": "",
                                "value_from": [
                                  {
                                    "config_map_key_ref": [],
                                    "field_ref": [],
                                    "resource_field_ref": [],
                                    "secret_key_ref": [
                                      {
                                        "key": "GITHUB_ACCESS_TOKEN",
                                        "name": "github-access-token",
                                        "optional": false
                                      }
                                    ]
                                  }
                                ]
                              }
                            ],
                            "env_from": [],
                            "image": "appsprodacr.azurecr.io/inference/llm/nim/deployment-trt-llm-nim-release:v0.12.0.pre_json_decode_fixed3_with_engine_v2",
                            "image_pull_policy": "Always",
                            "lifecycle": [],
                            "liveness_probe": [
                              {
                                "exec": [],
                                "failure_threshold": 3,
                                "grpc": [],
                                "http_get": [
                                  {
                                    "host": "",
                                    "http_header": [],
                                    "path": "/v1/health/live",
                                    "port": "8000",
                                    "scheme": "HTTP"
                                  }
                                ],
                                "initial_delay_seconds": 0,
                                "period_seconds": 30,
                                "success_threshold": 1,
                                "tcp_socket": [],
                                "timeout_seconds": 1
                              }
                            ],
                            "name": "nim-llama3-1-8b-container",
                            "port": [
                              {
                                "container_port": 8000,
                                "host_ip": "",
                                "host_port": 0,
                                "name": "metrics-port",
                                "protocol": "TCP"
                              },
                              {
                                "container_port": 8001,
                                "host_ip": "",
                                "host_port": 0,
                                "name": "grpc-port",
                                "protocol": "TCP"
                              }
                            ],
                            "readiness_probe": [
                              {
                                "exec": [],
                                "failure_threshold": 3,
                                "grpc": [],
                                "http_get": [
                                  {
                                    "host": "",
                                    "http_header": [],
                                    "path": "/v1/health/ready",
                                    "port": "8000",
                                    "scheme": "HTTP"
                                  }
                                ],
                                "initial_delay_seconds": 0,
                                "period_seconds": 30,
                                "success_threshold": 1,
                                "tcp_socket": [],
                                "timeout_seconds": 1
                              }
                            ],
                            "resources": [
                              {
                                "limits": {
                                  "nvidia.com/gpu": "1"
                                },
                                "requests": {
                                  "cpu": "1",
                                  "nvidia.com/gpu": "1"
                                }
                              }
                            ],
                            "security_context": [],
                            "startup_probe": [
                              {
                                "exec": [],
                                "failure_threshold": 500,
                                "grpc": [],
                                "http_get": [
                                  {
                                    "host": "",
                                    "http_header": [],
                                    "path": "/v1/health/ready",
                                    "port": "8000",
                                    "scheme": "HTTP"
                                  }
                                ],
                                "initial_delay_seconds": 0,
                                "period_seconds": 20,
                                "success_threshold": 1,
                                "tcp_socket": [],
                                "timeout_seconds": 1
                              }
                            ],
                            "stdin": false,
                            "stdin_once": false,
                            "termination_message_path": "/dev/termination-log",
                            "termination_message_policy": "File",
                            "tty": false,
                            "volume_mount": [
                              {
                                "mount_path": "/dev/shm",
                                "mount_propagation": "None",
                                "name": "dshm",
                                "read_only": false,
                                "sub_path": ""
                              },
                              {
                                "mount_path": "/mnt",
                                "mount_propagation": "None",
                                "name": "nfs-volume",
                                "read_only": false,
                                "sub_path": ""
                              }
                            ],
                            "working_dir": ""
                          }
                        ],
                        "dns_config": [],
                        "dns_policy": "ClusterFirst",
                        "enable_service_links": true,
                        "host_aliases": [],
                        "host_ipc": false,
                        "host_network": false,
                        "host_pid": false,
                        "hostname": "",
                        "image_pull_secrets": [],
                        "init_container": [],
                        "node_name": "",
                        "node_selector": {},
                        "os": [],
                        "priority_class_name": "",
                        "readiness_gate": [],
                        "restart_policy": "Always",
                        "runtime_class_name": "",
                        "scheduler_name": "default-scheduler",
                        "security_context": [],
                        "service_account_name": "",
                        "share_process_namespace": false,
                        "subdomain": "",
                        "termination_grace_period_seconds": 30,
                        "toleration": [
                          {
                            "effect": "NoSchedule",
                            "key": "sku",
                            "operator": "Equal",
                            "toleration_seconds": "",
                            "value": "gpu"
                          }
                        ],
                        "topology_spread_constraint": [],
                        "volume": [
                          {
                            "aws_elastic_block_store": [],
                            "azure_disk": [],
                            "azure_file": [],
                            "ceph_fs": [],
                            "cinder": [],
                            "config_map": [],
                            "csi": [],
                            "downward_api": [],
                            "empty_dir": [
                              {
                                "medium": "Memory",
                                "size_limit": "16Gi"
                              }
                            ],
                            "ephemeral": [],
                            "fc": [],
                            "flex_volume": [],
                            "flocker": [],
                            "gce_persistent_disk": [],
                            "git_repo": [],
                            "glusterfs": [],
                            "host_path": [],
                            "iscsi": [],
                            "local": [],
                            "name": "dshm",
                            "nfs": [],
                            "persistent_volume_claim": [],
                            "photon_persistent_disk": [],
                            "projected": [],
                            "quobyte": [],
                            "rbd": [],
                            "secret": [],
                            "vsphere_volume": []
                          },
                          {
                            "aws_elastic_block_store": [],
                            "azure_disk": [],
                            "azure_file": [],
                            "ceph_fs": [],
                            "cinder": [],
                            "config_map": [],
                            "csi": [],
                            "downward_api": [],
                            "empty_dir": [],
                            "ephemeral": [],
                            "fc": [],
                            "flex_volume": [],
                            "flocker": [],
                            "gce_persistent_disk": [],
                            "git_repo": [],
                            "glusterfs": [],
                            "host_path": [],
                            "iscsi": [],
                            "local": [],
                            "name": "nfs-volume",
                            "nfs": [],
                            "persistent_volume_claim": [
                              {
                                "claim_name": "local-storage-pvc",
                                "read_only": false
                              }
                            ],
                            "photon_persistent_disk": [],
                            "projected": [],
                            "quobyte": [],
                            "rbd": [],
                            "secret": [],
                            "vsphere_volume": []
                          }
                        ]
                      }
                    ]
                  }
                ]
              }
            ],
            "timeouts": null,
            "wait_for_rollout": true
          },
          "sensitive_attributes": [],
          "private": "eyJlMmJmYjczMC1lY2FhLTExZTYtOGY4OC0zNDM2M2JjN2M0YzAiOnsiY3JlYXRlIjo2MDAwMDAwMDAwMDAsImRlbGV0ZSI6NjAwMDAwMDAwMDAwLCJ1cGRhdGUiOjYwMDAwMDAwMDAwMH0sInNjaGVtYV92ZXJzaW9uIjoiMSJ9",
          "dependencies": [
            "module.github_access_token.kubernetes_secret_v1.main",
            "module.github_access_token.random_pet.main",
            "module.hugging_face_secret.kubernetes_secret_v1.main",
            "module.hugging_face_secret.random_pet.main"
          ]
        }
      ]
    },
    {
      "mode": "managed",
      "type": "kubernetes_deployment_v1",
      "name": "speech_whisper_batched",
      "provider": "provider[\"registry.terraform.io/hashicorp/kubernetes\"]",
      "instances": [
        {
          "schema_version": 1,
          "attributes": {
            "id": "default/speech-whisper-batched",
            "metadata": [
              {
                "annotations": {},
                "generate_name": "",
                "generation": 5,
                "labels": {
                  "app.kubernetes.io/name": "speech-whisper-batched",
                  "monitor": "tritonserver-speech"
                },
                "name": "speech-whisper-batched",
                "namespace": "default",
                "resource_version": "76769392",
                "uid": "1ccc7b2e-e217-4a4c-a0f1-1c88c378a59e"
              }
            ],
            "spec": [
              {
                "min_ready_seconds": 0,
                "paused": false,
                "progress_deadline_seconds": 600,
                "replicas": "1",
                "revision_history_limit": 10,
                "selector": [
                  {
                    "match_expressions": [],
                    "match_labels": {
                      "app.kubernetes.io/name": "speech-whisper-batched",
                      "monitor": "tritonserver-speech"
                    }
                  }
                ],
                "strategy": [
                  {
                    "rolling_update": [
                      {
                        "max_surge": "4",
                        "max_unavailable": "0"
                      }
                    ],
                    "type": "RollingUpdate"
                  }
                ],
                "template": [
                  {
                    "metadata": [
                      {
                        "annotations": {},
                        "generate_name": "",
                        "generation": 0,
                        "labels": {
                          "app.kubernetes.io/name": "speech-whisper-batched",
                          "monitor": "tritonserver-speech"
                        },
                        "name": "",
                        "namespace": "",
                        "resource_version": "",
                        "uid": ""
                      }
                    ],
                    "spec": [
                      {
                        "active_deadline_seconds": 0,
                        "affinity": [],
                        "automount_service_account_token": true,
                        "container": [
                          {
                            "args": [
                              "tritonserver --model-repository=\"/data/models\""
                            ],
                            "command": [
                              "/bin/sh",
                              "-c"
                            ],
                            "env": [
                              {
                                "name": "HUGGING_FACE_HUB_TOKEN",
                                "value": "",
                                "value_from": [
                                  {
                                    "config_map_key_ref": [],
                                    "field_ref": [],
                                    "resource_field_ref": [],
                                    "secret_key_ref": [
                                      {
                                        "key": "HUGGING_FACE_HUB_TOKEN",
                                        "name": "hugging-face-secret",
                                        "optional": false
                                      }
                                    ]
                                  }
                                ]
                              },
                              {
                                "name": "AZURE_CLIENT_ID",
                                "value": "",
                                "value_from": [
                                  {
                                    "config_map_key_ref": [],
                                    "field_ref": [],
                                    "resource_field_ref": [],
                                    "secret_key_ref": [
                                      {
                                        "key": "AZURE_CLIENT_ID",
                                        "name": "azure-storage-secret",
                                        "optional": false
                                      }
                                    ]
                                  }
                                ]
                              },
                              {
                                "name": "AZURE_TENANT_ID",
                                "value": "",
                                "value_from": [
                                  {
                                    "config_map_key_ref": [],
                                    "field_ref": [],
                                    "resource_field_ref": [],
                                    "secret_key_ref": [
                                      {
                                        "key": "AZURE_TENANT_ID",
                                        "name": "azure-storage-secret",
                                        "optional": false
                                      }
                                    ]
                                  }
                                ]
                              },
                              {
                                "name": "AZURE_CLIENT_SECRET",
                                "value": "",
                                "value_from": [
                                  {
                                    "config_map_key_ref": [],
                                    "field_ref": [],
                                    "resource_field_ref": [],
                                    "secret_key_ref": [
                                      {
                                        "key": "AZURE_CLIENT_SECRET",
                                        "name": "azure-storage-secret",
                                        "optional": false
                                      }
                                    ]
                                  }
                                ]
                              },
                              {
                                "name": "PYTHONIOENCODING",
                                "value": "utf-8",
                                "value_from": []
                              },
                              {
                                "name": "PYTHONUNBUFFERED",
                                "value": "1",
                                "value_from": []
                              },
                              {
                                "name": "CONTAINER_METADATA",
                                "value": "whisper-release-batched-0.1.2.json",
                                "value_from": []
                              },
                              {
                                "name": "WHISPER_HI_HF_MODEL_NAME",
                                "value": "/data/models/whisper-ml-hf/1/saaras_0_11",
                                "value_from": []
                              },
                              {
                                "name": "LD_LIBRARY_PATH",
                                "value": "/opt/riva/lib/:/opt/tritonserver/backends/pytorch/",
                                "value_from": []
                              },
                              {
                                "name": "IMAGE_TYPE",
                                "value": "riva",
                                "value_from": []
                              },
                              {
                                "name": "NFS_BASE_PATH",
                                "value": "/nfs-mnt",
                                "value_from": []
                              }
                            ],
                            "env_from": [],
                            "image": "v2vcrh100.azurecr.io/inference/riva/deployment-whisper-triton-onprem:latest",
                            "image_pull_policy": "Always",
                            "lifecycle": [],
                            "liveness_probe": [],
                            "name": "speech-whisper-batched-container",
                            "port": [
                              {
                                "container_port": 8000,
                                "host_ip": "",
                                "host_port": 0,
                                "name": "health-port",
                                "protocol": "TCP"
                              },
                              {
                                "container_port": 8002,
                                "host_ip": "",
                                "host_port": 0,
                                "name": "metrics-port",
                                "protocol": "TCP"
                              }
                            ],
                            "readiness_probe": [],
                            "resources": [
                              {
                                "limits": {
                                  "nvidia.com/gpu": "1"
                                },
                                "requests": {
                                  "cpu": "1",
                                  "memory": "4Gi",
                                  "nvidia.com/gpu": "1"
                                }
                              }
                            ],
                            "security_context": [],
                            "startup_probe": [],
                            "stdin": false,
                            "stdin_once": false,
                            "termination_message_path": "/dev/termination-log",
                            "termination_message_policy": "File",
                            "tty": false,
                            "volume_mount": [
                              {
                                "mount_path": "/dev/shm",
                                "mount_propagation": "None",
                                "name": "dshm",
                                "read_only": false,
                                "sub_path": ""
                              },
                              {
                                "mount_path": "/nfs-mnt",
                                "mount_propagation": "None",
                                "name": "nfs-volume",
                                "read_only": false,
                                "sub_path": ""
                              }
                            ],
                            "working_dir": ""
                          }
                        ],
                        "dns_config": [],
                        "dns_policy": "ClusterFirst",
                        "enable_service_links": true,
                        "host_aliases": [],
                        "host_ipc": false,
                        "host_network": false,
                        "host_pid": false,
                        "hostname": "",
                        "image_pull_secrets": [],
                        "init_container": [],
                        "node_name": "",
                        "node_selector": {},
                        "os": [],
                        "priority_class_name": "",
                        "readiness_gate": [],
                        "restart_policy": "Always",
                        "runtime_class_name": "",
                        "scheduler_name": "default-scheduler",
                        "security_context": [],
                        "service_account_name": "",
                        "share_process_namespace": false,
                        "subdomain": "",
                        "termination_grace_period_seconds": 30,
                        "toleration": [
                          {
                            "effect": "NoSchedule",
                            "key": "sku",
                            "operator": "Equal",
                            "toleration_seconds": "",
                            "value": "gpu"
                          }
                        ],
                        "topology_spread_constraint": [],
                        "volume": [
                          {
                            "aws_elastic_block_store": [],
                            "azure_disk": [],
                            "azure_file": [],
                            "ceph_fs": [],
                            "cinder": [],
                            "config_map": [],
                            "csi": [],
                            "downward_api": [],
                            "empty_dir": [
                              {
                                "medium": "Memory",
                                "size_limit": "4Gi"
                              }
                            ],
                            "ephemeral": [],
                            "fc": [],
                            "flex_volume": [],
                            "flocker": [],
                            "gce_persistent_disk": [],
                            "git_repo": [],
                            "glusterfs": [],
                            "host_path": [],
                            "iscsi": [],
                            "local": [],
                            "name": "dshm",
                            "nfs": [],
                            "persistent_volume_claim": [],
                            "photon_persistent_disk": [],
                            "projected": [],
                            "quobyte": [],
                            "rbd": [],
                            "secret": [],
                            "vsphere_volume": []
                          },
                          {
                            "aws_elastic_block_store": [],
                            "azure_disk": [],
                            "azure_file": [],
                            "ceph_fs": [],
                            "cinder": [],
                            "config_map": [],
                            "csi": [],
                            "downward_api": [],
                            "empty_dir": [],
                            "ephemeral": [],
                            "fc": [],
                            "flex_volume": [],
                            "flocker": [],
                            "gce_persistent_disk": [],
                            "git_repo": [],
                            "glusterfs": [],
                            "host_path": [],
                            "iscsi": [],
                            "local": [],
                            "name": "nfs-volume",
                            "nfs": [],
                            "persistent_volume_claim": [
                              {
                                "claim_name": "local-storage-pvc",
                                "read_only": false
                              }
                            ],
                            "photon_persistent_disk": [],
                            "projected": [],
                            "quobyte": [],
                            "rbd": [],
                            "secret": [],
                            "vsphere_volume": []
                          }
                        ]
                      }
                    ]
                  }
                ]
              }
            ],
            "timeouts": null,
            "wait_for_rollout": true
          },
          "sensitive_attributes": [],
          "private": "eyJlMmJmYjczMC1lY2FhLTExZTYtOGY4OC0zNDM2M2JjN2M0YzAiOnsiY3JlYXRlIjo2MDAwMDAwMDAwMDAsImRlbGV0ZSI6NjAwMDAwMDAwMDAwLCJ1cGRhdGUiOjYwMDAwMDAwMDAwMH0sInNjaGVtYV92ZXJzaW9uIjoiMSJ9",
          "dependencies": [
            "module.azure_storage_secret.kubernetes_secret_v1.main",
            "module.azure_storage_secret.random_pet.main",
            "module.hugging_face_secret.kubernetes_secret_v1.main",
            "module.hugging_face_secret.random_pet.main"
          ]
        }
      ]
    },
    {
      "mode": "managed",
      "type": "kubernetes_deployment_v1",
      "name": "vllm_l3_1_sarvam_chat_tool_guard",
      "provider": "provider[\"registry.terraform.io/hashicorp/kubernetes\"]",
      "instances": [
        {
          "schema_version": 1,
          "attributes": {
            "id": "default/vllm-l3-1-sarvam-chat-tool-guard",
            "metadata": [
              {
                "annotations": {},
                "generate_name": "",
                "generation": 1,
                "labels": {
                  "app.kubernetes.io/name": "vllm-l3-1-sarvam-chat-tool-guard",
                  "monitor": "vllm-server"
                },
                "name": "vllm-l3-1-sarvam-chat-tool-guard",
                "namespace": "default",
                "resource_version": "75657362",
                "uid": "ff985383-7f92-4ef9-aafa-71d54961efef"
              }
            ],
            "spec": [
              {
                "min_ready_seconds": 0,
                "paused": false,
                "progress_deadline_seconds": 600,
                "replicas": "1",
                "revision_history_limit": 10,
                "selector": [
                  {
                    "match_expressions": [],
                    "match_labels": {
                      "app.kubernetes.io/name": "vllm-l3-1-sarvam-chat-tool-guard"
                    }
                  }
                ],
                "strategy": [
                  {
                    "rolling_update": [
                      {
                        "max_surge": "4",
                        "max_unavailable": "0"
                      }
                    ],
                    "type": "RollingUpdate"
                  }
                ],
                "template": [
                  {
                    "metadata": [
                      {
                        "annotations": {},
                        "generate_name": "",
                        "generation": 0,
                        "labels": {
                          "app.kubernetes.io/name": "vllm-l3-1-sarvam-chat-tool-guard",
                          "monitor": "vllm-server"
                        },
                        "name": "",
                        "namespace": "",
                        "resource_version": "",
                        "uid": ""
                      }
                    ],
                    "spec": [
                      {
                        "active_deadline_seconds": 0,
                        "affinity": [],
                        "automount_service_account_token": true,
                        "container": [
                          {
                            "args": [],
                            "command": [],
                            "env": [
                              {
                                "name": "HUGGING_FACE_HUB_TOKEN",
                                "value": "",
                                "value_from": [
                                  {
                                    "config_map_key_ref": [],
                                    "field_ref": [],
                                    "resource_field_ref": [],
                                    "secret_key_ref": [
                                      {
                                        "key": "HUGGING_FACE_HUB_TOKEN",
                                        "name": "hugging-face-secret",
                                        "optional": false
                                      }
                                    ]
                                  }
                                ]
                              },
                              {
                                "name": "HF_HOME",
                                "value": "/nfs-mnt/.cache",
                                "value_from": []
                              },
                              {
                                "name": "MODEL1",
                                "value": "sarvam/sarvam_bot_v1_chat",
                                "value_from": []
                              },
                              {
                                "name": "REVISION1",
                                "value": "",
                                "value_from": []
                              },
                              {
                                "name": "PORT1",
                                "value": "8000",
                                "value_from": []
                              },
                              {
                                "name": "GPU_MEM_UTIL1",
                                "value": "0.3",
                                "value_from": []
                              },
                              {
                                "name": "MAX_MODEL_LEN1",
                                "value": "4096",
                                "value_from": []
                              },
                              {
                                "name": "GPU_MEM_UTIL1",
                                "value": "0.3",
                                "value_from": []
                              },
                              {
                                "name": "MODEL2",
                                "value": "sarvam/sarvam_bot_v1_tool",
                                "value_from": []
                              },
                              {
                                "name": "REVISION2",
                                "value": "",
                                "value_from": []
                              },
                              {
                                "name": "PORT2",
                                "value": "8001",
                                "value_from": []
                              },
                              {
                                "name": "GPU_MEM_UTIL2",
                                "value": "0.3",
                                "value_from": []
                              },
                              {
                                "name": "MAX_MODEL_LEN2",
                                "value": "4096",
                                "value_from": []
                              },
                              {
                                "name": "MODEL3",
                                "value": "meta-llama/Llama-Guard-3-8B",
                                "value_from": []
                              },
                              {
                                "name": "REVISION3",
                                "value": "",
                                "value_from": []
                              },
                              {
                                "name": "PORT3",
                                "value": "8002",
                                "value_from": []
                              },
                              {
                                "name": "GPU_MEM_UTIL3",
                                "value": "0.3",
                                "value_from": []
                              },
                              {
                                "name": "MAX_MODEL_LEN3",
                                "value": "4096",
                                "value_from": []
                              }
                            ],
                            "env_from": [],
                            "image": "appsprodacr.azurecr.io/inference/llm/vllm-release:0.5.2.post1.dynlen",
                            "image_pull_policy": "Always",
                            "lifecycle": [],
                            "liveness_probe": [
                              {
                                "exec": [],
                                "failure_threshold": 3,
                                "grpc": [],
                                "http_get": [
                                  {
                                    "host": "",
                                    "http_header": [],
                                    "path": "/health",
                                    "port": "8002",
                                    "scheme": "HTTP"
                                  }
                                ],
                                "initial_delay_seconds": 0,
                                "period_seconds": 30,
                                "success_threshold": 1,
                                "tcp_socket": [],
                                "timeout_seconds": 1
                              }
                            ],
                            "name": "vllm-l3-1-sarvam-chat-container",
                            "port": [
                              {
                                "container_port": 8000,
                                "host_ip": "",
                                "host_port": 0,
                                "name": "model1-port",
                                "protocol": "TCP"
                              },
                              {
                                "container_port": 8001,
                                "host_ip": "",
                                "host_port": 0,
                                "name": "model2-port",
                                "protocol": "TCP"
                              },
                              {
                                "container_port": 8002,
                                "host_ip": "",
                                "host_port": 0,
                                "name": "model3-port",
                                "protocol": "TCP"
                              }
                            ],
                            "readiness_probe": [
                              {
                                "exec": [],
                                "failure_threshold": 3,
                                "grpc": [],
                                "http_get": [
                                  {
                                    "host": "",
                                    "http_header": [],
                                    "path": "/health",
                                    "port": "8002",
                                    "scheme": "HTTP"
                                  }
                                ],
                                "initial_delay_seconds": 0,
                                "period_seconds": 30,
                                "success_threshold": 1,
                                "tcp_socket": [],
                                "timeout_seconds": 1
                              }
                            ],
                            "resources": [
                              {
                                "limits": {
                                  "nvidia.com/gpu": "1"
                                },
                                "requests": {
                                  "cpu": "1",
                                  "memory": "20Gi",
                                  "nvidia.com/gpu": "1"
                                }
                              }
                            ],
                            "security_context": [],
                            "startup_probe": [
                              {
                                "exec": [],
                                "failure_threshold": 300,
                                "grpc": [],
                                "http_get": [
                                  {
                                    "host": "",
                                    "http_header": [],
                                    "path": "/health",
                                    "port": "8002",
                                    "scheme": "HTTP"
                                  }
                                ],
                                "initial_delay_seconds": 0,
                                "period_seconds": 20,
                                "success_threshold": 1,
                                "tcp_socket": [],
                                "timeout_seconds": 1
                              }
                            ],
                            "stdin": false,
                            "stdin_once": false,
                            "termination_message_path": "/dev/termination-log",
                            "termination_message_policy": "File",
                            "tty": false,
                            "volume_mount": [
                              {
                                "mount_path": "/dev/shm",
                                "mount_propagation": "None",
                                "name": "dshm",
                                "read_only": false,
                                "sub_path": ""
                              },
                              {
                                "mount_path": "/nfs-mnt",
                                "mount_propagation": "None",
                                "name": "nfs-volume",
                                "read_only": false,
                                "sub_path": ""
                              }
                            ],
                            "working_dir": ""
                          }
                        ],
                        "dns_config": [],
                        "dns_policy": "ClusterFirst",
                        "enable_service_links": true,
                        "host_aliases": [],
                        "host_ipc": false,
                        "host_network": false,
                        "host_pid": false,
                        "hostname": "",
                        "image_pull_secrets": [],
                        "init_container": [],
                        "node_name": "",
                        "node_selector": {},
                        "os": [],
                        "priority_class_name": "",
                        "readiness_gate": [],
                        "restart_policy": "Always",
                        "runtime_class_name": "",
                        "scheduler_name": "default-scheduler",
                        "security_context": [],
                        "service_account_name": "",
                        "share_process_namespace": false,
                        "subdomain": "",
                        "termination_grace_period_seconds": 30,
                        "toleration": [
                          {
                            "effect": "NoSchedule",
                            "key": "sku",
                            "operator": "Equal",
                            "toleration_seconds": "",
                            "value": "gpu"
                          }
                        ],
                        "topology_spread_constraint": [],
                        "volume": [
                          {
                            "aws_elastic_block_store": [],
                            "azure_disk": [],
                            "azure_file": [],
                            "ceph_fs": [],
                            "cinder": [],
                            "config_map": [],
                            "csi": [],
                            "downward_api": [],
                            "empty_dir": [
                              {
                                "medium": "Memory",
                                "size_limit": "40Gi"
                              }
                            ],
                            "ephemeral": [],
                            "fc": [],
                            "flex_volume": [],
                            "flocker": [],
                            "gce_persistent_disk": [],
                            "git_repo": [],
                            "glusterfs": [],
                            "host_path": [],
                            "iscsi": [],
                            "local": [],
                            "name": "dshm",
                            "nfs": [],
                            "persistent_volume_claim": [],
                            "photon_persistent_disk": [],
                            "projected": [],
                            "quobyte": [],
                            "rbd": [],
                            "secret": [],
                            "vsphere_volume": []
                          },
                          {
                            "aws_elastic_block_store": [],
                            "azure_disk": [],
                            "azure_file": [],
                            "ceph_fs": [],
                            "cinder": [],
                            "config_map": [],
                            "csi": [],
                            "downward_api": [],
                            "empty_dir": [],
                            "ephemeral": [],
                            "fc": [],
                            "flex_volume": [],
                            "flocker": [],
                            "gce_persistent_disk": [],
                            "git_repo": [],
                            "glusterfs": [],
                            "host_path": [],
                            "iscsi": [],
                            "local": [],
                            "name": "nfs-volume",
                            "nfs": [],
                            "persistent_volume_claim": [
                              {
                                "claim_name": "local-storage-pvc",
                                "read_only": false
                              }
                            ],
                            "photon_persistent_disk": [],
                            "projected": [],
                            "quobyte": [],
                            "rbd": [],
                            "secret": [],
                            "vsphere_volume": []
                          }
                        ]
                      }
                    ]
                  }
                ]
              }
            ],
            "timeouts": null,
            "wait_for_rollout": true
          },
          "sensitive_attributes": [],
          "private": "eyJlMmJmYjczMC1lY2FhLTExZTYtOGY4OC0zNDM2M2JjN2M0YzAiOnsiY3JlYXRlIjo2MDAwMDAwMDAwMDAsImRlbGV0ZSI6NjAwMDAwMDAwMDAwLCJ1cGRhdGUiOjYwMDAwMDAwMDAwMH0sInNjaGVtYV92ZXJzaW9uIjoiMSJ9",
          "dependencies": [
            "module.azure_storage_secret.kubernetes_secret_v1.main",
            "module.azure_storage_secret.random_pet.main",
            "module.hugging_face_secret.kubernetes_secret_v1.main",
            "module.hugging_face_secret.random_pet.main"
          ]
        }
      ]
    },
    {
      "mode": "managed",
      "type": "kubernetes_deployment_v1",
      "name": "vllm_l3_translation_new",
      "provider": "provider[\"registry.terraform.io/hashicorp/kubernetes\"]",
      "instances": [
        {
          "schema_version": 1,
          "attributes": {
            "id": "default/vllm-l3-translation-new",
            "metadata": [
              {
                "annotations": {},
                "generate_name": "",
                "generation": 1,
                "labels": {
                  "app.kubernetes.io/name": "vllm-l3-translation-new",
                  "monitor": "vllm-server"
                },
                "name": "vllm-l3-translation-new",
                "namespace": "default",
                "resource_version": "75647677",
                "uid": "4845cbb6-a14f-4294-9da8-5445a2ddcb47"
              }
            ],
            "spec": [
              {
                "min_ready_seconds": 0,
                "paused": false,
                "progress_deadline_seconds": 600,
                "replicas": "1",
                "revision_history_limit": 10,
                "selector": [
                  {
                    "match_expressions": [],
                    "match_labels": {
                      "app.kubernetes.io/name": "vllm-l3-translation-new"
                    }
                  }
                ],
                "strategy": [
                  {
                    "rolling_update": [
                      {
                        "max_surge": "4",
                        "max_unavailable": "0"
                      }
                    ],
                    "type": "RollingUpdate"
                  }
                ],
                "template": [
                  {
                    "metadata": [
                      {
                        "annotations": {},
                        "generate_name": "",
                        "generation": 0,
                        "labels": {
                          "app.kubernetes.io/name": "vllm-l3-translation-new",
                          "monitor": "vllm-server"
                        },
                        "name": "",
                        "namespace": "",
                        "resource_version": "",
                        "uid": ""
                      }
                    ],
                    "spec": [
                      {
                        "active_deadline_seconds": 0,
                        "affinity": [],
                        "automount_service_account_token": true,
                        "container": [
                          {
                            "args": [],
                            "command": [],
                            "env": [
                              {
                                "name": "HUGGING_FACE_HUB_TOKEN",
                                "value": "",
                                "value_from": [
                                  {
                                    "config_map_key_ref": [],
                                    "field_ref": [],
                                    "resource_field_ref": [],
                                    "secret_key_ref": [
                                      {
                                        "key": "HUGGING_FACE_HUB_TOKEN",
                                        "name": "hugging-face-secret",
                                        "optional": false
                                      }
                                    ]
                                  }
                                ]
                              },
                              {
                                "name": "HF_HOME",
                                "value": "/nfs-mnt/.cache",
                                "value_from": []
                              },
                              {
                                "name": "MODEL1",
                                "value": "sarvam/translation-eng-2-code-mixed-indic",
                                "value_from": []
                              },
                              {
                                "name": "REVISION1",
                                "value": "v3.1",
                                "value_from": []
                              },
                              {
                                "name": "PORT1",
                                "value": "8000",
                                "value_from": []
                              },
                              {
                                "name": "GPU_MEM_UTIL1",
                                "value": "0.3",
                                "value_from": []
                              },
                              {
                                "name": "MODEL2",
                                "value": "sarvam/translation-eng-2-formal-indic-2",
                                "value_from": []
                              },
                              {
                                "name": "REVISION2",
                                "value": "",
                                "value_from": []
                              },
                              {
                                "name": "PORT2",
                                "value": "8001",
                                "value_from": []
                              },
                              {
                                "name": "GPU_MEM_UTIL2",
                                "value": "0.3",
                                "value_from": []
                              },
                              {
                                "name": "MODEL3",
                                "value": "sarvam/transliteration-pre-tts-eng-2-indic",
                                "value_from": []
                              },
                              {
                                "name": "REVISION3",
                                "value": "v3.1",
                                "value_from": []
                              },
                              {
                                "name": "GPU_MEM_UTIL3",
                                "value": "0.3",
                                "value_from": []
                              },
                              {
                                "name": "PORT3",
                                "value": "8002",
                                "value_from": []
                              }
                            ],
                            "env_from": [],
                            "image": "v2vcrh100.azurecr.io/inference/llm/vllm-release:v0.5.2.post1",
                            "image_pull_policy": "Always",
                            "lifecycle": [],
                            "liveness_probe": [
                              {
                                "exec": [],
                                "failure_threshold": 3,
                                "grpc": [],
                                "http_get": [
                                  {
                                    "host": "",
                                    "http_header": [],
                                    "path": "/health",
                                    "port": "8002",
                                    "scheme": "HTTP"
                                  }
                                ],
                                "initial_delay_seconds": 0,
                                "period_seconds": 30,
                                "success_threshold": 1,
                                "tcp_socket": [],
                                "timeout_seconds": 1
                              }
                            ],
                            "name": "vllm-l3-translation-new-container",
                            "port": [
                              {
                                "container_port": 8000,
                                "host_ip": "",
                                "host_port": 0,
                                "name": "model1-port",
                                "protocol": "TCP"
                              },
                              {
                                "container_port": 8001,
                                "host_ip": "",
                                "host_port": 0,
                                "name": "model2-port",
                                "protocol": "TCP"
                              },
                              {
                                "container_port": 8002,
                                "host_ip": "",
                                "host_port": 0,
                                "name": "model3-port",
                                "protocol": "TCP"
                              }
                            ],
                            "readiness_probe": [
                              {
                                "exec": [],
                                "failure_threshold": 3,
                                "grpc": [],
                                "http_get": [
                                  {
                                    "host": "",
                                    "http_header": [],
                                    "path": "/health",
                                    "port": "8002",
                                    "scheme": "HTTP"
                                  }
                                ],
                                "initial_delay_seconds": 0,
                                "period_seconds": 30,
                                "success_threshold": 1,
                                "tcp_socket": [],
                                "timeout_seconds": 1
                              }
                            ],
                            "resources": [
                              {
                                "limits": {
                                  "nvidia.com/gpu": "1"
                                },
                                "requests": {
                                  "cpu": "1",
                                  "memory": "20Gi",
                                  "nvidia.com/gpu": "1"
                                }
                              }
                            ],
                            "security_context": [],
                            "startup_probe": [
                              {
                                "exec": [],
                                "failure_threshold": 300,
                                "grpc": [],
                                "http_get": [
                                  {
                                    "host": "",
                                    "http_header": [],
                                    "path": "/health",
                                    "port": "8002",
                                    "scheme": "HTTP"
                                  }
                                ],
                                "initial_delay_seconds": 0,
                                "period_seconds": 20,
                                "success_threshold": 1,
                                "tcp_socket": [],
                                "timeout_seconds": 1
                              }
                            ],
                            "stdin": false,
                            "stdin_once": false,
                            "termination_message_path": "/dev/termination-log",
                            "termination_message_policy": "File",
                            "tty": false,
                            "volume_mount": [
                              {
                                "mount_path": "/dev/shm",
                                "mount_propagation": "None",
                                "name": "dshm",
                                "read_only": false,
                                "sub_path": ""
                              },
                              {
                                "mount_path": "/nfs-mnt",
                                "mount_propagation": "None",
                                "name": "nfs-volume",
                                "read_only": false,
                                "sub_path": ""
                              }
                            ],
                            "working_dir": ""
                          }
                        ],
                        "dns_config": [],
                        "dns_policy": "ClusterFirst",
                        "enable_service_links": true,
                        "host_aliases": [],
                        "host_ipc": false,
                        "host_network": false,
                        "host_pid": false,
                        "hostname": "",
                        "image_pull_secrets": [],
                        "init_container": [],
                        "node_name": "",
                        "node_selector": {},
                        "os": [],
                        "priority_class_name": "",
                        "readiness_gate": [],
                        "restart_policy": "Always",
                        "runtime_class_name": "",
                        "scheduler_name": "default-scheduler",
                        "security_context": [],
                        "service_account_name": "",
                        "share_process_namespace": false,
                        "subdomain": "",
                        "termination_grace_period_seconds": 30,
                        "toleration": [
                          {
                            "effect": "NoSchedule",
                            "key": "sku",
                            "operator": "Equal",
                            "toleration_seconds": "",
                            "value": "gpu"
                          }
                        ],
                        "topology_spread_constraint": [],
                        "volume": [
                          {
                            "aws_elastic_block_store": [],
                            "azure_disk": [],
                            "azure_file": [],
                            "ceph_fs": [],
                            "cinder": [],
                            "config_map": [],
                            "csi": [],
                            "downward_api": [],
                            "empty_dir": [
                              {
                                "medium": "Memory",
                                "size_limit": "40Gi"
                              }
                            ],
                            "ephemeral": [],
                            "fc": [],
                            "flex_volume": [],
                            "flocker": [],
                            "gce_persistent_disk": [],
                            "git_repo": [],
                            "glusterfs": [],
                            "host_path": [],
                            "iscsi": [],
                            "local": [],
                            "name": "dshm",
                            "nfs": [],
                            "persistent_volume_claim": [],
                            "photon_persistent_disk": [],
                            "projected": [],
                            "quobyte": [],
                            "rbd": [],
                            "secret": [],
                            "vsphere_volume": []
                          },
                          {
                            "aws_elastic_block_store": [],
                            "azure_disk": [],
                            "azure_file": [],
                            "ceph_fs": [],
                            "cinder": [],
                            "config_map": [],
                            "csi": [],
                            "downward_api": [],
                            "empty_dir": [],
                            "ephemeral": [],
                            "fc": [],
                            "flex_volume": [],
                            "flocker": [],
                            "gce_persistent_disk": [],
                            "git_repo": [],
                            "glusterfs": [],
                            "host_path": [],
                            "iscsi": [],
                            "local": [],
                            "name": "nfs-volume",
                            "nfs": [],
                            "persistent_volume_claim": [
                              {
                                "claim_name": "local-storage-pvc",
                                "read_only": false
                              }
                            ],
                            "photon_persistent_disk": [],
                            "projected": [],
                            "quobyte": [],
                            "rbd": [],
                            "secret": [],
                            "vsphere_volume": []
                          }
                        ]
                      }
                    ]
                  }
                ]
              }
            ],
            "timeouts": null,
            "wait_for_rollout": true
          },
          "sensitive_attributes": [],
          "private": "eyJlMmJmYjczMC1lY2FhLTExZTYtOGY4OC0zNDM2M2JjN2M0YzAiOnsiY3JlYXRlIjo2MDAwMDAwMDAwMDAsImRlbGV0ZSI6NjAwMDAwMDAwMDAwLCJ1cGRhdGUiOjYwMDAwMDAwMDAwMH0sInNjaGVtYV92ZXJzaW9uIjoiMSJ9",
          "dependencies": [
            "module.azure_storage_secret.kubernetes_secret_v1.main",
            "module.azure_storage_secret.random_pet.main",
            "module.hugging_face_secret.kubernetes_secret_v1.main",
            "module.hugging_face_secret.random_pet.main"
          ]
        }
      ]
    },
    {
      "mode": "managed",
      "type": "kubernetes_service_v1",
      "name": "nim_llama3_1_8b_service",
      "provider": "provider[\"registry.terraform.io/hashicorp/kubernetes\"]",
      "instances": [
        {
          "schema_version": 1,
          "attributes": {
            "id": "default/nim-llama3-1-8b-service",
            "metadata": [
              {
                "annotations": {},
                "generate_name": "",
                "generation": 0,
                "labels": {
                  "app.kubernetes.io/name": "nim-llama3-1-8b"
                },
                "name": "nim-llama3-1-8b-service",
                "namespace": "default",
                "resource_version": "77896524",
                "uid": "f3fd9d5a-4307-4d10-afa6-53b89a410ca2"
              }
            ],
            "spec": [
              {
                "allocate_load_balancer_node_ports": true,
                "cluster_ip": "10.0.137.64",
                "cluster_ips": [
                  "10.0.137.64"
                ],
                "external_ips": [],
                "external_name": "",
                "external_traffic_policy": "",
                "health_check_node_port": 0,
                "internal_traffic_policy": "Cluster",
                "ip_families": [
                  "IPv4"
                ],
                "ip_family_policy": "SingleStack",
                "load_balancer_class": "",
                "load_balancer_ip": "",
                "load_balancer_source_ranges": [],
                "port": [
                  {
                    "app_protocol": "",
                    "name": "model1-port",
                    "node_port": 0,
                    "port": 8000,
                    "protocol": "TCP",
                    "target_port": "8000"
                  },
                  {
                    "app_protocol": "",
                    "name": "model2-port",
                    "node_port": 0,
                    "port": 8002,
                    "protocol": "TCP",
                    "target_port": "8002"
                  }
                ],
                "publish_not_ready_addresses": false,
                "selector": {
                  "app.kubernetes.io/name": "nim-llama3-1-8b"
                },
                "session_affinity": "None",
                "session_affinity_config": [],
                "type": "ClusterIP"
              }
            ],
            "status": [
              {
                "load_balancer": [
                  {
                    "ingress": []
                  }
                ]
              }
            ],
            "timeouts": null,
            "wait_for_load_balancer": true
          },
          "sensitive_attributes": [],
          "private": "eyJlMmJmYjczMC1lY2FhLTExZTYtOGY4OC0zNDM2M2JjN2M0YzAiOnsiY3JlYXRlIjo2MDAwMDAwMDAwMDB9LCJzY2hlbWFfdmVyc2lvbiI6IjEifQ=="
        }
      ]
    },
    {
      "mode": "managed",
      "type": "kubernetes_service_v1",
      "name": "speech_whisper_batched_service",
      "provider": "provider[\"registry.terraform.io/hashicorp/kubernetes\"]",
      "instances": [
        {
          "schema_version": 1,
          "attributes": {
            "id": "default/speech-whisper-batched-service",
            "metadata": [
              {
                "annotations": {},
                "generate_name": "",
                "generation": 0,
                "labels": {
                  "app.kubernetes.io/name": "speech-whisper-batched"
                },
                "name": "speech-whisper-batched-service",
                "namespace": "default",
                "resource_version": "76753917",
                "uid": "90ced512-a928-42e3-baca-a7ea91c78079"
              }
            ],
            "spec": [
              {
                "allocate_load_balancer_node_ports": true,
                "cluster_ip": "10.0.112.222",
                "cluster_ips": [
                  "10.0.112.222"
                ],
                "external_ips": [],
                "external_name": "",
                "external_traffic_policy": "Cluster",
                "health_check_node_port": 0,
                "internal_traffic_policy": "Cluster",
                "ip_families": [
                  "IPv4"
                ],
                "ip_family_policy": "SingleStack",
                "load_balancer_class": "",
                "load_balancer_ip": "",
                "load_balancer_source_ranges": [],
                "port": [
                  {
                    "app_protocol": "",
                    "name": "health-port",
                    "node_port": 30854,
                    "port": 8000,
                    "protocol": "TCP",
                    "target_port": "8000"
                  },
                  {
                    "app_protocol": "",
                    "name": "metrics-port",
                    "node_port": 31686,
                    "port": 8002,
                    "protocol": "TCP",
                    "target_port": "8002"
                  }
                ],
                "publish_not_ready_addresses": false,
                "selector": {
                  "app.kubernetes.io/name": "speech-whisper-batched"
                },
                "session_affinity": "None",
                "session_affinity_config": [],
                "type": "LoadBalancer"
              }
            ],
            "status": [
              {
                "load_balancer": [
                  {
                    "ingress": [
                      {
                        "hostname": "",
                        "ip": "172.212.34.51"
                      }
                    ]
                  }
                ]
              }
            ],
            "timeouts": null,
            "wait_for_load_balancer": true
          },
          "sensitive_attributes": [],
          "private": "eyJlMmJmYjczMC1lY2FhLTExZTYtOGY4OC0zNDM2M2JjN2M0YzAiOnsiY3JlYXRlIjo2MDAwMDAwMDAwMDB9LCJzY2hlbWFfdmVyc2lvbiI6IjEifQ=="
        }
      ]
    },
    {
      "mode": "managed",
      "type": "kubernetes_service_v1",
      "name": "vllm_l3_1_sarvam_chat_tool_guard_service",
      "provider": "provider[\"registry.terraform.io/hashicorp/kubernetes\"]",
      "instances": [
        {
          "schema_version": 1,
          "attributes": {
            "id": "default/vllm-l3-1-sarvam-chat-tool-guard-service",
            "metadata": [
              {
                "annotations": {},
                "generate_name": "",
                "generation": 0,
                "labels": {
                  "app.kubernetes.io/name": "vllm-l3-1-sarvam-chat-tool-guard"
                },
                "name": "vllm-l3-1-sarvam-chat-tool-guard-service",
                "namespace": "default",
                "resource_version": "75648512",
                "uid": "4f2a616a-9d4c-453a-968a-8a781c90c38e"
              }
            ],
            "spec": [
              {
                "allocate_load_balancer_node_ports": true,
                "cluster_ip": "10.0.57.167",
                "cluster_ips": [
                  "10.0.57.167"
                ],
                "external_ips": [],
                "external_name": "",
                "external_traffic_policy": "",
                "health_check_node_port": 0,
                "internal_traffic_policy": "Cluster",
                "ip_families": [
                  "IPv4"
                ],
                "ip_family_policy": "SingleStack",
                "load_balancer_class": "",
                "load_balancer_ip": "",
                "load_balancer_source_ranges": [],
                "port": [
                  {
                    "app_protocol": "",
                    "name": "model1-port",
                    "node_port": 0,
                    "port": 8000,
                    "protocol": "TCP",
                    "target_port": "8000"
                  },
                  {
                    "app_protocol": "",
                    "name": "model2-port",
                    "node_port": 0,
                    "port": 8001,
                    "protocol": "TCP",
                    "target_port": "8001"
                  },
                  {
                    "app_protocol": "",
                    "name": "model3-port",
                    "node_port": 0,
                    "port": 8002,
                    "protocol": "TCP",
                    "target_port": "8002"
                  }
                ],
                "publish_not_ready_addresses": false,
                "selector": {
                  "app.kubernetes.io/name": "vllm-l3-1-sarvam-chat-tool-guard"
                },
                "session_affinity": "None",
                "session_affinity_config": [],
                "type": "ClusterIP"
              }
            ],
            "status": [
              {
                "load_balancer": [
                  {
                    "ingress": []
                  }
                ]
              }
            ],
            "timeouts": null,
            "wait_for_load_balancer": true
          },
          "sensitive_attributes": [],
          "private": "eyJlMmJmYjczMC1lY2FhLTExZTYtOGY4OC0zNDM2M2JjN2M0YzAiOnsiY3JlYXRlIjo2MDAwMDAwMDAwMDB9LCJzY2hlbWFfdmVyc2lvbiI6IjEifQ=="
        }
      ]
    },
    {
      "mode": "managed",
      "type": "kubernetes_service_v1",
      "name": "vllm_l3_translation_new",
      "provider": "provider[\"registry.terraform.io/hashicorp/kubernetes\"]",
      "instances": [
        {
          "schema_version": 1,
          "attributes": {
            "id": "default/vllm-l3-translation-new-service",
            "metadata": [
              {
                "annotations": {},
                "generate_name": "",
                "generation": 0,
                "labels": {
                  "app.kubernetes.io/name": "vllm-l3-translation-new"
                },
                "name": "vllm-l3-translation-new-service",
                "namespace": "default",
                "resource_version": "76386385",
                "uid": "505e2ca3-a6d7-46d2-a38e-4dfc60f22e8a"
              }
            ],
            "spec": [
              {
                "allocate_load_balancer_node_ports": true,
                "cluster_ip": "10.0.144.141",
                "cluster_ips": [
                  "10.0.144.141"
                ],
                "external_ips": [],
                "external_name": "",
                "external_traffic_policy": "Cluster",
                "health_check_node_port": 0,
                "internal_traffic_policy": "Cluster",
                "ip_families": [
                  "IPv4"
                ],
                "ip_family_policy": "SingleStack",
                "load_balancer_class": "",
                "load_balancer_ip": "",
                "load_balancer_source_ranges": [],
                "port": [
                  {
                    "app_protocol": "",
                    "name": "model1-port",
                    "node_port": 32571,
                    "port": 8000,
                    "protocol": "TCP",
                    "target_port": "8000"
                  },
                  {
                    "app_protocol": "",
                    "name": "model2-port",
                    "node_port": 31814,
                    "port": 8001,
                    "protocol": "TCP",
                    "target_port": "8001"
                  },
                  {
                    "app_protocol": "",
                    "name": "model3-port",
                    "node_port": 32569,
                    "port": 8002,
                    "protocol": "TCP",
                    "target_port": "8002"
                  }
                ],
                "publish_not_ready_addresses": false,
                "selector": {
                  "app.kubernetes.io/name": "vllm-l3-translation-new"
                },
                "session_affinity": "None",
                "session_affinity_config": [],
                "type": "LoadBalancer"
              }
            ],
            "status": [
              {
                "load_balancer": [
                  {
                    "ingress": [
                      {
                        "hostname": "",
                        "ip": "51.8.220.169"
                      }
                    ]
                  }
                ]
              }
            ],
            "timeouts": null,
            "wait_for_load_balancer": true
          },
          "sensitive_attributes": [],
          "private": "eyJlMmJmYjczMC1lY2FhLTExZTYtOGY4OC0zNDM2M2JjN2M0YzAiOnsiY3JlYXRlIjo2MDAwMDAwMDAwMDB9LCJzY2hlbWFfdmVyc2lvbiI6IjEifQ=="
        }
      ]
    },
    {
      "module": "module.azure_storage_secret",
      "mode": "managed",
      "type": "kubernetes_secret_v1",
      "name": "main",
      "provider": "provider[\"registry.terraform.io/hashicorp/kubernetes\"]",
      "instances": [
        {
          "index_key": "default",
          "schema_version": 0,
          "attributes": {
            "binary_data": null,
            "data": {
              "AZURE_CLIENT_ID": "d3217e32-9d02-4d3a-aef4-5c433ce9527e",
              "AZURE_CLIENT_SECRET": "kol8Q~JFCLZVl_cavim4YlNrEcSD7oQm96K2TdCr",
              "AZURE_TENANT_ID": "d1338f9b-2c29-4ab4-b3f2-ffd01533d16f"
            },
            "id": "default/azure-storage-secret",
            "immutable": false,
            "metadata": [
              {
                "annotations": {},
                "generate_name": "",
                "generation": 0,
                "labels": {},
                "name": "azure-storage-secret",
                "namespace": "default",
                "resource_version": "75904579",
                "uid": "3b8362a2-1810-45f1-9070-f63640cde8bc"
              }
            ],
            "timeouts": null,
            "type": "Opaque",
            "wait_for_service_account_token": true
          },
          "sensitive_attributes": [
            [
              {
                "type": "get_attr",
                "value": "binary_data"
              }
            ],
            [
              {
                "type": "get_attr",
                "value": "data"
              }
            ]
          ],
          "private": "eyJlMmJmYjczMC1lY2FhLTExZTYtOGY4OC0zNDM2M2JjN2M0YzAiOnsiY3JlYXRlIjo2MDAwMDAwMDAwMH19",
          "dependencies": [
            "module.azure_storage_secret.random_pet.main"
          ]
        }
      ]
    },
    {
      "module": "module.github_access_token",
      "mode": "managed",
      "type": "kubernetes_secret_v1",
      "name": "main",
      "provider": "provider[\"registry.terraform.io/hashicorp/kubernetes\"]",
      "instances": [
        {
          "index_key": "default",
          "schema_version": 0,
          "attributes": {
            "binary_data": null,
            "data": {
              "GITHUB_ACCESS_TOKEN": "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"
            },
            "id": "default/github-access-token",
            "immutable": false,
            "metadata": [
              {
                "annotations": {},
                "generate_name": "",
                "generation": 0,
                "labels": {},
                "name": "github-access-token",
                "namespace": "default",
                "resource_version": "76858373",
                "uid": "ab18710a-39d4-446e-a179-0ed01f915bac"
              }
            ],
            "timeouts": null,
            "type": "Opaque",
            "wait_for_service_account_token": true
          },
          "sensitive_attributes": [
            [
              {
                "type": "get_attr",
                "value": "binary_data"
              }
            ],
            [
              {
                "type": "get_attr",
                "value": "data"
              }
            ]
          ],
          "private": "eyJlMmJmYjczMC1lY2FhLTExZTYtOGY4OC0zNDM2M2JjN2M0YzAiOnsiY3JlYXRlIjo2MDAwMDAwMDAwMH19",
          "dependencies": [
            "module.github_access_token.random_pet.main"
          ]
        }
      ]
    },
    {
      "module": "module.hugging_face_secret",
      "mode": "managed",
      "type": "kubernetes_secret_v1",
      "name": "main",
      "provider": "provider[\"registry.terraform.io/hashicorp/kubernetes\"]",
      "instances": [
        {
          "index_key": "default",
          "schema_version": 0,
          "attributes": {
            "binary_data": null,
            "data": {
              "HUGGING_FACE_HUB_TOKEN": "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"
            },
            "id": "default/hugging-face-secret",
            "immutable": false,
            "metadata": [
              {
                "annotations": {},
                "generate_name": "",
                "generation": 0,
                "labels": {},
                "name": "hugging-face-secret",
                "namespace": "default",
                "resource_version": "75904578",
                "uid": "a3ffe0c4-ebe2-4ad3-aa62-b66dcad943a2"
              }
            ],
            "timeouts": null,
            "type": "Opaque",
            "wait_for_service_account_token": true
          },
          "sensitive_attributes": [
            [
              {
                "type": "get_attr",
                "value": "binary_data"
              }
            ],
            [
              {
                "type": "get_attr",
                "value": "data"
              }
            ]
          ],
          "private": "eyJlMmJmYjczMC1lY2FhLTExZTYtOGY4OC0zNDM2M2JjN2M0YzAiOnsiY3JlYXRlIjo2MDAwMDAwMDAwMH19",
          "dependencies": [
            "module.hugging_face_secret.random_pet.main"
          ]
        }
      ]
    }
  ],
  "check_results": null
}
