{
  "version": 4,
  "terraform_version": "1.9.5",
  "serial": 42,
  "lineage": "3657f5bf-2922-c17a-a147-1e1f64052967",
  "outputs": {},
  "resources": [
    {
      "mode": "managed",
      "type": "helm_release",
      "name": "weaviate",
      "provider": "provider[\"registry.terraform.io/hashicorp/helm\"]",
      "instances": [
        {
          "schema_version": 1,
          "attributes": {
            "atomic": false,
            "chart": "../helm-charts/weaviate/weaviate",
            "cleanup_on_fail": false,
            "create_namespace": false,
            "dependency_update": false,
            "description": null,
            "devel": null,
            "disable_crd_hooks": false,
            "disable_openapi_validation": false,
            "disable_webhooks": false,
            "force_update": false,
            "id": "kb-weaviate",
            "keyring": null,
            "lint": false,
            "manifest": null,
            "max_history": 0,
            "metadata": [
              {
                "app_version": "1.26.3",
                "chart": "weaviate",
                "first_deployed": 1728546646,
                "last_deployed": 1728546646,
                "name": "kb-weaviate",
                "namespace": "default",
                "notes": "",
                "revision": 1,
                "values": "{\"nodeSelector\":{\"type\":\"sarvam\"},\"replicas\":1,\"serviceAccountName\":\"default\",\"tolerations\":[{\"effect\":\"NoSchedule\",\"key\":\"sku\",\"operator\":\"Equal\",\"value\":\"gpu\"}]}",
                "version": "17.2.1"
              }
            ],
            "name": "kb-weaviate",
            "namespace": "default",
            "pass_credentials": false,
            "postrender": [],
            "recreate_pods": true,
            "render_subchart_notes": true,
            "replace": false,
            "repository": null,
            "repository_ca_file": null,
            "repository_cert_file": null,
            "repository_key_file": null,
            "repository_password": null,
            "repository_username": null,
            "reset_values": true,
            "reuse_values": false,
            "set": [],
            "set_list": [],
            "set_sensitive": [],
            "skip_crds": false,
            "status": "deployed",
            "timeout": 300,
            "values": [
              "    nodeSelector:\n      \"type\": \"sarvam\"\n\n    serviceAccountName: default\n    replicas: 1\n    tolerations:\n      - key: \"sku\"\n        operator: \"Equal\"\n        value: \"gpu\"\n        effect: \"NoSchedule\"\n"
            ],
            "verify": false,
            "version": "17.2.1",
            "wait": true,
            "wait_for_jobs": false
          },
          "sensitive_attributes": [
            [
              {
                "type": "get_attr",
                "value": "repository_password"
              }
            ]
          ],
          "private": "eyJzY2hlbWFfdmVyc2lvbiI6IjEifQ=="
        }
      ]
    },
    {
      "module": "module.auth_postgres_db_env",
      "mode": "managed",
      "type": "kubernetes_config_map_v1",
      "name": "main",
      "provider": "provider[\"registry.terraform.io/hashicorp/kubernetes\"]",
      "instances": [
        {
          "index_key": "default",
          "schema_version": 0,
          "attributes": {
            "binary_data": {},
            "data": {
              "DATABASE_HOST": "auth-postgres-service",
              "DATABASE_PORT": "5432",
              "DATABASE_USER": "postgres"
            },
            "id": "default/auth-postgres-db-env",
            "immutable": false,
            "metadata": [
              {
                "annotations": {},
                "generate_name": "",
                "generation": 0,
                "labels": {},
                "name": "auth-postgres-db-env",
                "namespace": "default",
                "resource_version": "94945479",
                "uid": "10ca0caf-42a7-457d-a90a-366a8d58dca8"
              }
            ]
          },
          "sensitive_attributes": [],
          "private": "bnVsbA=="
        }
      ]
    },
    {
      "module": "module.auth_postgres_db_secrets",
      "mode": "managed",
      "type": "kubernetes_secret_v1",
      "name": "main",
      "provider": "provider[\"registry.terraform.io/hashicorp/kubernetes\"]",
      "instances": [
        {
          "index_key": "default",
          "schema_version": 0,
          "attributes": {
            "binary_data": null,
            "data": {
              "DATABASE_PASSWORD": "password"
            },
            "id": "default/auth-postgres-db-secrets",
            "immutable": false,
            "metadata": [
              {
                "annotations": {},
                "generate_name": "",
                "generation": 0,
                "labels": {},
                "name": "auth-postgres-db-secrets",
                "namespace": "default",
                "resource_version": "94945475",
                "uid": "ef4ee794-4b56-45e0-9642-8abd7fc946c6"
              }
            ],
            "timeouts": null,
            "type": "Opaque",
            "wait_for_service_account_token": true
          },
          "sensitive_attributes": [
            [
              {
                "type": "get_attr",
                "value": "binary_data"
              }
            ],
            [
              {
                "type": "get_attr",
                "value": "data"
              }
            ],
            [
              {
                "type": "get_attr",
                "value": "data"
              },
              {
                "type": "index",
                "value": {
                  "value": "DATABASE_PASSWORD",
                  "type": "string"
                }
              }
            ]
          ],
          "private": "eyJlMmJmYjczMC1lY2FhLTExZTYtOGY4OC0zNDM2M2JjN2M0YzAiOnsiY3JlYXRlIjo2MDAwMDAwMDAwMH19",
          "dependencies": [
            "module.auth_postgres_db_secrets.random_pet.main"
          ]
        }
      ]
    },
    {
      "module": "module.auth_service",
      "mode": "managed",
      "type": "kubernetes_deployment_v1",
      "name": "deploy",
      "provider": "provider[\"registry.terraform.io/hashicorp/kubernetes\"]",
      "instances": [
        {
          "schema_version": 1,
          "attributes": {
            "id": "default/auth-service",
            "metadata": [
              {
                "annotations": {},
                "generate_name": "",
                "generation": 6,
                "labels": {
                  "app.kubernetes.io/name": "auth-service"
                },
                "name": "auth-service",
                "namespace": "default",
                "resource_version": "94994661",
                "uid": "aeb9ae0f-457f-4519-9f7c-77770706547d"
              }
            ],
            "spec": [
              {
                "min_ready_seconds": 0,
                "paused": false,
                "progress_deadline_seconds": 600,
                "replicas": "1",
                "revision_history_limit": 10,
                "selector": [
                  {
                    "match_expressions": [],
                    "match_labels": {
                      "app.kubernetes.io/name": "auth-service"
                    }
                  }
                ],
                "strategy": [
                  {
                    "rolling_update": [
                      {
                        "max_surge": "25%",
                        "max_unavailable": "25%"
                      }
                    ],
                    "type": "RollingUpdate"
                  }
                ],
                "template": [
                  {
                    "metadata": [
                      {
                        "annotations": {
                          "kubectl.kubernetes.io/restartedAt": "2024-10-10T13:42:18+05:30"
                        },
                        "generate_name": "",
                        "generation": 0,
                        "labels": {
                          "app.kubernetes.io/name": "auth-service",
                          "azure.workload.identity/use": "true"
                        },
                        "name": "",
                        "namespace": "",
                        "resource_version": "",
                        "uid": ""
                      }
                    ],
                    "spec": [
                      {
                        "active_deadline_seconds": 0,
                        "affinity": [],
                        "automount_service_account_token": true,
                        "container": [
                          {
                            "args": [],
                            "command": [],
                            "env": [
                              {
                                "name": "FIRST_USER_PASSWORD",
                                "value": "",
                                "value_from": [
                                  {
                                    "config_map_key_ref": [],
                                    "field_ref": [],
                                    "resource_field_ref": [],
                                    "secret_key_ref": [
                                      {
                                        "key": "FIRST_USER_PASSWORD",
                                        "name": "auth-service-secrets",
                                        "optional": false
                                      }
                                    ]
                                  }
                                ]
                              },
                              {
                                "name": "TOKEN_JWT_SECRET_ACCESS_KEY",
                                "value": "",
                                "value_from": [
                                  {
                                    "config_map_key_ref": [],
                                    "field_ref": [],
                                    "resource_field_ref": [],
                                    "secret_key_ref": [
                                      {
                                        "key": "TOKEN_JWT_SECRET_ACCESS_KEY",
                                        "name": "auth-shared-secrets",
                                        "optional": false
                                      }
                                    ]
                                  }
                                ]
                              },
                              {
                                "name": "TOKEN_JWT_SECRET_REFRESH_KEY",
                                "value": "",
                                "value_from": [
                                  {
                                    "config_map_key_ref": [],
                                    "field_ref": [],
                                    "resource_field_ref": [],
                                    "secret_key_ref": [
                                      {
                                        "key": "TOKEN_JWT_SECRET_REFRESH_KEY",
                                        "name": "auth-service-secrets",
                                        "optional": false
                                      }
                                    ]
                                  }
                                ]
                              },
                              {
                                "name": "BASE_LOGIN_URL",
                                "value": "http://auth-service/api/auth/form-login",
                                "value_from": []
                              },
                              {
                                "name": "BASE_ROOT_PATH",
                                "value": "/api/auth",
                                "value_from": []
                              },
                              {
                                "name": "DATABASE_NAME",
                                "value": "auth-db",
                                "value_from": []
                              },
                              {
                                "name": "FIRST_USER_CREATE",
                                "value": "true",
                                "value_from": []
                              },
                              {
                                "name": "TOKEN_ACCESS_TOKEN_EXPIRE_MINUTES",
                                "value": "10080",
                                "value_from": []
                              }
                            ],
                            "env_from": [
                              {
                                "config_map_ref": [
                                  {
                                    "name": "auth-postgres-db-env",
                                    "optional": false
                                  }
                                ],
                                "prefix": "",
                                "secret_ref": []
                              },
                              {
                                "config_map_ref": [
                                  {
                                    "name": "observe-env",
                                    "optional": false
                                  }
                                ],
                                "prefix": "",
                                "secret_ref": []
                              },
                              {
                                "config_map_ref": [],
                                "prefix": "",
                                "secret_ref": [
                                  {
                                    "name": "auth-postgres-db-secrets",
                                    "optional": false
                                  }
                                ]
                              }
                            ],
                            "image": "uidaimodels.azurecr.io/auth-service:v0.2.2",
                            "image_pull_policy": "IfNotPresent",
                            "lifecycle": [
                              {
                                "post_start": [],
                                "pre_stop": [
                                  {
                                    "exec": [
                                      {
                                        "command": [
                                          "sleep",
                                          "80"
                                        ]
                                      }
                                    ],
                                    "http_get": [],
                                    "tcp_socket": []
                                  }
                                ]
                              }
                            ],
                            "liveness_probe": [],
                            "name": "auth-service",
                            "port": [
                              {
                                "container_port": 8080,
                                "host_ip": "",
                                "host_port": 0,
                                "name": "",
                                "protocol": "TCP"
                              }
                            ],
                            "readiness_probe": [],
                            "resources": [
                              {
                                "limits": {},
                                "requests": {
                                  "cpu": "100m",
                                  "memory": "1Gi"
                                }
                              }
                            ],
                            "security_context": [],
                            "startup_probe": [],
                            "stdin": false,
                            "stdin_once": false,
                            "termination_message_path": "/dev/termination-log",
                            "termination_message_policy": "File",
                            "tty": false,
                            "volume_device": [],
                            "volume_mount": [],
                            "working_dir": ""
                          }
                        ],
                        "dns_config": [],
                        "dns_policy": "ClusterFirst",
                        "enable_service_links": true,
                        "host_aliases": [],
                        "host_ipc": false,
                        "host_network": false,
                        "host_pid": false,
                        "hostname": "",
                        "image_pull_secrets": [],
                        "init_container": [],
                        "node_name": "",
                        "node_selector": {
                          "type": "sarvam"
                        },
                        "os": [],
                        "priority_class_name": "",
                        "readiness_gate": [],
                        "restart_policy": "Always",
                        "runtime_class_name": "",
                        "scheduler_name": "default-scheduler",
                        "security_context": [],
                        "service_account_name": "default",
                        "share_process_namespace": false,
                        "subdomain": "",
                        "termination_grace_period_seconds": 90,
                        "toleration": [
                          {
                            "effect": "NoSchedule",
                            "key": "sku",
                            "operator": "Equal",
                            "toleration_seconds": "",
                            "value": "gpu"
                          }
                        ],
                        "topology_spread_constraint": [],
                        "volume": []
                      }
                    ]
                  }
                ]
              }
            ],
            "timeouts": null,
            "wait_for_rollout": true
          },
          "sensitive_attributes": [],
          "private": "eyJlMmJmYjczMC1lY2FhLTExZTYtOGY4OC0zNDM2M2JjN2M0YzAiOnsiY3JlYXRlIjo2MDAwMDAwMDAwMDAsImRlbGV0ZSI6NjAwMDAwMDAwMDAwLCJ1cGRhdGUiOjYwMDAwMDAwMDAwMH0sInNjaGVtYV92ZXJzaW9uIjoiMSJ9"
        }
      ]
    },
    {
      "module": "module.auth_service",
      "mode": "managed",
      "type": "kubernetes_horizontal_pod_autoscaler_v2",
      "name": "main",
      "provider": "provider[\"registry.terraform.io/hashicorp/kubernetes\"]",
      "instances": [
        {
          "index_key": "1",
          "schema_version": 0,
          "attributes": {
            "id": "default/auth-service-hpa",
            "metadata": [
              {
                "annotations": {},
                "generate_name": "",
                "generation": 0,
                "labels": {},
                "name": "auth-service-hpa",
                "namespace": "default",
                "resource_version": "97412580",
                "uid": "6a9b05b7-be68-4d71-bee3-5e4188d596a9"
              }
            ],
            "spec": [
              {
                "behavior": [
                  {
                    "scale_down": [
                      {
                        "policy": [
                          {
                            "period_seconds": 15,
                            "type": "Percent",
                            "value": 100
                          }
                        ],
                        "select_policy": "Max",
                        "stabilization_window_seconds": 0
                      }
                    ],
                    "scale_up": [
                      {
                        "policy": [
                          {
                            "period_seconds": 15,
                            "type": "Pods",
                            "value": 4
                          },
                          {
                            "period_seconds": 15,
                            "type": "Percent",
                            "value": 100
                          }
                        ],
                        "select_policy": "Max",
                        "stabilization_window_seconds": 0
                      }
                    ]
                  }
                ],
                "max_replicas": 2,
                "metric": [
                  {
                    "container_resource": [],
                    "external": [],
                    "object": [],
                    "pods": [],
                    "resource": [
                      {
                        "name": "cpu",
                        "target": [
                          {
                            "average_utilization": 70,
                            "average_value": "",
                            "type": "Utilization",
                            "value": ""
                          }
                        ]
                      }
                    ],
                    "type": "Resource"
                  },
                  {
                    "container_resource": [],
                    "external": [],
                    "object": [],
                    "pods": [],
                    "resource": [
                      {
                        "name": "memory",
                        "target": [
                          {
                            "average_utilization": 70,
                            "average_value": "",
                            "type": "Utilization",
                            "value": ""
                          }
                        ]
                      }
                    ],
                    "type": "Resource"
                  }
                ],
                "min_replicas": 1,
                "scale_target_ref": [
                  {
                    "api_version": "apps/v1",
                    "kind": "Deployment",
                    "name": "auth-service"
                  }
                ],
                "target_cpu_utilization_percentage": 0
              }
            ]
          },
          "sensitive_attributes": [],
          "private": "bnVsbA==",
          "dependencies": [
            "module.auth_service.kubernetes_deployment_v1.deploy"
          ]
        }
      ]
    },
    {
      "module": "module.auth_service",
      "mode": "managed",
      "type": "kubernetes_service_v1",
      "name": "main",
      "provider": "provider[\"registry.terraform.io/hashicorp/kubernetes\"]",
      "instances": [
        {
          "index_key": "1",
          "schema_version": 1,
          "attributes": {
            "id": "default/auth-service",
            "metadata": [
              {
                "annotations": {},
                "generate_name": "",
                "generation": 0,
                "labels": {},
                "name": "auth-service",
                "namespace": "default",
                "resource_version": "94961518",
                "uid": "c0abfae2-cdbb-4453-a8ef-3b64b6bf4353"
              }
            ],
            "spec": [
              {
                "allocate_load_balancer_node_ports": true,
                "cluster_ip": "10.0.159.213",
                "cluster_ips": [
                  "10.0.159.213"
                ],
                "external_ips": [],
                "external_name": "",
                "external_traffic_policy": "Cluster",
                "health_check_node_port": 0,
                "internal_traffic_policy": "Cluster",
                "ip_families": [
                  "IPv4"
                ],
                "ip_family_policy": "SingleStack",
                "load_balancer_class": "",
                "load_balancer_ip": "",
                "load_balancer_source_ranges": [],
                "port": [
                  {
                    "app_protocol": "",
                    "name": "http",
                    "node_port": 32486,
                    "port": 80,
                    "protocol": "TCP",
                    "target_port": "8080"
                  }
                ],
                "publish_not_ready_addresses": false,
                "selector": {
                  "app.kubernetes.io/name": "auth-service"
                },
                "session_affinity": "None",
                "session_affinity_config": [],
                "type": "LoadBalancer"
              }
            ],
            "status": [
              {
                "load_balancer": [
                  {
                    "ingress": [
                      {
                        "hostname": "",
                        "ip": "51.8.42.52"
                      }
                    ]
                  }
                ]
              }
            ],
            "timeouts": null,
            "wait_for_load_balancer": true
          },
          "sensitive_attributes": [],
          "private": "eyJlMmJmYjczMC1lY2FhLTExZTYtOGY4OC0zNDM2M2JjN2M0YzAiOnsiY3JlYXRlIjo2MDAwMDAwMDAwMDB9LCJzY2hlbWFfdmVyc2lvbiI6IjEifQ=="
        }
      ]
    },
    {
      "module": "module.auth_service_secrets",
      "mode": "managed",
      "type": "kubernetes_secret_v1",
      "name": "main",
      "provider": "provider[\"registry.terraform.io/hashicorp/kubernetes\"]",
      "instances": [
        {
          "index_key": "default",
          "schema_version": 0,
          "attributes": {
            "binary_data": null,
            "data": {
              "FIRST_USER_PASSWORD": "smashing-raptor",
              "TOKEN_JWT_SECRET_REFRESH_KEY": "notable-rodent"
            },
            "id": "default/auth-service-secrets",
            "immutable": false,
            "metadata": [
              {
                "annotations": {},
                "generate_name": "",
                "generation": 0,
                "labels": {},
                "name": "auth-service-secrets",
                "namespace": "default",
                "resource_version": "94945498",
                "uid": "d4dd4518-d673-4dbb-a6f8-b1ee33fb7629"
              }
            ],
            "timeouts": null,
            "type": "Opaque",
            "wait_for_service_account_token": true
          },
          "sensitive_attributes": [
            [
              {
                "type": "get_attr",
                "value": "binary_data"
              }
            ],
            [
              {
                "type": "get_attr",
                "value": "data"
              }
            ]
          ],
          "private": "eyJlMmJmYjczMC1lY2FhLTExZTYtOGY4OC0zNDM2M2JjN2M0YzAiOnsiY3JlYXRlIjo2MDAwMDAwMDAwMH19",
          "dependencies": [
            "module.auth_service_secrets.random_pet.main"
          ]
        }
      ]
    },
    {
      "module": "module.auth_service_secrets",
      "mode": "managed",
      "type": "random_pet",
      "name": "main",
      "provider": "provider[\"registry.terraform.io/hashicorp/random\"]",
      "instances": [
        {
          "index_key": "FIRST_USER_PASSWORD",
          "schema_version": 0,
          "attributes": {
            "id": "smashing-raptor",
            "keepers": null,
            "length": 2,
            "prefix": null,
            "separator": "-"
          },
          "sensitive_attributes": []
        },
        {
          "index_key": "TOKEN_JWT_SECRET_REFRESH_KEY",
          "schema_version": 0,
          "attributes": {
            "id": "notable-rodent",
            "keepers": null,
            "length": 2,
            "prefix": null,
            "separator": "-"
          },
          "sensitive_attributes": []
        }
      ]
    },
    {
      "module": "module.auth_shared_secrets",
      "mode": "managed",
      "type": "kubernetes_secret_v1",
      "name": "main",
      "provider": "provider[\"registry.terraform.io/hashicorp/kubernetes\"]",
      "instances": [
        {
          "index_key": "default",
          "schema_version": 0,
          "attributes": {
            "binary_data": null,
            "data": {
              "TOKEN_JWT_SECRET_ACCESS_KEY": "welcomed-mallard"
            },
            "id": "default/auth-shared-secrets",
            "immutable": false,
            "metadata": [
              {
                "annotations": {},
                "generate_name": "",
                "generation": 0,
                "labels": {},
                "name": "auth-shared-secrets",
                "namespace": "default",
                "resource_version": "94945497",
                "uid": "af19b93f-a76d-41f6-a1e3-cab33088f135"
              }
            ],
            "timeouts": null,
            "type": "Opaque",
            "wait_for_service_account_token": true
          },
          "sensitive_attributes": [
            [
              {
                "type": "get_attr",
                "value": "binary_data"
              }
            ],
            [
              {
                "type": "get_attr",
                "value": "data"
              }
            ]
          ],
          "private": "eyJlMmJmYjczMC1lY2FhLTExZTYtOGY4OC0zNDM2M2JjN2M0YzAiOnsiY3JlYXRlIjo2MDAwMDAwMDAwMH19",
          "dependencies": [
            "module.auth_shared_secrets.random_pet.main"
          ]
        }
      ]
    },
    {
      "module": "module.auth_shared_secrets",
      "mode": "managed",
      "type": "random_pet",
      "name": "main",
      "provider": "provider[\"registry.terraform.io/hashicorp/random\"]",
      "instances": [
        {
          "index_key": "TOKEN_JWT_SECRET_ACCESS_KEY",
          "schema_version": 0,
          "attributes": {
            "id": "welcomed-mallard",
            "keepers": null,
            "length": 2,
            "prefix": null,
            "separator": "-"
          },
          "sensitive_attributes": []
        }
      ]
    },
    {
      "module": "module.kb_postgres_db_env",
      "mode": "managed",
      "type": "kubernetes_config_map_v1",
      "name": "main",
      "provider": "provider[\"registry.terraform.io/hashicorp/kubernetes\"]",
      "instances": [
        {
          "index_key": "default",
          "schema_version": 0,
          "attributes": {
            "binary_data": {},
            "data": {
              "DATABASE_HOST": "kb-postgres-service",
              "DATABASE_PORT": "5432",
              "DATABASE_USER": "postgres"
            },
            "id": "default/kb-postgres-db-env",
            "immutable": false,
            "metadata": [
              {
                "annotations": {},
                "generate_name": "",
                "generation": 0,
                "labels": {},
                "name": "kb-postgres-db-env",
                "namespace": "default",
                "resource_version": "94945499",
                "uid": "7c9609fc-1a88-4d62-b674-e11d61a50f28"
              }
            ]
          },
          "sensitive_attributes": [],
          "private": "bnVsbA=="
        }
      ]
    },
    {
      "module": "module.kb_postgres_db_secrets",
      "mode": "managed",
      "type": "kubernetes_secret_v1",
      "name": "main",
      "provider": "provider[\"registry.terraform.io/hashicorp/kubernetes\"]",
      "instances": [
        {
          "index_key": "default",
          "schema_version": 0,
          "attributes": {
            "binary_data": null,
            "data": {
              "DATABASE_PASSWORD": "password"
            },
            "id": "default/kb-postgres-db-secrets",
            "immutable": false,
            "metadata": [
              {
                "annotations": {},
                "generate_name": "",
                "generation": 0,
                "labels": {},
                "name": "kb-postgres-db-secrets",
                "namespace": "default",
                "resource_version": "94945501",
                "uid": "621f7538-4631-4ef3-912b-4ea9171f3ef7"
              }
            ],
            "timeouts": null,
            "type": "Opaque",
            "wait_for_service_account_token": true
          },
          "sensitive_attributes": [
            [
              {
                "type": "get_attr",
                "value": "binary_data"
              }
            ],
            [
              {
                "type": "get_attr",
                "value": "data"
              }
            ],
            [
              {
                "type": "get_attr",
                "value": "data"
              },
              {
                "type": "index",
                "value": {
                  "value": "DATABASE_PASSWORD",
                  "type": "string"
                }
              }
            ]
          ],
          "private": "eyJlMmJmYjczMC1lY2FhLTExZTYtOGY4OC0zNDM2M2JjN2M0YzAiOnsiY3JlYXRlIjo2MDAwMDAwMDAwMH19",
          "dependencies": [
            "module.kb_postgres_db_secrets.random_pet.main"
          ]
        }
      ]
    },
    {
      "module": "module.knowledge_base_authoring_service",
      "mode": "managed",
      "type": "kubernetes_deployment_v1",
      "name": "deploy",
      "provider": "provider[\"registry.terraform.io/hashicorp/kubernetes\"]",
      "instances": [
        {
          "schema_version": 1,
          "attributes": {
            "id": "default/knowledge-base-authoring-service",
            "metadata": [
              {
                "annotations": {},
                "generate_name": "",
                "generation": 4,
                "labels": {
                  "app.kubernetes.io/name": "knowledge-base-authoring-service"
                },
                "name": "knowledge-base-authoring-service",
                "namespace": "default",
                "resource_version": "97413407",
                "uid": "608ece1f-e5e7-4e44-b5e5-a511a2956b9b"
              }
            ],
            "spec": [
              {
                "min_ready_seconds": 0,
                "paused": false,
                "progress_deadline_seconds": 600,
                "replicas": "1",
                "revision_history_limit": 10,
                "selector": [
                  {
                    "match_expressions": [],
                    "match_labels": {
                      "app.kubernetes.io/name": "knowledge-base-authoring-service"
                    }
                  }
                ],
                "strategy": [
                  {
                    "rolling_update": [
                      {
                        "max_surge": "25%",
                        "max_unavailable": "25%"
                      }
                    ],
                    "type": "RollingUpdate"
                  }
                ],
                "template": [
                  {
                    "metadata": [
                      {
                        "annotations": {},
                        "generate_name": "",
                        "generation": 0,
                        "labels": {
                          "app.kubernetes.io/name": "knowledge-base-authoring-service",
                          "azure.workload.identity/use": "true"
                        },
                        "name": "",
                        "namespace": "",
                        "resource_version": "",
                        "uid": ""
                      }
                    ],
                    "spec": [
                      {
                        "active_deadline_seconds": 0,
                        "affinity": [],
                        "automount_service_account_token": true,
                        "container": [
                          {
                            "args": [],
                            "command": [],
                            "env": [
                              {
                                "name": "TOKEN_JWT_SECRET_ACCESS_KEY",
                                "value": "",
                                "value_from": [
                                  {
                                    "config_map_key_ref": [],
                                    "field_ref": [],
                                    "resource_field_ref": [],
                                    "secret_key_ref": [
                                      {
                                        "key": "TOKEN_JWT_SECRET_ACCESS_KEY",
                                        "name": "auth-shared-secrets",
                                        "optional": false
                                      }
                                    ]
                                  }
                                ]
                              },
                              {
                                "name": "HOSTED_EMBEDDING_URL",
                                "value": "",
                                "value_from": [
                                  {
                                    "config_map_key_ref": [
                                      {
                                        "key": "HOSTED_EMBEDDING_URL",
                                        "name": "on-prem-model-urls",
                                        "optional": false
                                      }
                                    ],
                                    "field_ref": [],
                                    "resource_field_ref": [],
                                    "secret_key_ref": []
                                  }
                                ]
                              },
                              {
                                "name": "HOSTED_RERANKING_URL",
                                "value": "",
                                "value_from": [
                                  {
                                    "config_map_key_ref": [
                                      {
                                        "key": "HOSTED_RERANKING_URL",
                                        "name": "on-prem-model-urls",
                                        "optional": false
                                      }
                                    ],
                                    "field_ref": [],
                                    "resource_field_ref": [],
                                    "secret_key_ref": []
                                  }
                                ]
                              },
                              {
                                "name": "WEAVIATE_URL",
                                "value": "",
                                "value_from": [
                                  {
                                    "config_map_key_ref": [
                                      {
                                        "key": "weaviate-url",
                                        "name": "weaviate-env",
                                        "optional": false
                                      }
                                    ],
                                    "field_ref": [],
                                    "resource_field_ref": [],
                                    "secret_key_ref": []
                                  }
                                ]
                              },
                              {
                                "name": "AWS_ACCESS_KEY_ID",
                                "value": "minioadmin",
                                "value_from": []
                              },
                              {
                                "name": "AWS_SECRET_ACCESS_KEY",
                                "value": "minioadmin",
                                "value_from": []
                              },
                              {
                                "name": "BASE_LOGIN_URL",
                                "value": "http://kb-service/api/kb/form-login",
                                "value_from": []
                              },
                              {
                                "name": "BASE_ROOT_PATH",
                                "value": "/api/kb",
                                "value_from": []
                              },
                              {
                                "name": "CELERY_BACKEND_DB",
                                "value": "1",
                                "value_from": []
                              },
                              {
                                "name": "CELERY_BACKEND_URL",
                                "value": "$(REDIS_URL_PREFIX)/$(CELERY_BACKEND_DB)",
                                "value_from": []
                              },
                              {
                                "name": "CELERY_BROKER_DB",
                                "value": "0",
                                "value_from": []
                              },
                              {
                                "name": "CELERY_BROKER_URL",
                                "value": "$(REDIS_URL_PREFIX)/$(CELERY_BROKER_DB)",
                                "value_from": []
                              },
                              {
                                "name": "DATABASE_NAME",
                                "value": "kb-db",
                                "value_from": []
                              },
                              {
                                "name": "HUGGINGFACE_HUB_TOKEN",
                                "value": "",
                                "value_from": []
                              },
                              {
                                "name": "KB_STORAGE_PATH",
                                "value": "https://\u003cceph-storgae-url\u003e/knowledge-base",
                                "value_from": []
                              },
                              {
                                "name": "LOG_LEVEL",
                                "value": "DEBUG",
                                "value_from": []
                              },
                              {
                                "name": "OPENAI_API_KEY",
                                "value": "",
                                "value_from": []
                              }
                            ],
                            "env_from": [
                              {
                                "config_map_ref": [
                                  {
                                    "name": "kb-postgres-db-env",
                                    "optional": false
                                  }
                                ],
                                "prefix": "",
                                "secret_ref": []
                              },
                              {
                                "config_map_ref": [
                                  {
                                    "name": "observe-env",
                                    "optional": false
                                  }
                                ],
                                "prefix": "",
                                "secret_ref": []
                              },
                              {
                                "config_map_ref": [
                                  {
                                    "name": "redis-env",
                                    "optional": false
                                  }
                                ],
                                "prefix": "",
                                "secret_ref": []
                              },
                              {
                                "config_map_ref": [],
                                "prefix": "",
                                "secret_ref": [
                                  {
                                    "name": "kb-postgres-db-secrets",
                                    "optional": false
                                  }
                                ]
                              },
                              {
                                "config_map_ref": [],
                                "prefix": "",
                                "secret_ref": [
                                  {
                                    "name": "redis-secrets",
                                    "optional": false
                                  }
                                ]
                              }
                            ],
                            "image": "uidaimodels.azurecr.io/knowledge-base-service:v0.1.93",
                            "image_pull_policy": "IfNotPresent",
                            "lifecycle": [
                              {
                                "post_start": [],
                                "pre_stop": [
                                  {
                                    "exec": [
                                      {
                                        "command": [
                                          "sleep",
                                          "80"
                                        ]
                                      }
                                    ],
                                    "http_get": [],
                                    "tcp_socket": []
                                  }
                                ]
                              }
                            ],
                            "liveness_probe": [],
                            "name": "knowledge-base-authoring-service",
                            "port": [
                              {
                                "container_port": 8080,
                                "host_ip": "",
                                "host_port": 0,
                                "name": "",
                                "protocol": "TCP"
                              }
                            ],
                            "readiness_probe": [],
                            "resources": [
                              {
                                "limits": {},
                                "requests": {}
                              }
                            ],
                            "security_context": [],
                            "startup_probe": [],
                            "stdin": false,
                            "stdin_once": false,
                            "termination_message_path": "/dev/termination-log",
                            "termination_message_policy": "File",
                            "tty": false,
                            "volume_device": [],
                            "volume_mount": [],
                            "working_dir": ""
                          }
                        ],
                        "dns_config": [],
                        "dns_policy": "ClusterFirst",
                        "enable_service_links": true,
                        "host_aliases": [],
                        "host_ipc": false,
                        "host_network": false,
                        "host_pid": false,
                        "hostname": "",
                        "image_pull_secrets": [],
                        "init_container": [],
                        "node_name": "",
                        "node_selector": {
                          "type": "sarvam"
                        },
                        "os": [],
                        "priority_class_name": "",
                        "readiness_gate": [],
                        "restart_policy": "Always",
                        "runtime_class_name": "",
                        "scheduler_name": "default-scheduler",
                        "security_context": [],
                        "service_account_name": "default",
                        "share_process_namespace": false,
                        "subdomain": "",
                        "termination_grace_period_seconds": 90,
                        "toleration": [
                          {
                            "effect": "NoSchedule",
                            "key": "sku",
                            "operator": "Equal",
                            "toleration_seconds": "",
                            "value": "gpu"
                          }
                        ],
                        "topology_spread_constraint": [],
                        "volume": []
                      }
                    ]
                  }
                ]
              }
            ],
            "timeouts": null,
            "wait_for_rollout": true
          },
          "sensitive_attributes": [],
          "private": "eyJlMmJmYjczMC1lY2FhLTExZTYtOGY4OC0zNDM2M2JjN2M0YzAiOnsiY3JlYXRlIjo2MDAwMDAwMDAwMDAsImRlbGV0ZSI6NjAwMDAwMDAwMDAwLCJ1cGRhdGUiOjYwMDAwMDAwMDAwMH0sInNjaGVtYV92ZXJzaW9uIjoiMSJ9",
          "dependencies": [
            "module.auth_shared_secrets.kubernetes_secret_v1.main",
            "module.auth_shared_secrets.random_pet.main"
          ]
        }
      ]
    },
    {
      "module": "module.knowledge_base_authoring_service",
      "mode": "managed",
      "type": "kubernetes_horizontal_pod_autoscaler_v2",
      "name": "main",
      "provider": "provider[\"registry.terraform.io/hashicorp/kubernetes\"]",
      "instances": [
        {
          "index_key": "1",
          "schema_version": 0,
          "attributes": {
            "id": "default/knowledge-base-authoring-service-hpa",
            "metadata": [
              {
                "annotations": {},
                "generate_name": "",
                "generation": 0,
                "labels": {},
                "name": "knowledge-base-authoring-service-hpa",
                "namespace": "default",
                "resource_version": "97413443",
                "uid": "88098e85-d6cf-4873-8018-67b172e0a314"
              }
            ],
            "spec": [
              {
                "behavior": [
                  {
                    "scale_down": [
                      {
                        "policy": [
                          {
                            "period_seconds": 30,
                            "type": "Pods",
                            "value": 100
                          }
                        ],
                        "select_policy": "Max",
                        "stabilization_window_seconds": 0
                      }
                    ],
                    "scale_up": [
                      {
                        "policy": [
                          {
                            "period_seconds": 30,
                            "type": "Pods",
                            "value": 4
                          }
                        ],
                        "select_policy": "Max",
                        "stabilization_window_seconds": 0
                      }
                    ]
                  }
                ],
                "max_replicas": 3,
                "metric": [
                  {
                    "container_resource": [],
                    "external": [],
                    "object": [],
                    "pods": [],
                    "resource": [
                      {
                        "name": "cpu",
                        "target": [
                          {
                            "average_utilization": 70,
                            "average_value": "",
                            "type": "Utilization",
                            "value": ""
                          }
                        ]
                      }
                    ],
                    "type": "Resource"
                  },
                  {
                    "container_resource": [],
                    "external": [],
                    "object": [],
                    "pods": [],
                    "resource": [
                      {
                        "name": "memory",
                        "target": [
                          {
                            "average_utilization": 70,
                            "average_value": "",
                            "type": "Utilization",
                            "value": ""
                          }
                        ]
                      }
                    ],
                    "type": "Resource"
                  }
                ],
                "min_replicas": 1,
                "scale_target_ref": [
                  {
                    "api_version": "apps/v1",
                    "kind": "Deployment",
                    "name": "knowledge-base-authoring-service"
                  }
                ],
                "target_cpu_utilization_percentage": 0
              }
            ]
          },
          "sensitive_attributes": [],
          "private": "bnVsbA==",
          "dependencies": [
            "module.auth_shared_secrets.kubernetes_secret_v1.main",
            "module.auth_shared_secrets.random_pet.main",
            "module.knowledge_base_authoring_service.kubernetes_deployment_v1.deploy"
          ]
        }
      ]
    },
    {
      "module": "module.knowledge_base_authoring_service",
      "mode": "managed",
      "type": "kubernetes_service_v1",
      "name": "main",
      "provider": "provider[\"registry.terraform.io/hashicorp/kubernetes\"]",
      "instances": [
        {
          "index_key": "1",
          "schema_version": 1,
          "attributes": {
            "id": "default/knowledge-base-authoring-service",
            "metadata": [
              {
                "annotations": {},
                "generate_name": "",
                "generation": 0,
                "labels": {},
                "name": "knowledge-base-authoring-service",
                "namespace": "default",
                "resource_version": "94945508",
                "uid": "28df3e48-8697-4e69-b1a8-13006811b5ef"
              }
            ],
            "spec": [
              {
                "allocate_load_balancer_node_ports": true,
                "cluster_ip": "10.0.227.10",
                "cluster_ips": [
                  "10.0.227.10"
                ],
                "external_ips": [],
                "external_name": "",
                "external_traffic_policy": "",
                "health_check_node_port": 0,
                "internal_traffic_policy": "Cluster",
                "ip_families": [
                  "IPv4"
                ],
                "ip_family_policy": "SingleStack",
                "load_balancer_class": "",
                "load_balancer_ip": "",
                "load_balancer_source_ranges": [],
                "port": [
                  {
                    "app_protocol": "",
                    "name": "http",
                    "node_port": 0,
                    "port": 80,
                    "protocol": "TCP",
                    "target_port": "8080"
                  }
                ],
                "publish_not_ready_addresses": false,
                "selector": {
                  "app.kubernetes.io/name": "knowledge-base-authoring-service"
                },
                "session_affinity": "None",
                "session_affinity_config": [],
                "type": "ClusterIP"
              }
            ],
            "status": [
              {
                "load_balancer": [
                  {
                    "ingress": []
                  }
                ]
              }
            ],
            "timeouts": null,
            "wait_for_load_balancer": true
          },
          "sensitive_attributes": [],
          "private": "eyJlMmJmYjczMC1lY2FhLTExZTYtOGY4OC0zNDM2M2JjN2M0YzAiOnsiY3JlYXRlIjo2MDAwMDAwMDAwMDB9LCJzY2hlbWFfdmVyc2lvbiI6IjEifQ=="
        }
      ]
    },
    {
      "module": "module.knowledge_base_authoring_service_worker",
      "mode": "managed",
      "type": "kubernetes_deployment_v1",
      "name": "deploy",
      "provider": "provider[\"registry.terraform.io/hashicorp/kubernetes\"]",
      "instances": [
        {
          "schema_version": 1,
          "attributes": {
            "id": "default/knowledge-base-service-worker",
            "metadata": [
              {
                "annotations": {},
                "generate_name": "",
                "generation": 4,
                "labels": {
                  "app.kubernetes.io/name": "knowledge-base-service-worker"
                },
                "name": "knowledge-base-service-worker",
                "namespace": "default",
                "resource_version": "97414924",
                "uid": "3b023db7-cffd-4bbe-b0bf-ff6bddd8d9c3"
              }
            ],
            "spec": [
              {
                "min_ready_seconds": 0,
                "paused": false,
                "progress_deadline_seconds": 600,
                "replicas": "1",
                "revision_history_limit": 10,
                "selector": [
                  {
                    "match_expressions": [],
                    "match_labels": {
                      "app.kubernetes.io/name": "knowledge-base-service-worker"
                    }
                  }
                ],
                "strategy": [
                  {
                    "rolling_update": [
                      {
                        "max_surge": "25%",
                        "max_unavailable": "25%"
                      }
                    ],
                    "type": "RollingUpdate"
                  }
                ],
                "template": [
                  {
                    "metadata": [
                      {
                        "annotations": {},
                        "generate_name": "",
                        "generation": 0,
                        "labels": {
                          "app.kubernetes.io/name": "knowledge-base-service-worker",
                          "azure.workload.identity/use": "true"
                        },
                        "name": "",
                        "namespace": "",
                        "resource_version": "",
                        "uid": ""
                      }
                    ],
                    "spec": [
                      {
                        "active_deadline_seconds": 0,
                        "affinity": [],
                        "automount_service_account_token": true,
                        "container": [
                          {
                            "args": [],
                            "command": [],
                            "env": [
                              {
                                "name": "TOKEN_JWT_SECRET_ACCESS_KEY",
                                "value": "",
                                "value_from": [
                                  {
                                    "config_map_key_ref": [],
                                    "field_ref": [],
                                    "resource_field_ref": [],
                                    "secret_key_ref": [
                                      {
                                        "key": "TOKEN_JWT_SECRET_ACCESS_KEY",
                                        "name": "auth-shared-secrets",
                                        "optional": false
                                      }
                                    ]
                                  }
                                ]
                              },
                              {
                                "name": "HOSTED_EMBEDDING_URL",
                                "value": "",
                                "value_from": [
                                  {
                                    "config_map_key_ref": [
                                      {
                                        "key": "HOSTED_EMBEDDING_URL",
                                        "name": "on-prem-model-urls",
                                        "optional": false
                                      }
                                    ],
                                    "field_ref": [],
                                    "resource_field_ref": [],
                                    "secret_key_ref": []
                                  }
                                ]
                              },
                              {
                                "name": "HOSTED_RERANKING_URL",
                                "value": "",
                                "value_from": [
                                  {
                                    "config_map_key_ref": [
                                      {
                                        "key": "HOSTED_RERANKING_URL",
                                        "name": "on-prem-model-urls",
                                        "optional": false
                                      }
                                    ],
                                    "field_ref": [],
                                    "resource_field_ref": [],
                                    "secret_key_ref": []
                                  }
                                ]
                              },
                              {
                                "name": "WEAVIATE_URL",
                                "value": "",
                                "value_from": [
                                  {
                                    "config_map_key_ref": [
                                      {
                                        "key": "weaviate-url",
                                        "name": "weaviate-env",
                                        "optional": false
                                      }
                                    ],
                                    "field_ref": [],
                                    "resource_field_ref": [],
                                    "secret_key_ref": []
                                  }
                                ]
                              },
                              {
                                "name": "AWS_ACCESS_KEY_ID",
                                "value": "minioadmin",
                                "value_from": []
                              },
                              {
                                "name": "AWS_SECRET_ACCESS_KEY",
                                "value": "minioadmin",
                                "value_from": []
                              },
                              {
                                "name": "BASE_LOGIN_URL",
                                "value": "http://kb-service/api/kb/form-login",
                                "value_from": []
                              },
                              {
                                "name": "BASE_ROOT_PATH",
                                "value": "/api/kb",
                                "value_from": []
                              },
                              {
                                "name": "CELERY_BACKEND_DB",
                                "value": "1",
                                "value_from": []
                              },
                              {
                                "name": "CELERY_BACKEND_URL",
                                "value": "$(REDIS_URL_PREFIX)/$(CELERY_BACKEND_DB)",
                                "value_from": []
                              },
                              {
                                "name": "CELERY_BROKER_DB",
                                "value": "0",
                                "value_from": []
                              },
                              {
                                "name": "CELERY_BROKER_URL",
                                "value": "$(REDIS_URL_PREFIX)/$(CELERY_BROKER_DB)",
                                "value_from": []
                              },
                              {
                                "name": "DATABASE_NAME",
                                "value": "kb-db",
                                "value_from": []
                              },
                              {
                                "name": "HUGGINGFACE_HUB_TOKEN",
                                "value": "",
                                "value_from": []
                              },
                              {
                                "name": "KB_STORAGE_PATH",
                                "value": "https://\u003cceph-storgae-url\u003e/knowledge-base",
                                "value_from": []
                              },
                              {
                                "name": "LOG_LEVEL",
                                "value": "DEBUG",
                                "value_from": []
                              },
                              {
                                "name": "OPENAI_API_KEY",
                                "value": "",
                                "value_from": []
                              },
                              {
                                "name": "ROLE",
                                "value": "worker",
                                "value_from": []
                              }
                            ],
                            "env_from": [
                              {
                                "config_map_ref": [
                                  {
                                    "name": "kb-postgres-db-env",
                                    "optional": false
                                  }
                                ],
                                "prefix": "",
                                "secret_ref": []
                              },
                              {
                                "config_map_ref": [
                                  {
                                    "name": "observe-env",
                                    "optional": false
                                  }
                                ],
                                "prefix": "",
                                "secret_ref": []
                              },
                              {
                                "config_map_ref": [
                                  {
                                    "name": "redis-env",
                                    "optional": false
                                  }
                                ],
                                "prefix": "",
                                "secret_ref": []
                              },
                              {
                                "config_map_ref": [],
                                "prefix": "",
                                "secret_ref": [
                                  {
                                    "name": "kb-postgres-db-secrets",
                                    "optional": false
                                  }
                                ]
                              },
                              {
                                "config_map_ref": [],
                                "prefix": "",
                                "secret_ref": [
                                  {
                                    "name": "redis-secrets",
                                    "optional": false
                                  }
                                ]
                              }
                            ],
                            "image": "uidaimodels.azurecr.io/knowledge-base-service:v0.1.93",
                            "image_pull_policy": "IfNotPresent",
                            "lifecycle": [
                              {
                                "post_start": [],
                                "pre_stop": [
                                  {
                                    "exec": [
                                      {
                                        "command": [
                                          "sleep",
                                          "80"
                                        ]
                                      }
                                    ],
                                    "http_get": [],
                                    "tcp_socket": []
                                  }
                                ]
                              }
                            ],
                            "liveness_probe": [],
                            "name": "knowledge-base-service-worker",
                            "port": [],
                            "readiness_probe": [],
                            "resources": [
                              {
                                "limits": {
                                  "cpu": "1",
                                  "memory": "3000Mi"
                                },
                                "requests": {
                                  "cpu": "500m",
                                  "memory": "1500Mi"
                                }
                              }
                            ],
                            "security_context": [],
                            "startup_probe": [],
                            "stdin": false,
                            "stdin_once": false,
                            "termination_message_path": "/dev/termination-log",
                            "termination_message_policy": "File",
                            "tty": false,
                            "volume_device": [],
                            "volume_mount": [],
                            "working_dir": ""
                          }
                        ],
                        "dns_config": [],
                        "dns_policy": "ClusterFirst",
                        "enable_service_links": true,
                        "host_aliases": [],
                        "host_ipc": false,
                        "host_network": false,
                        "host_pid": false,
                        "hostname": "",
                        "image_pull_secrets": [],
                        "init_container": [],
                        "node_name": "",
                        "node_selector": {
                          "type": "sarvam"
                        },
                        "os": [],
                        "priority_class_name": "",
                        "readiness_gate": [],
                        "restart_policy": "Always",
                        "runtime_class_name": "",
                        "scheduler_name": "default-scheduler",
                        "security_context": [],
                        "service_account_name": "default",
                        "share_process_namespace": false,
                        "subdomain": "",
                        "termination_grace_period_seconds": 90,
                        "toleration": [
                          {
                            "effect": "NoSchedule",
                            "key": "sku",
                            "operator": "Equal",
                            "toleration_seconds": "",
                            "value": "gpu"
                          }
                        ],
                        "topology_spread_constraint": [],
                        "volume": []
                      }
                    ]
                  }
                ]
              }
            ],
            "timeouts": null,
            "wait_for_rollout": true
          },
          "sensitive_attributes": [],
          "private": "eyJlMmJmYjczMC1lY2FhLTExZTYtOGY4OC0zNDM2M2JjN2M0YzAiOnsiY3JlYXRlIjo2MDAwMDAwMDAwMDAsImRlbGV0ZSI6NjAwMDAwMDAwMDAwLCJ1cGRhdGUiOjYwMDAwMDAwMDAwMH0sInNjaGVtYV92ZXJzaW9uIjoiMSJ9",
          "dependencies": [
            "module.auth_shared_secrets.kubernetes_secret_v1.main",
            "module.auth_shared_secrets.random_pet.main"
          ]
        }
      ]
    },
    {
      "module": "module.knowledge_base_authoring_service_worker",
      "mode": "managed",
      "type": "kubernetes_horizontal_pod_autoscaler_v2",
      "name": "main",
      "provider": "provider[\"registry.terraform.io/hashicorp/kubernetes\"]",
      "instances": [
        {
          "index_key": "1",
          "schema_version": 0,
          "attributes": {
            "id": "default/knowledge-base-service-worker-hpa",
            "metadata": [
              {
                "annotations": {},
                "generate_name": "",
                "generation": 0,
                "labels": {},
                "name": "knowledge-base-service-worker-hpa",
                "namespace": "default",
                "resource_version": "97414950",
                "uid": "14446619-ae03-433c-af06-9af29e7e3b37"
              }
            ],
            "spec": [
              {
                "behavior": [
                  {
                    "scale_down": [
                      {
                        "policy": [
                          {
                            "period_seconds": 30,
                            "type": "Pods",
                            "value": 100
                          }
                        ],
                        "select_policy": "Max",
                        "stabilization_window_seconds": 0
                      }
                    ],
                    "scale_up": [
                      {
                        "policy": [
                          {
                            "period_seconds": 30,
                            "type": "Pods",
                            "value": 4
                          }
                        ],
                        "select_policy": "Max",
                        "stabilization_window_seconds": 0
                      }
                    ]
                  }
                ],
                "max_replicas": 3,
                "metric": [
                  {
                    "container_resource": [],
                    "external": [],
                    "object": [],
                    "pods": [],
                    "resource": [
                      {
                        "name": "cpu",
                        "target": [
                          {
                            "average_utilization": 70,
                            "average_value": "",
                            "type": "Utilization",
                            "value": ""
                          }
                        ]
                      }
                    ],
                    "type": "Resource"
                  },
                  {
                    "container_resource": [],
                    "external": [],
                    "object": [],
                    "pods": [],
                    "resource": [
                      {
                        "name": "memory",
                        "target": [
                          {
                            "average_utilization": 70,
                            "average_value": "",
                            "type": "Utilization",
                            "value": ""
                          }
                        ]
                      }
                    ],
                    "type": "Resource"
                  }
                ],
                "min_replicas": 1,
                "scale_target_ref": [
                  {
                    "api_version": "apps/v1",
                    "kind": "Deployment",
                    "name": "knowledge-base-service-worker"
                  }
                ],
                "target_cpu_utilization_percentage": 0
              }
            ]
          },
          "sensitive_attributes": [],
          "private": "bnVsbA==",
          "dependencies": [
            "module.auth_shared_secrets.kubernetes_secret_v1.main",
            "module.auth_shared_secrets.random_pet.main",
            "module.knowledge_base_authoring_service_worker.kubernetes_deployment_v1.deploy"
          ]
        }
      ]
    },
    {
      "module": "module.knowledge_base_runtime_service",
      "mode": "managed",
      "type": "kubernetes_deployment_v1",
      "name": "deploy",
      "provider": "provider[\"registry.terraform.io/hashicorp/kubernetes\"]",
      "instances": [
        {
          "schema_version": 1,
          "attributes": {
            "id": "default/knowledge-base-service",
            "metadata": [
              {
                "annotations": {},
                "generate_name": "",
                "generation": 4,
                "labels": {
                  "app.kubernetes.io/name": "knowledge-base-service"
                },
                "name": "knowledge-base-service",
                "namespace": "default",
                "resource_version": "97414353",
                "uid": "c7aa0d74-b860-4713-b974-975654999cb2"
              }
            ],
            "spec": [
              {
                "min_ready_seconds": 0,
                "paused": false,
                "progress_deadline_seconds": 600,
                "replicas": "1",
                "revision_history_limit": 10,
                "selector": [
                  {
                    "match_expressions": [],
                    "match_labels": {
                      "app.kubernetes.io/name": "knowledge-base-service"
                    }
                  }
                ],
                "strategy": [
                  {
                    "rolling_update": [
                      {
                        "max_surge": "25%",
                        "max_unavailable": "25%"
                      }
                    ],
                    "type": "RollingUpdate"
                  }
                ],
                "template": [
                  {
                    "metadata": [
                      {
                        "annotations": {},
                        "generate_name": "",
                        "generation": 0,
                        "labels": {
                          "app.kubernetes.io/name": "knowledge-base-service",
                          "azure.workload.identity/use": "true"
                        },
                        "name": "",
                        "namespace": "",
                        "resource_version": "",
                        "uid": ""
                      }
                    ],
                    "spec": [
                      {
                        "active_deadline_seconds": 0,
                        "affinity": [],
                        "automount_service_account_token": true,
                        "container": [
                          {
                            "args": [],
                            "command": [],
                            "env": [
                              {
                                "name": "TOKEN_JWT_SECRET_ACCESS_KEY",
                                "value": "",
                                "value_from": [
                                  {
                                    "config_map_key_ref": [],
                                    "field_ref": [],
                                    "resource_field_ref": [],
                                    "secret_key_ref": [
                                      {
                                        "key": "TOKEN_JWT_SECRET_ACCESS_KEY",
                                        "name": "auth-shared-secrets",
                                        "optional": false
                                      }
                                    ]
                                  }
                                ]
                              },
                              {
                                "name": "HOSTED_EMBEDDING_URL",
                                "value": "",
                                "value_from": [
                                  {
                                    "config_map_key_ref": [
                                      {
                                        "key": "HOSTED_EMBEDDING_URL",
                                        "name": "on-prem-model-urls",
                                        "optional": false
                                      }
                                    ],
                                    "field_ref": [],
                                    "resource_field_ref": [],
                                    "secret_key_ref": []
                                  }
                                ]
                              },
                              {
                                "name": "HOSTED_RERANKING_URL",
                                "value": "",
                                "value_from": [
                                  {
                                    "config_map_key_ref": [
                                      {
                                        "key": "HOSTED_RERANKING_URL",
                                        "name": "on-prem-model-urls",
                                        "optional": false
                                      }
                                    ],
                                    "field_ref": [],
                                    "resource_field_ref": [],
                                    "secret_key_ref": []
                                  }
                                ]
                              },
                              {
                                "name": "WEAVIATE_URL",
                                "value": "",
                                "value_from": [
                                  {
                                    "config_map_key_ref": [
                                      {
                                        "key": "weaviate-url",
                                        "name": "weaviate-env",
                                        "optional": false
                                      }
                                    ],
                                    "field_ref": [],
                                    "resource_field_ref": [],
                                    "secret_key_ref": []
                                  }
                                ]
                              },
                              {
                                "name": "AWS_ACCESS_KEY_ID",
                                "value": "minioadmin",
                                "value_from": []
                              },
                              {
                                "name": "AWS_SECRET_ACCESS_KEY",
                                "value": "minioadmin",
                                "value_from": []
                              },
                              {
                                "name": "BASE_LOGIN_URL",
                                "value": "http://kb-service/api/kb/form-login",
                                "value_from": []
                              },
                              {
                                "name": "BASE_ROOT_PATH",
                                "value": "/api/kb",
                                "value_from": []
                              },
                              {
                                "name": "CELERY_BACKEND_DB",
                                "value": "1",
                                "value_from": []
                              },
                              {
                                "name": "CELERY_BACKEND_URL",
                                "value": "$(REDIS_URL_PREFIX)/$(CELERY_BACKEND_DB)",
                                "value_from": []
                              },
                              {
                                "name": "CELERY_BROKER_DB",
                                "value": "0",
                                "value_from": []
                              },
                              {
                                "name": "CELERY_BROKER_URL",
                                "value": "$(REDIS_URL_PREFIX)/$(CELERY_BROKER_DB)",
                                "value_from": []
                              },
                              {
                                "name": "DATABASE_NAME",
                                "value": "kb-db",
                                "value_from": []
                              },
                              {
                                "name": "HUGGINGFACE_HUB_TOKEN",
                                "value": "",
                                "value_from": []
                              },
                              {
                                "name": "KB_STORAGE_PATH",
                                "value": "https://\u003cceph-storgae-url\u003e/knowledge-base",
                                "value_from": []
                              },
                              {
                                "name": "LOG_LEVEL",
                                "value": "DEBUG",
                                "value_from": []
                              },
                              {
                                "name": "OPENAI_API_KEY",
                                "value": "",
                                "value_from": []
                              },
                              {
                                "name": "ROLE",
                                "value": "query-service",
                                "value_from": []
                              }
                            ],
                            "env_from": [
                              {
                                "config_map_ref": [
                                  {
                                    "name": "kb-postgres-db-env",
                                    "optional": false
                                  }
                                ],
                                "prefix": "",
                                "secret_ref": []
                              },
                              {
                                "config_map_ref": [
                                  {
                                    "name": "observe-env",
                                    "optional": false
                                  }
                                ],
                                "prefix": "",
                                "secret_ref": []
                              },
                              {
                                "config_map_ref": [
                                  {
                                    "name": "redis-env",
                                    "optional": false
                                  }
                                ],
                                "prefix": "",
                                "secret_ref": []
                              },
                              {
                                "config_map_ref": [],
                                "prefix": "",
                                "secret_ref": [
                                  {
                                    "name": "kb-postgres-db-secrets",
                                    "optional": false
                                  }
                                ]
                              },
                              {
                                "config_map_ref": [],
                                "prefix": "",
                                "secret_ref": [
                                  {
                                    "name": "redis-secrets",
                                    "optional": false
                                  }
                                ]
                              }
                            ],
                            "image": "uidaimodels.azurecr.io/knowledge-base-service:v0.1.93",
                            "image_pull_policy": "IfNotPresent",
                            "lifecycle": [
                              {
                                "post_start": [],
                                "pre_stop": [
                                  {
                                    "exec": [
                                      {
                                        "command": [
                                          "sleep",
                                          "80"
                                        ]
                                      }
                                    ],
                                    "http_get": [],
                                    "tcp_socket": []
                                  }
                                ]
                              }
                            ],
                            "liveness_probe": [],
                            "name": "knowledge-base-service",
                            "port": [
                              {
                                "container_port": 8080,
                                "host_ip": "",
                                "host_port": 0,
                                "name": "",
                                "protocol": "TCP"
                              }
                            ],
                            "readiness_probe": [],
                            "resources": [
                              {
                                "limits": {
                                  "cpu": "1",
                                  "memory": "3000Mi"
                                },
                                "requests": {
                                  "cpu": "500m",
                                  "memory": "1500Mi"
                                }
                              }
                            ],
                            "security_context": [],
                            "startup_probe": [],
                            "stdin": false,
                            "stdin_once": false,
                            "termination_message_path": "/dev/termination-log",
                            "termination_message_policy": "File",
                            "tty": false,
                            "volume_device": [],
                            "volume_mount": [],
                            "working_dir": ""
                          }
                        ],
                        "dns_config": [],
                        "dns_policy": "ClusterFirst",
                        "enable_service_links": true,
                        "host_aliases": [],
                        "host_ipc": false,
                        "host_network": false,
                        "host_pid": false,
                        "hostname": "",
                        "image_pull_secrets": [],
                        "init_container": [],
                        "node_name": "",
                        "node_selector": {
                          "type": "sarvam"
                        },
                        "os": [],
                        "priority_class_name": "",
                        "readiness_gate": [],
                        "restart_policy": "Always",
                        "runtime_class_name": "",
                        "scheduler_name": "default-scheduler",
                        "security_context": [],
                        "service_account_name": "default",
                        "share_process_namespace": false,
                        "subdomain": "",
                        "termination_grace_period_seconds": 90,
                        "toleration": [
                          {
                            "effect": "NoSchedule",
                            "key": "sku",
                            "operator": "Equal",
                            "toleration_seconds": "",
                            "value": "gpu"
                          }
                        ],
                        "topology_spread_constraint": [],
                        "volume": []
                      }
                    ]
                  }
                ]
              }
            ],
            "timeouts": null,
            "wait_for_rollout": true
          },
          "sensitive_attributes": [],
          "private": "eyJlMmJmYjczMC1lY2FhLTExZTYtOGY4OC0zNDM2M2JjN2M0YzAiOnsiY3JlYXRlIjo2MDAwMDAwMDAwMDAsImRlbGV0ZSI6NjAwMDAwMDAwMDAwLCJ1cGRhdGUiOjYwMDAwMDAwMDAwMH0sInNjaGVtYV92ZXJzaW9uIjoiMSJ9",
          "dependencies": [
            "module.auth_shared_secrets.kubernetes_secret_v1.main",
            "module.auth_shared_secrets.random_pet.main"
          ]
        }
      ]
    },
    {
      "module": "module.knowledge_base_runtime_service",
      "mode": "managed",
      "type": "kubernetes_horizontal_pod_autoscaler_v2",
      "name": "main",
      "provider": "provider[\"registry.terraform.io/hashicorp/kubernetes\"]",
      "instances": [
        {
          "index_key": "1",
          "schema_version": 0,
          "attributes": {
            "id": "default/knowledge-base-service-hpa",
            "metadata": [
              {
                "annotations": {},
                "generate_name": "",
                "generation": 0,
                "labels": {},
                "name": "knowledge-base-service-hpa",
                "namespace": "default",
                "resource_version": "97414386",
                "uid": "961fd4f6-b4ef-4350-97d6-51af375417d4"
              }
            ],
            "spec": [
              {
                "behavior": [
                  {
                    "scale_down": [
                      {
                        "policy": [
                          {
                            "period_seconds": 30,
                            "type": "Pods",
                            "value": 100
                          }
                        ],
                        "select_policy": "Max",
                        "stabilization_window_seconds": 0
                      }
                    ],
                    "scale_up": [
                      {
                        "policy": [
                          {
                            "period_seconds": 30,
                            "type": "Pods",
                            "value": 4
                          }
                        ],
                        "select_policy": "Max",
                        "stabilization_window_seconds": 0
                      }
                    ]
                  }
                ],
                "max_replicas": 10,
                "metric": [
                  {
                    "container_resource": [],
                    "external": [],
                    "object": [],
                    "pods": [],
                    "resource": [
                      {
                        "name": "cpu",
                        "target": [
                          {
                            "average_utilization": 70,
                            "average_value": "",
                            "type": "Utilization",
                            "value": ""
                          }
                        ]
                      }
                    ],
                    "type": "Resource"
                  },
                  {
                    "container_resource": [],
                    "external": [],
                    "object": [],
                    "pods": [],
                    "resource": [
                      {
                        "name": "memory",
                        "target": [
                          {
                            "average_utilization": 70,
                            "average_value": "",
                            "type": "Utilization",
                            "value": ""
                          }
                        ]
                      }
                    ],
                    "type": "Resource"
                  }
                ],
                "min_replicas": 1,
                "scale_target_ref": [
                  {
                    "api_version": "apps/v1",
                    "kind": "Deployment",
                    "name": "knowledge-base-service"
                  }
                ],
                "target_cpu_utilization_percentage": 0
              }
            ]
          },
          "sensitive_attributes": [],
          "private": "bnVsbA==",
          "dependencies": [
            "module.auth_shared_secrets.kubernetes_secret_v1.main",
            "module.auth_shared_secrets.random_pet.main",
            "module.knowledge_base_runtime_service.kubernetes_deployment_v1.deploy"
          ]
        }
      ]
    },
    {
      "module": "module.knowledge_base_runtime_service",
      "mode": "managed",
      "type": "kubernetes_service_v1",
      "name": "main",
      "provider": "provider[\"registry.terraform.io/hashicorp/kubernetes\"]",
      "instances": [
        {
          "index_key": "1",
          "schema_version": 1,
          "attributes": {
            "id": "default/knowledge-base-service",
            "metadata": [
              {
                "annotations": {},
                "generate_name": "",
                "generation": 0,
                "labels": {},
                "name": "knowledge-base-service",
                "namespace": "default",
                "resource_version": "94945483",
                "uid": "25b2016f-b979-4198-bbc1-d4a5f0138681"
              }
            ],
            "spec": [
              {
                "allocate_load_balancer_node_ports": true,
                "cluster_ip": "10.0.239.182",
                "cluster_ips": [
                  "10.0.239.182"
                ],
                "external_ips": [],
                "external_name": "",
                "external_traffic_policy": "",
                "health_check_node_port": 0,
                "internal_traffic_policy": "Cluster",
                "ip_families": [
                  "IPv4"
                ],
                "ip_family_policy": "SingleStack",
                "load_balancer_class": "",
                "load_balancer_ip": "",
                "load_balancer_source_ranges": [],
                "port": [
                  {
                    "app_protocol": "",
                    "name": "http",
                    "node_port": 0,
                    "port": 80,
                    "protocol": "TCP",
                    "target_port": "8080"
                  }
                ],
                "publish_not_ready_addresses": false,
                "selector": {
                  "app.kubernetes.io/name": "knowledge-base-service"
                },
                "session_affinity": "None",
                "session_affinity_config": [],
                "type": "ClusterIP"
              }
            ],
            "status": [
              {
                "load_balancer": [
                  {
                    "ingress": []
                  }
                ]
              }
            ],
            "timeouts": null,
            "wait_for_load_balancer": true
          },
          "sensitive_attributes": [],
          "private": "eyJlMmJmYjczMC1lY2FhLTExZTYtOGY4OC0zNDM2M2JjN2M0YzAiOnsiY3JlYXRlIjo2MDAwMDAwMDAwMDB9LCJzY2hlbWFfdmVyc2lvbiI6IjEifQ=="
        }
      ]
    },
    {
      "module": "module.observe_env",
      "mode": "managed",
      "type": "kubernetes_config_map_v1",
      "name": "main",
      "provider": "provider[\"registry.terraform.io/hashicorp/kubernetes\"]",
      "instances": [
        {
          "index_key": "default",
          "schema_version": 0,
          "attributes": {
            "binary_data": {},
            "data": {
              "OBSERVE_USE_GCP": "false"
            },
            "id": "default/observe-env",
            "immutable": false,
            "metadata": [
              {
                "annotations": {},
                "generate_name": "",
                "generation": 0,
                "labels": {},
                "name": "observe-env",
                "namespace": "default",
                "resource_version": "94945474",
                "uid": "ca31a4a6-fa93-4d70-b040-dbc62175c7fa"
              }
            ]
          },
          "sensitive_attributes": [],
          "private": "bnVsbA=="
        }
      ]
    },
    {
      "module": "module.on_prem_model_urls",
      "mode": "managed",
      "type": "kubernetes_config_map_v1",
      "name": "main",
      "provider": "provider[\"registry.terraform.io/hashicorp/kubernetes\"]",
      "instances": [
        {
          "index_key": "default",
          "schema_version": 0,
          "attributes": {
            "binary_data": {},
            "data": {
              "HOSTED_EMBEDDING_URL": "speech-tts-nemo-service.default:8000",
              "HOSTED_RERANKING_URL": "speech-tts-nemo-service.default:8000",
              "LLAMAGUARD_URL": "http://vllm-llama-gaurd-service.default:8000/v1/chat/completions",
              "SARVAM_ASR_URL": "speech-whisper-batched-service.default:8000",
              "SARVAM_LLM_LLAMA_3_1_70B_URL": "http://nim-llama3-1-8b-service.default:8000/v1/chat/completions",
              "SARVAM_LLM_LLAMA_3_1_8B_URL": "http://nim-llama3-1-8b-service.default:8000/v1/chat/completions",
              "SARVAM_LLM_URL": "http://nim-llama3-1-8b-service.default:8000/v1/chat/completions",
              "SARVAM_OPENHATHI_URL": "http://vllm-l3-translation-new-servic.default:8000/v1/chat/completions",
              "SARVAM_OPENHATHI_XLIT_URL": "http://vllm-pre-tts-service.default:8000/v1/chat/completions",
              "SARVAM_TRANSLATE_URL": "http://vllm-l3-translation-new-service.default:8000/v1/chat/completions",
              "SARVAM_TTS_URL": "speech-tts-nemo-service.default:8000",
              "SARVAM_XLIT_ROMAN_URL": "",
              "SARVAM_XLIT_URL": "http://vllm-pre-tts-service.default:8000/v1/chat/completions",
              "TRITON_PROMPT_INJECTION_URL": "speech-tts-nemo-service.default:8000"
            },
            "id": "default/on-prem-model-urls",
            "immutable": false,
            "metadata": [
              {
                "annotations": {},
                "generate_name": "",
                "generation": 0,
                "labels": {},
                "name": "on-prem-model-urls",
                "namespace": "default",
                "resource_version": "94945477",
                "uid": "f69b5520-6e65-4b18-96cc-04ef5117f417"
              }
            ]
          },
          "sensitive_attributes": [],
          "private": "bnVsbA=="
        }
      ]
    },
    {
      "module": "module.redis_config_maps",
      "mode": "managed",
      "type": "kubernetes_config_map_v1",
      "name": "main",
      "provider": "provider[\"registry.terraform.io/hashicorp/kubernetes\"]",
      "instances": [
        {
          "index_key": "default",
          "schema_version": 0,
          "attributes": {
            "binary_data": {},
            "data": {
              "REDIS_HOST": "redis-service",
              "REDIS_PORT": "6379",
              "REDIS_TLS": "false"
            },
            "id": "default/redis-env",
            "immutable": false,
            "metadata": [
              {
                "annotations": {},
                "generate_name": "",
                "generation": 0,
                "labels": {},
                "name": "redis-env",
                "namespace": "default",
                "resource_version": "94945500",
                "uid": "07e5f947-a512-45a0-b227-703fd16fd97c"
              }
            ]
          },
          "sensitive_attributes": [],
          "private": "bnVsbA=="
        }
      ]
    },
    {
      "module": "module.redis_secrets",
      "mode": "managed",
      "type": "kubernetes_secret_v1",
      "name": "main",
      "provider": "provider[\"registry.terraform.io/hashicorp/kubernetes\"]",
      "instances": [
        {
          "index_key": "default",
          "schema_version": 0,
          "attributes": {
            "binary_data": null,
            "data": {
              "REDIS_PASSWORD": "password",
              "REDIS_URL_PREFIX": "redis://:password@redis-service:6379"
            },
            "id": "default/redis-secrets",
            "immutable": false,
            "metadata": [
              {
                "annotations": {},
                "generate_name": "",
                "generation": 0,
                "labels": {},
                "name": "redis-secrets",
                "namespace": "default",
                "resource_version": "94945502",
                "uid": "70f0276f-3525-45fe-9247-0efa77452a60"
              }
            ],
            "timeouts": null,
            "type": "Opaque",
            "wait_for_service_account_token": true
          },
          "sensitive_attributes": [
            [
              {
                "type": "get_attr",
                "value": "data"
              }
            ],
            [
              {
                "type": "get_attr",
                "value": "data"
              },
              {
                "type": "index",
                "value": {
                  "value": "REDIS_PASSWORD",
                  "type": "string"
                }
              }
            ],
            [
              {
                "type": "get_attr",
                "value": "binary_data"
              }
            ]
          ],
          "private": "eyJlMmJmYjczMC1lY2FhLTExZTYtOGY4OC0zNDM2M2JjN2M0YzAiOnsiY3JlYXRlIjo2MDAwMDAwMDAwMH19",
          "dependencies": [
            "module.redis_secrets.random_pet.main"
          ]
        }
      ]
    },
    {
      "module": "module.runtime_service_urls",
      "mode": "managed",
      "type": "kubernetes_config_map_v1",
      "name": "main",
      "provider": "provider[\"registry.terraform.io/hashicorp/kubernetes\"]",
      "instances": [
        {
          "index_key": "default",
          "schema_version": 0,
          "attributes": {
            "binary_data": {},
            "data": {
              "APP_AUTHORING_SERVICE_URL": "http://sarvam-app-authoring-service",
              "KNOWLEDGE_BASE_SERVICE_AUTHORING_URL": "http://knowledge-base-authoring-service",
              "KNOWLEDGE_BASE_SERVICE_URL": "http://knowledge-base-service"
            },
            "id": "default/service-urls",
            "immutable": false,
            "metadata": [
              {
                "annotations": {},
                "generate_name": "",
                "generation": 0,
                "labels": {},
                "name": "service-urls",
                "namespace": "default",
                "resource_version": "94945476",
                "uid": "31a1d3b3-d481-451f-9071-5efc0cf8be5f"
              }
            ]
          },
          "sensitive_attributes": [],
          "private": "bnVsbA=="
        }
      ]
    },
    {
      "module": "module.sarvam_app_runtime_svc",
      "mode": "managed",
      "type": "kubernetes_deployment_v1",
      "name": "deploy",
      "provider": "provider[\"registry.terraform.io/hashicorp/kubernetes\"]",
      "instances": [
        {
          "schema_version": 1,
          "attributes": {
            "id": "default/sarvam-app-runtime-service",
            "metadata": [
              {
                "annotations": {},
                "generate_name": "",
                "generation": 9,
                "labels": {
                  "app.kubernetes.io/name": "sarvam-app-runtime-service"
                },
                "name": "sarvam-app-runtime-service",
                "namespace": "default",
                "resource_version": "97413866",
                "uid": "8af1ea83-ae76-4831-abb5-edd50a21f21f"
              }
            ],
            "spec": [
              {
                "min_ready_seconds": 0,
                "paused": false,
                "progress_deadline_seconds": 600,
                "replicas": "1",
                "revision_history_limit": 10,
                "selector": [
                  {
                    "match_expressions": [],
                    "match_labels": {
                      "app.kubernetes.io/name": "sarvam-app-runtime-service"
                    }
                  }
                ],
                "strategy": [
                  {
                    "rolling_update": [
                      {
                        "max_surge": "25%",
                        "max_unavailable": "25%"
                      }
                    ],
                    "type": "RollingUpdate"
                  }
                ],
                "template": [
                  {
                    "metadata": [
                      {
                        "annotations": {},
                        "generate_name": "",
                        "generation": 0,
                        "labels": {
                          "app.kubernetes.io/name": "sarvam-app-runtime-service",
                          "azure.workload.identity/use": "true"
                        },
                        "name": "",
                        "namespace": "",
                        "resource_version": "",
                        "uid": ""
                      }
                    ],
                    "spec": [
                      {
                        "active_deadline_seconds": 0,
                        "affinity": [],
                        "automount_service_account_token": true,
                        "container": [
                          {
                            "args": [],
                            "command": [],
                            "env": [
                              {
                                "name": "TOKEN_JWT_SECRET_ACCESS_KEY",
                                "value": "",
                                "value_from": [
                                  {
                                    "config_map_key_ref": [],
                                    "field_ref": [],
                                    "resource_field_ref": [],
                                    "secret_key_ref": [
                                      {
                                        "key": "TOKEN_JWT_SECRET_ACCESS_KEY",
                                        "name": "auth-shared-secrets",
                                        "optional": false
                                      }
                                    ]
                                  }
                                ]
                              },
                              {
                                "name": "KNOWLEDGE_BASE_SERVICE_URL",
                                "value": "",
                                "value_from": [
                                  {
                                    "config_map_key_ref": [
                                      {
                                        "key": "KNOWLEDGE_BASE_SERVICE_URL",
                                        "name": "service-urls",
                                        "optional": false
                                      }
                                    ],
                                    "field_ref": [],
                                    "resource_field_ref": [],
                                    "secret_key_ref": []
                                  }
                                ]
                              },
                              {
                                "name": "LLAMAGUARD_URL",
                                "value": "",
                                "value_from": [
                                  {
                                    "config_map_key_ref": [
                                      {
                                        "key": "LLAMAGUARD_URL",
                                        "name": "on-prem-model-urls",
                                        "optional": false
                                      }
                                    ],
                                    "field_ref": [],
                                    "resource_field_ref": [],
                                    "secret_key_ref": []
                                  }
                                ]
                              },
                              {
                                "name": "SARVAM_FORMAL_TRANSLATE_URL",
                                "value": "",
                                "value_from": [
                                  {
                                    "config_map_key_ref": [
                                      {
                                        "key": "SARVAM_TRANSLATE_URL",
                                        "name": "on-prem-model-urls",
                                        "optional": false
                                      }
                                    ],
                                    "field_ref": [],
                                    "resource_field_ref": [],
                                    "secret_key_ref": []
                                  }
                                ]
                              },
                              {
                                "name": "SARVAM_FORMAL_XLIT_URL",
                                "value": "",
                                "value_from": [
                                  {
                                    "config_map_key_ref": [
                                      {
                                        "key": "SARVAM_XLIT_URL",
                                        "name": "on-prem-model-urls",
                                        "optional": false
                                      }
                                    ],
                                    "field_ref": [],
                                    "resource_field_ref": [],
                                    "secret_key_ref": []
                                  }
                                ]
                              },
                              {
                                "name": "SARVAM_LLM_LLAMA_3_1_70B_URL",
                                "value": "",
                                "value_from": [
                                  {
                                    "config_map_key_ref": [
                                      {
                                        "key": "SARVAM_LLM_LLAMA_3_1_70B_URL",
                                        "name": "on-prem-model-urls",
                                        "optional": false
                                      }
                                    ],
                                    "field_ref": [],
                                    "resource_field_ref": [],
                                    "secret_key_ref": []
                                  }
                                ]
                              },
                              {
                                "name": "SARVAM_LLM_LLAMA_3_1_8B_URL",
                                "value": "",
                                "value_from": [
                                  {
                                    "config_map_key_ref": [
                                      {
                                        "key": "SARVAM_LLM_LLAMA_3_1_8B_URL",
                                        "name": "on-prem-model-urls",
                                        "optional": false
                                      }
                                    ],
                                    "field_ref": [],
                                    "resource_field_ref": [],
                                    "secret_key_ref": []
                                  }
                                ]
                              },
                              {
                                "name": "SARVAM_LLM_URL",
                                "value": "",
                                "value_from": [
                                  {
                                    "config_map_key_ref": [
                                      {
                                        "key": "SARVAM_LLM_URL",
                                        "name": "on-prem-model-urls",
                                        "optional": false
                                      }
                                    ],
                                    "field_ref": [],
                                    "resource_field_ref": [],
                                    "secret_key_ref": []
                                  }
                                ]
                              },
                              {
                                "name": "SARVAM_OPENHATHI_URL",
                                "value": "",
                                "value_from": [
                                  {
                                    "config_map_key_ref": [
                                      {
                                        "key": "SARVAM_OPENHATHI_URL",
                                        "name": "on-prem-model-urls",
                                        "optional": false
                                      }
                                    ],
                                    "field_ref": [],
                                    "resource_field_ref": [],
                                    "secret_key_ref": []
                                  }
                                ]
                              },
                              {
                                "name": "SARVAM_OPENHATHI_XLIT_URL",
                                "value": "",
                                "value_from": [
                                  {
                                    "config_map_key_ref": [
                                      {
                                        "key": "SARVAM_OPENHATHI_XLIT_URL",
                                        "name": "on-prem-model-urls",
                                        "optional": false
                                      }
                                    ],
                                    "field_ref": [],
                                    "resource_field_ref": [],
                                    "secret_key_ref": []
                                  }
                                ]
                              },
                              {
                                "name": "SARVAM_TRANSLATE_URL",
                                "value": "",
                                "value_from": [
                                  {
                                    "config_map_key_ref": [
                                      {
                                        "key": "SARVAM_TRANSLATE_URL",
                                        "name": "on-prem-model-urls",
                                        "optional": false
                                      }
                                    ],
                                    "field_ref": [],
                                    "resource_field_ref": [],
                                    "secret_key_ref": []
                                  }
                                ]
                              },
                              {
                                "name": "SARVAM_TTS_URL",
                                "value": "",
                                "value_from": [
                                  {
                                    "config_map_key_ref": [
                                      {
                                        "key": "SARVAM_TTS_URL",
                                        "name": "on-prem-model-urls",
                                        "optional": false
                                      }
                                    ],
                                    "field_ref": [],
                                    "resource_field_ref": [],
                                    "secret_key_ref": []
                                  }
                                ]
                              },
                              {
                                "name": "SARVAM_XLIT_ROMAN_URL",
                                "value": "",
                                "value_from": [
                                  {
                                    "config_map_key_ref": [
                                      {
                                        "key": "SARVAM_XLIT_ROMAN_URL",
                                        "name": "on-prem-model-urls",
                                        "optional": false
                                      }
                                    ],
                                    "field_ref": [],
                                    "resource_field_ref": [],
                                    "secret_key_ref": []
                                  }
                                ]
                              },
                              {
                                "name": "SARVAM_XLIT_URL",
                                "value": "",
                                "value_from": [
                                  {
                                    "config_map_key_ref": [
                                      {
                                        "key": "SARVAM_XLIT_URL",
                                        "name": "on-prem-model-urls",
                                        "optional": false
                                      }
                                    ],
                                    "field_ref": [],
                                    "resource_field_ref": [],
                                    "secret_key_ref": []
                                  }
                                ]
                              },
                              {
                                "name": "TRITON_PROMPT_INJECTION_URL",
                                "value": "",
                                "value_from": [
                                  {
                                    "config_map_key_ref": [
                                      {
                                        "key": "TRITON_PROMPT_INJECTION_URL",
                                        "name": "on-prem-model-urls",
                                        "optional": false
                                      }
                                    ],
                                    "field_ref": [],
                                    "resource_field_ref": [],
                                    "secret_key_ref": []
                                  }
                                ]
                              },
                              {
                                "name": "APP_BASE_URL",
                                "value": "",
                                "value_from": []
                              },
                              {
                                "name": "APP_BASE_WSS_URL",
                                "value": "ws://app-runtime-service/",
                                "value_from": []
                              },
                              {
                                "name": "APP_STORAGE_URL",
                                "value": "https://\u003cceph-storgae-url\u003e/test-bucket/app-storage/apps",
                                "value_from": []
                              },
                              {
                                "name": "AWS_ACCESS_KEY_ID",
                                "value": "minioadmin",
                                "value_from": []
                              },
                              {
                                "name": "AWS_SECRET_ACCESS_KEY",
                                "value": "minioadmin",
                                "value_from": []
                              },
                              {
                                "name": "BASE_ROOT_PATH",
                                "value": "/api/app-runtime",
                                "value_from": []
                              },
                              {
                                "name": "COUNT_INITIAL_CHUNKS",
                                "value": "15",
                                "value_from": []
                              },
                              {
                                "name": "EXOTEL_CHUNK_LENGTH_SIZE_MS",
                                "value": "100",
                                "value_from": []
                              },
                              {
                                "name": "EXOTEL_CHUNK_LENGTH_SLEEP_PERCENTAGE",
                                "value": "0",
                                "value_from": []
                              },
                              {
                                "name": "EXOTEL_FIRST_CHUNK_LENGTH_SIZE_MS",
                                "value": "100",
                                "value_from": []
                              },
                              {
                                "name": "EXOTEL_FIRST_TURN_MIN_SPEECH_FRAMES",
                                "value": "5",
                                "value_from": []
                              },
                              {
                                "name": "EXOTEL_QUEUE_CHUNK_DELAY",
                                "value": "100",
                                "value_from": []
                              },
                              {
                                "name": "EXOTEL_QUEUE_INITIAL_CHUNKS_DELAY",
                                "value": "100",
                                "value_from": []
                              },
                              {
                                "name": "EXOTEL_SILENT_AUDIO_SIZE_MS",
                                "value": "300",
                                "value_from": []
                              },
                              {
                                "name": "EXOTEL_START_SPEECH_VOLUME_THRESHOLD",
                                "value": "-29",
                                "value_from": []
                              },
                              {
                                "name": "LLAMAGUARD_HF_NAME",
                                "value": "/workspace/meta-llama/Llama-Guard-3-8B",
                                "value_from": []
                              },
                              {
                                "name": "LOG_LEVEL",
                                "value": "DEBUG",
                                "value_from": []
                              },
                              {
                                "name": "MIN_SPEECH_FRAMES",
                                "value": "2",
                                "value_from": []
                              },
                              {
                                "name": "NUM_WORKERS",
                                "value": "1",
                                "value_from": []
                              },
                              {
                                "name": "OPENAI_API_KEY",
                                "value": "",
                                "value_from": []
                              },
                              {
                                "name": "OUTPUT_CHUNK_LENGTH_SIZE_MS",
                                "value": "800",
                                "value_from": []
                              },
                              {
                                "name": "OUTPUT_CHUNK_LENGTH_SLEEP_PERCENTAGE",
                                "value": "0.1",
                                "value_from": []
                              },
                              {
                                "name": "OUTPUT_FIRST_CHUNK_LENGTH_SIZE_MS",
                                "value": "200",
                                "value_from": []
                              },
                              {
                                "name": "REDIS_DB",
                                "value": "6",
                                "value_from": []
                              },
                              {
                                "name": "SARVAM_ASR_URL",
                                "value": "speech-whisper-batched-service:8000",
                                "value_from": []
                              },
                              {
                                "name": "SARVAM_FORMAL_TRANSLATE_MODEL_NAME",
                                "value": "/workspace/sarvam/translation-eng-2-formal-indic-2",
                                "value_from": []
                              },
                              {
                                "name": "SARVAM_FORMAL_XLIT_MODEL_NAME",
                                "value": "/workspace/sarvam/transliteration-pre-tts-eng-2-indic",
                                "value_from": []
                              },
                              {
                                "name": "SARVAM_LLM_LLAMA_3_1_70B_HF_NAME",
                                "value": "/data/models/sarvam-nim-models/",
                                "value_from": []
                              },
                              {
                                "name": "SARVAM_LLM_LLAMA_3_1_8B_HF_NAME",
                                "value": "/data/models/sarvam-nim-models/",
                                "value_from": []
                              },
                              {
                                "name": "SARVAM_PERSONAL_RECORD_SERVICE_URL",
                                "value": "http://auth-service",
                                "value_from": []
                              },
                              {
                                "name": "SARVAM_TRANSLATE_MODEL_NAME",
                                "value": "/workspace/sarvam/translation-eng-2-formal-indic-2",
                                "value_from": []
                              },
                              {
                                "name": "SARVAM_XLIT_MODEL_NAME",
                                "value": "/workspace/sarvam/transliteration-pre-tts-eng-2-indic",
                                "value_from": []
                              },
                              {
                                "name": "SILERO_VAD_URL",
                                "value": "sarvam-vad-service:50051",
                                "value_from": []
                              }
                            ],
                            "env_from": [
                              {
                                "config_map_ref": [
                                  {
                                    "name": "observe-env",
                                    "optional": false
                                  }
                                ],
                                "prefix": "",
                                "secret_ref": []
                              },
                              {
                                "config_map_ref": [
                                  {
                                    "name": "redis-env",
                                    "optional": false
                                  }
                                ],
                                "prefix": "",
                                "secret_ref": []
                              },
                              {
                                "config_map_ref": [],
                                "prefix": "",
                                "secret_ref": [
                                  {
                                    "name": "redis-secrets",
                                    "optional": false
                                  }
                                ]
                              }
                            ],
                            "image": "uidaimodels.azurecr.io/sarvam-app-runtime-service:v0.0.108-test",
                            "image_pull_policy": "IfNotPresent",
                            "lifecycle": [
                              {
                                "post_start": [],
                                "pre_stop": [
                                  {
                                    "exec": [
                                      {
                                        "command": [
                                          "sleep",
                                          "80"
                                        ]
                                      }
                                    ],
                                    "http_get": [],
                                    "tcp_socket": []
                                  }
                                ]
                              }
                            ],
                            "liveness_probe": [],
                            "name": "sarvam-app-runtime-service",
                            "port": [
                              {
                                "container_port": 8080,
                                "host_ip": "",
                                "host_port": 0,
                                "name": "",
                                "protocol": "TCP"
                              }
                            ],
                            "readiness_probe": [],
                            "resources": [
                              {
                                "limits": {
                                  "cpu": "200m",
                                  "memory": "4Gi"
                                },
                                "requests": {
                                  "cpu": "100m",
                                  "memory": "2Gi"
                                }
                              }
                            ],
                            "security_context": [],
                            "startup_probe": [],
                            "stdin": false,
                            "stdin_once": false,
                            "termination_message_path": "/dev/termination-log",
                            "termination_message_policy": "File",
                            "tty": false,
                            "volume_device": [],
                            "volume_mount": [],
                            "working_dir": ""
                          }
                        ],
                        "dns_config": [],
                        "dns_policy": "ClusterFirst",
                        "enable_service_links": true,
                        "host_aliases": [],
                        "host_ipc": false,
                        "host_network": false,
                        "host_pid": false,
                        "hostname": "",
                        "image_pull_secrets": [],
                        "init_container": [],
                        "node_name": "",
                        "node_selector": {
                          "type": "sarvam"
                        },
                        "os": [],
                        "priority_class_name": "",
                        "readiness_gate": [],
                        "restart_policy": "Always",
                        "runtime_class_name": "",
                        "scheduler_name": "default-scheduler",
                        "security_context": [],
                        "service_account_name": "default",
                        "share_process_namespace": false,
                        "subdomain": "",
                        "termination_grace_period_seconds": 90,
                        "toleration": [
                          {
                            "effect": "NoSchedule",
                            "key": "sku",
                            "operator": "Equal",
                            "toleration_seconds": "",
                            "value": "gpu"
                          }
                        ],
                        "topology_spread_constraint": [],
                        "volume": []
                      }
                    ]
                  }
                ]
              }
            ],
            "timeouts": null,
            "wait_for_rollout": true
          },
          "sensitive_attributes": [],
          "private": "eyJlMmJmYjczMC1lY2FhLTExZTYtOGY4OC0zNDM2M2JjN2M0YzAiOnsiY3JlYXRlIjo2MDAwMDAwMDAwMDAsImRlbGV0ZSI6NjAwMDAwMDAwMDAwLCJ1cGRhdGUiOjYwMDAwMDAwMDAwMH0sInNjaGVtYV92ZXJzaW9uIjoiMSJ9",
          "dependencies": [
            "module.auth_shared_secrets.kubernetes_secret_v1.main",
            "module.auth_shared_secrets.random_pet.main"
          ]
        }
      ]
    },
    {
      "module": "module.sarvam_app_runtime_svc",
      "mode": "managed",
      "type": "kubernetes_horizontal_pod_autoscaler_v2",
      "name": "main",
      "provider": "provider[\"registry.terraform.io/hashicorp/kubernetes\"]",
      "instances": [
        {
          "index_key": "1",
          "schema_version": 0,
          "attributes": {
            "id": "default/sarvam-app-runtime-service-hpa",
            "metadata": [
              {
                "annotations": {},
                "generate_name": "",
                "generation": 0,
                "labels": {},
                "name": "sarvam-app-runtime-service-hpa",
                "namespace": "default",
                "resource_version": "97413904",
                "uid": "0b7bdb60-97a7-4965-b46c-1cbe67d49b9b"
              }
            ],
            "spec": [
              {
                "behavior": [
                  {
                    "scale_down": [
                      {
                        "policy": [
                          {
                            "period_seconds": 30,
                            "type": "Pods",
                            "value": 100
                          }
                        ],
                        "select_policy": "Max",
                        "stabilization_window_seconds": 0
                      }
                    ],
                    "scale_up": [
                      {
                        "policy": [
                          {
                            "period_seconds": 30,
                            "type": "Pods",
                            "value": 4
                          }
                        ],
                        "select_policy": "Max",
                        "stabilization_window_seconds": 0
                      }
                    ]
                  }
                ],
                "max_replicas": 3,
                "metric": [
                  {
                    "container_resource": [],
                    "external": [],
                    "object": [],
                    "pods": [],
                    "resource": [
                      {
                        "name": "cpu",
                        "target": [
                          {
                            "average_utilization": 70,
                            "average_value": "",
                            "type": "Utilization",
                            "value": ""
                          }
                        ]
                      }
                    ],
                    "type": "Resource"
                  },
                  {
                    "container_resource": [],
                    "external": [],
                    "object": [],
                    "pods": [],
                    "resource": [
                      {
                        "name": "memory",
                        "target": [
                          {
                            "average_utilization": 70,
                            "average_value": "",
                            "type": "Utilization",
                            "value": ""
                          }
                        ]
                      }
                    ],
                    "type": "Resource"
                  }
                ],
                "min_replicas": 3,
                "scale_target_ref": [
                  {
                    "api_version": "apps/v1",
                    "kind": "Deployment",
                    "name": "sarvam-app-runtime-service"
                  }
                ],
                "target_cpu_utilization_percentage": 0
              }
            ]
          },
          "sensitive_attributes": [],
          "private": "bnVsbA==",
          "dependencies": [
            "module.auth_shared_secrets.kubernetes_secret_v1.main",
            "module.auth_shared_secrets.random_pet.main",
            "module.sarvam_app_runtime_svc.kubernetes_deployment_v1.deploy"
          ]
        }
      ]
    },
    {
      "module": "module.sarvam_app_runtime_svc",
      "mode": "managed",
      "type": "kubernetes_service_v1",
      "name": "main",
      "provider": "provider[\"registry.terraform.io/hashicorp/kubernetes\"]",
      "instances": [
        {
          "index_key": "1",
          "schema_version": 1,
          "attributes": {
            "id": "default/sarvam-app-runtime-service",
            "metadata": [
              {
                "annotations": {},
                "generate_name": "",
                "generation": 0,
                "labels": {},
                "name": "sarvam-app-runtime-service",
                "namespace": "default",
                "resource_version": "94961564",
                "uid": "f405b4ff-0d6c-45ea-a673-fcc103f3b447"
              }
            ],
            "spec": [
              {
                "allocate_load_balancer_node_ports": true,
                "cluster_ip": "10.0.243.245",
                "cluster_ips": [
                  "10.0.243.245"
                ],
                "external_ips": [],
                "external_name": "",
                "external_traffic_policy": "Cluster",
                "health_check_node_port": 0,
                "internal_traffic_policy": "Cluster",
                "ip_families": [
                  "IPv4"
                ],
                "ip_family_policy": "SingleStack",
                "load_balancer_class": "",
                "load_balancer_ip": "",
                "load_balancer_source_ranges": [],
                "port": [
                  {
                    "app_protocol": "",
                    "name": "http",
                    "node_port": 30479,
                    "port": 80,
                    "protocol": "TCP",
                    "target_port": "8080"
                  }
                ],
                "publish_not_ready_addresses": false,
                "selector": {
                  "app.kubernetes.io/name": "sarvam-app-runtime-service"
                },
                "session_affinity": "None",
                "session_affinity_config": [],
                "type": "LoadBalancer"
              }
            ],
            "status": [
              {
                "load_balancer": [
                  {
                    "ingress": [
                      {
                        "hostname": "",
                        "ip": "4.236.200.18"
                      }
                    ]
                  }
                ]
              }
            ],
            "timeouts": null,
            "wait_for_load_balancer": true
          },
          "sensitive_attributes": [],
          "private": "eyJlMmJmYjczMC1lY2FhLTExZTYtOGY4OC0zNDM2M2JjN2M0YzAiOnsiY3JlYXRlIjo2MDAwMDAwMDAwMDB9LCJzY2hlbWFfdmVyc2lvbiI6IjEifQ=="
        }
      ]
    },
    {
      "module": "module.sarvam_v2v_web_ui",
      "mode": "managed",
      "type": "kubernetes_deployment_v1",
      "name": "deploy",
      "provider": "provider[\"registry.terraform.io/hashicorp/kubernetes\"]",
      "instances": [
        {
          "status": "tainted",
          "schema_version": 1,
          "attributes": {
            "id": "default/sarvam-v2v-web-ui",
            "metadata": [
              {
                "annotations": null,
                "generate_name": "",
                "generation": 0,
                "labels": {
                  "app.kubernetes.io/name": "sarvam-v2v-web-ui"
                },
                "name": "sarvam-v2v-web-ui",
                "namespace": "default",
                "resource_version": "",
                "uid": ""
              }
            ],
            "spec": [
              {
                "min_ready_seconds": 0,
                "paused": false,
                "progress_deadline_seconds": 600,
                "replicas": "",
                "revision_history_limit": 10,
                "selector": [
                  {
                    "match_expressions": [],
                    "match_labels": {
                      "app.kubernetes.io/name": "sarvam-v2v-web-ui"
                    }
                  }
                ],
                "strategy": [],
                "template": [
                  {
                    "metadata": [
                      {
                        "annotations": null,
                        "generate_name": "",
                        "generation": 0,
                        "labels": {
                          "app.kubernetes.io/name": "sarvam-v2v-web-ui",
                          "azure.workload.identity/use": "true"
                        },
                        "name": "",
                        "namespace": "",
                        "resource_version": "",
                        "uid": ""
                      }
                    ],
                    "spec": [
                      {
                        "active_deadline_seconds": 0,
                        "affinity": [],
                        "automount_service_account_token": true,
                        "container": [
                          {
                            "args": null,
                            "command": null,
                            "env": [
                              {
                                "name": "CLIENT_INTERRUPT",
                                "value": "true",
                                "value_from": []
                              },
                              {
                                "name": "GOOGLE_API_KEY",
                                "value": "",
                                "value_from": []
                              },
                              {
                                "name": "GOOGLE_CSE_ID",
                                "value": "",
                                "value_from": []
                              },
                              {
                                "name": "NEXTAUTH_BASE_PATH",
                                "value": "/api/authentication",
                                "value_from": []
                              },
                              {
                                "name": "NEXTAUTH_SECRET",
                                "value": "VoNoeL47YPHlsd02mCG1KlXOFdJJqHyTR2GjEJL/A7w=",
                                "value_from": []
                              },
                              {
                                "name": "NEXTAUTH_URL",
                                "value": "http://\u003cip\u003e/api/authentication",
                                "value_from": []
                              },
                              {
                                "name": "PLAYBACK_VOLUME_HIGH",
                                "value": "1.0",
                                "value_from": []
                              },
                              {
                                "name": "PLAYBACK_VOLUME_LOW",
                                "value": "0.5",
                                "value_from": []
                              },
                              {
                                "name": "RECORDING_GAIN_VALUE",
                                "value": "1",
                                "value_from": []
                              },
                              {
                                "name": "SARVAM_APP_RUNTIME_HTTP_URL",
                                "value": "http://auth-service",
                                "value_from": []
                              },
                              {
                                "name": "SARVAM_APP_RUNTIME_WS_URL",
                                "value": "ws://10.10.109.28:31983/channels/web-call-custom-auth",
                                "value_from": []
                              },
                              {
                                "name": "TOGGLE_AUTH",
                                "value": "true",
                                "value_from": []
                              },
                              {
                                "name": "TOGGLE_VAD",
                                "value": "false",
                                "value_from": []
                              }
                            ],
                            "env_from": [
                              {
                                "config_map_ref": [
                                  {
                                    "name": "observe-env",
                                    "optional": false
                                  }
                                ],
                                "prefix": "",
                                "secret_ref": []
                              }
                            ],
                            "image": "uidaimodels.azurecr.io/sarvam-v2v-web-ui:v0.0.2-onprem",
                            "image_pull_policy": "",
                            "lifecycle": [
                              {
                                "post_start": [],
                                "pre_stop": [
                                  {
                                    "exec": [
                                      {
                                        "command": [
                                          "sleep",
                                          "80"
                                        ]
                                      }
                                    ],
                                    "http_get": [],
                                    "tcp_socket": []
                                  }
                                ]
                              }
                            ],
                            "liveness_probe": [
                              {
                                "exec": [],
                                "failure_threshold": 3,
                                "grpc": [],
                                "http_get": [
                                  {
                                    "host": "",
                                    "http_header": [],
                                    "path": "/health",
                                    "port": "3000",
                                    "scheme": "HTTP"
                                  }
                                ],
                                "initial_delay_seconds": 30,
                                "period_seconds": 10,
                                "success_threshold": 1,
                                "tcp_socket": [],
                                "timeout_seconds": 5
                              }
                            ],
                            "name": "sarvam-v2v-web-ui",
                            "port": [
                              {
                                "container_port": 3000,
                                "host_ip": "",
                                "host_port": 0,
                                "name": "",
                                "protocol": "TCP"
                              }
                            ],
                            "readiness_probe": [],
                            "resources": [
                              {
                                "limits": {
                                  "cpu": "200m",
                                  "memory": "500Mi"
                                },
                                "requests": {
                                  "cpu": "100m",
                                  "memory": "200Mi"
                                }
                              }
                            ],
                            "security_context": [],
                            "startup_probe": [],
                            "stdin": false,
                            "stdin_once": false,
                            "termination_message_path": "/dev/termination-log",
                            "termination_message_policy": "",
                            "tty": false,
                            "volume_device": [],
                            "volume_mount": [],
                            "working_dir": ""
                          }
                        ],
                        "dns_config": [],
                        "dns_policy": "ClusterFirst",
                        "enable_service_links": true,
                        "host_aliases": [],
                        "host_ipc": false,
                        "host_network": false,
                        "host_pid": false,
                        "hostname": "",
                        "image_pull_secrets": [],
                        "init_container": [],
                        "node_name": "",
                        "node_selector": {
                          "type": "sarvam"
                        },
                        "os": [],
                        "priority_class_name": "",
                        "readiness_gate": [],
                        "restart_policy": "Always",
                        "runtime_class_name": "",
                        "scheduler_name": "",
                        "security_context": [],
                        "service_account_name": "default",
                        "share_process_namespace": false,
                        "subdomain": "",
                        "termination_grace_period_seconds": 90,
                        "toleration": [],
                        "topology_spread_constraint": [],
                        "volume": []
                      }
                    ]
                  }
                ]
              }
            ],
            "timeouts": null,
            "wait_for_rollout": true
          },
          "sensitive_attributes": [],
          "private": "eyJlMmJmYjczMC1lY2FhLTExZTYtOGY4OC0zNDM2M2JjN2M0YzAiOnsiY3JlYXRlIjo2MDAwMDAwMDAwMDAsImRlbGV0ZSI6NjAwMDAwMDAwMDAwLCJ1cGRhdGUiOjYwMDAwMDAwMDAwMH0sInNjaGVtYV92ZXJzaW9uIjoiMSJ9"
        }
      ]
    },
    {
      "module": "module.sarvam_v2v_web_ui",
      "mode": "managed",
      "type": "kubernetes_service_v1",
      "name": "main",
      "provider": "provider[\"registry.terraform.io/hashicorp/kubernetes\"]",
      "instances": [
        {
          "index_key": "1",
          "schema_version": 1,
          "attributes": {
            "id": "default/sarvam-v2v-web-ui",
            "metadata": [
              {
                "annotations": {},
                "generate_name": "",
                "generation": 0,
                "labels": {},
                "name": "sarvam-v2v-web-ui",
                "namespace": "default",
                "resource_version": "97412938",
                "uid": "07cec5bb-f7c6-4e43-8c5c-fad49866801c"
              }
            ],
            "spec": [
              {
                "allocate_load_balancer_node_ports": true,
                "cluster_ip": "10.0.255.97",
                "cluster_ips": [
                  "10.0.255.97"
                ],
                "external_ips": [],
                "external_name": "",
                "external_traffic_policy": "",
                "health_check_node_port": 0,
                "internal_traffic_policy": "Cluster",
                "ip_families": [
                  "IPv4"
                ],
                "ip_family_policy": "SingleStack",
                "load_balancer_class": "",
                "load_balancer_ip": "",
                "load_balancer_source_ranges": [],
                "port": [
                  {
                    "app_protocol": "",
                    "name": "http",
                    "node_port": 0,
                    "port": 80,
                    "protocol": "TCP",
                    "target_port": "3000"
                  }
                ],
                "publish_not_ready_addresses": false,
                "selector": {
                  "app.kubernetes.io/name": "sarvam-v2v-web-ui"
                },
                "session_affinity": "None",
                "session_affinity_config": [],
                "type": "ClusterIP"
              }
            ],
            "status": [
              {
                "load_balancer": [
                  {
                    "ingress": []
                  }
                ]
              }
            ],
            "timeouts": null,
            "wait_for_load_balancer": true
          },
          "sensitive_attributes": [],
          "private": "eyJlMmJmYjczMC1lY2FhLTExZTYtOGY4OC0zNDM2M2JjN2M0YzAiOnsiY3JlYXRlIjo2MDAwMDAwMDAwMDB9LCJzY2hlbWFfdmVyc2lvbiI6IjEifQ=="
        }
      ]
    },
    {
      "module": "module.sarvam_vad_service",
      "mode": "managed",
      "type": "kubernetes_deployment_v1",
      "name": "deploy",
      "provider": "provider[\"registry.terraform.io/hashicorp/kubernetes\"]",
      "instances": [
        {
          "schema_version": 1,
          "attributes": {
            "id": "default/sarvam-vad-service",
            "metadata": [
              {
                "annotations": {},
                "generate_name": "",
                "generation": 4,
                "labels": {
                  "app.kubernetes.io/name": "sarvam-vad-service"
                },
                "name": "sarvam-vad-service",
                "namespace": "default",
                "resource_version": "97414587",
                "uid": "960149cb-fc56-46d3-99d1-ff588bb2fb38"
              }
            ],
            "spec": [
              {
                "min_ready_seconds": 0,
                "paused": false,
                "progress_deadline_seconds": 600,
                "replicas": "1",
                "revision_history_limit": 10,
                "selector": [
                  {
                    "match_expressions": [],
                    "match_labels": {
                      "app.kubernetes.io/name": "sarvam-vad-service"
                    }
                  }
                ],
                "strategy": [
                  {
                    "rolling_update": [
                      {
                        "max_surge": "25%",
                        "max_unavailable": "25%"
                      }
                    ],
                    "type": "RollingUpdate"
                  }
                ],
                "template": [
                  {
                    "metadata": [
                      {
                        "annotations": {},
                        "generate_name": "",
                        "generation": 0,
                        "labels": {
                          "app.kubernetes.io/name": "sarvam-vad-service",
                          "azure.workload.identity/use": "true"
                        },
                        "name": "",
                        "namespace": "",
                        "resource_version": "",
                        "uid": ""
                      }
                    ],
                    "spec": [
                      {
                        "active_deadline_seconds": 0,
                        "affinity": [],
                        "automount_service_account_token": true,
                        "container": [
                          {
                            "args": [],
                            "command": [],
                            "env": [
                              {
                                "name": "MAX_WORKERS",
                                "value": "5",
                                "value_from": []
                              },
                              {
                                "name": "SILERO_PATH",
                                "value": "/workspace/snakers4_silero-vad_v5.2",
                                "value_from": []
                              }
                            ],
                            "env_from": [
                              {
                                "config_map_ref": [
                                  {
                                    "name": "observe-env",
                                    "optional": false
                                  }
                                ],
                                "prefix": "",
                                "secret_ref": []
                              }
                            ],
                            "image": "uidaimodels.azurecr.io/sarvam-vad-service:v0.1.2.on-prem.fix",
                            "image_pull_policy": "IfNotPresent",
                            "lifecycle": [
                              {
                                "post_start": [],
                                "pre_stop": [
                                  {
                                    "exec": [
                                      {
                                        "command": [
                                          "sleep",
                                          "80"
                                        ]
                                      }
                                    ],
                                    "http_get": [],
                                    "tcp_socket": []
                                  }
                                ]
                              }
                            ],
                            "liveness_probe": [],
                            "name": "sarvam-vad-service",
                            "port": [
                              {
                                "container_port": 50051,
                                "host_ip": "",
                                "host_port": 0,
                                "name": "",
                                "protocol": "TCP"
                              }
                            ],
                            "readiness_probe": [],
                            "resources": [
                              {
                                "limits": {
                                  "cpu": "500m",
                                  "memory": "3Gi"
                                },
                                "requests": {
                                  "cpu": "100m",
                                  "memory": "2Gi"
                                }
                              }
                            ],
                            "security_context": [],
                            "startup_probe": [],
                            "stdin": false,
                            "stdin_once": false,
                            "termination_message_path": "/dev/termination-log",
                            "termination_message_policy": "File",
                            "tty": false,
                            "volume_device": [],
                            "volume_mount": [],
                            "working_dir": ""
                          }
                        ],
                        "dns_config": [],
                        "dns_policy": "ClusterFirst",
                        "enable_service_links": true,
                        "host_aliases": [],
                        "host_ipc": false,
                        "host_network": false,
                        "host_pid": false,
                        "hostname": "",
                        "image_pull_secrets": [],
                        "init_container": [],
                        "node_name": "",
                        "node_selector": {
                          "type": "sarvam"
                        },
                        "os": [],
                        "priority_class_name": "",
                        "readiness_gate": [],
                        "restart_policy": "Always",
                        "runtime_class_name": "",
                        "scheduler_name": "default-scheduler",
                        "security_context": [],
                        "service_account_name": "default",
                        "share_process_namespace": false,
                        "subdomain": "",
                        "termination_grace_period_seconds": 90,
                        "toleration": [
                          {
                            "effect": "NoSchedule",
                            "key": "sku",
                            "operator": "Equal",
                            "toleration_seconds": "",
                            "value": "gpu"
                          }
                        ],
                        "topology_spread_constraint": [],
                        "volume": []
                      }
                    ]
                  }
                ]
              }
            ],
            "timeouts": null,
            "wait_for_rollout": true
          },
          "sensitive_attributes": [],
          "private": "eyJlMmJmYjczMC1lY2FhLTExZTYtOGY4OC0zNDM2M2JjN2M0YzAiOnsiY3JlYXRlIjo2MDAwMDAwMDAwMDAsImRlbGV0ZSI6NjAwMDAwMDAwMDAwLCJ1cGRhdGUiOjYwMDAwMDAwMDAwMH0sInNjaGVtYV92ZXJzaW9uIjoiMSJ9"
        }
      ]
    },
    {
      "module": "module.sarvam_vad_service",
      "mode": "managed",
      "type": "kubernetes_horizontal_pod_autoscaler_v2",
      "name": "main",
      "provider": "provider[\"registry.terraform.io/hashicorp/kubernetes\"]",
      "instances": [
        {
          "index_key": "1",
          "schema_version": 0,
          "attributes": {
            "id": "default/sarvam-vad-service-hpa",
            "metadata": [
              {
                "annotations": {},
                "generate_name": "",
                "generation": 0,
                "labels": {},
                "name": "sarvam-vad-service-hpa",
                "namespace": "default",
                "resource_version": "97283389",
                "uid": "69274f81-677a-411e-8233-c56d92f1f0e4"
              }
            ],
            "spec": [
              {
                "behavior": [
                  {
                    "scale_down": [
                      {
                        "policy": [
                          {
                            "period_seconds": 30,
                            "type": "Pods",
                            "value": 100
                          }
                        ],
                        "select_policy": "Max",
                        "stabilization_window_seconds": 0
                      }
                    ],
                    "scale_up": [
                      {
                        "policy": [
                          {
                            "period_seconds": 30,
                            "type": "Pods",
                            "value": 4
                          }
                        ],
                        "select_policy": "Max",
                        "stabilization_window_seconds": 0
                      }
                    ]
                  }
                ],
                "max_replicas": 1,
                "metric": [
                  {
                    "container_resource": [],
                    "external": [],
                    "object": [],
                    "pods": [],
                    "resource": [
                      {
                        "name": "cpu",
                        "target": [
                          {
                            "average_utilization": 70,
                            "average_value": "",
                            "type": "Utilization",
                            "value": ""
                          }
                        ]
                      }
                    ],
                    "type": "Resource"
                  },
                  {
                    "container_resource": [],
                    "external": [],
                    "object": [],
                    "pods": [],
                    "resource": [
                      {
                        "name": "memory",
                        "target": [
                          {
                            "average_utilization": 70,
                            "average_value": "",
                            "type": "Utilization",
                            "value": ""
                          }
                        ]
                      }
                    ],
                    "type": "Resource"
                  }
                ],
                "min_replicas": 1,
                "scale_target_ref": [
                  {
                    "api_version": "apps/v1",
                    "kind": "Deployment",
                    "name": "sarvam-vad-service"
                  }
                ],
                "target_cpu_utilization_percentage": 0
              }
            ]
          },
          "sensitive_attributes": [],
          "private": "bnVsbA==",
          "dependencies": [
            "module.sarvam_vad_service.kubernetes_deployment_v1.deploy"
          ]
        }
      ]
    },
    {
      "module": "module.sarvam_vad_service",
      "mode": "managed",
      "type": "kubernetes_service_v1",
      "name": "main",
      "provider": "provider[\"registry.terraform.io/hashicorp/kubernetes\"]",
      "instances": [
        {
          "index_key": "1",
          "schema_version": 1,
          "attributes": {
            "id": "default/sarvam-vad-service",
            "metadata": [
              {
                "annotations": {},
                "generate_name": "",
                "generation": 0,
                "labels": {},
                "name": "sarvam-vad-service",
                "namespace": "default",
                "resource_version": "94945504",
                "uid": "98e57415-0a51-49d6-94fe-67068fe19b66"
              }
            ],
            "spec": [
              {
                "allocate_load_balancer_node_ports": true,
                "cluster_ip": "10.0.12.210",
                "cluster_ips": [
                  "10.0.12.210"
                ],
                "external_ips": [],
                "external_name": "",
                "external_traffic_policy": "",
                "health_check_node_port": 0,
                "internal_traffic_policy": "Cluster",
                "ip_families": [
                  "IPv4"
                ],
                "ip_family_policy": "SingleStack",
                "load_balancer_class": "",
                "load_balancer_ip": "",
                "load_balancer_source_ranges": [],
                "port": [
                  {
                    "app_protocol": "",
                    "name": "grpc",
                    "node_port": 0,
                    "port": 50051,
                    "protocol": "TCP",
                    "target_port": "50051"
                  }
                ],
                "publish_not_ready_addresses": false,
                "selector": {
                  "app.kubernetes.io/name": "sarvam-vad-service"
                },
                "session_affinity": "None",
                "session_affinity_config": [],
                "type": "ClusterIP"
              }
            ],
            "status": [
              {
                "load_balancer": [
                  {
                    "ingress": []
                  }
                ]
              }
            ],
            "timeouts": null,
            "wait_for_load_balancer": true
          },
          "sensitive_attributes": [],
          "private": "eyJlMmJmYjczMC1lY2FhLTExZTYtOGY4OC0zNDM2M2JjN2M0YzAiOnsiY3JlYXRlIjo2MDAwMDAwMDAwMDB9LCJzY2hlbWFfdmVyc2lvbiI6IjEifQ=="
        }
      ]
    },
    {
      "module": "module.weaviate_env",
      "mode": "managed",
      "type": "kubernetes_config_map_v1",
      "name": "main",
      "provider": "provider[\"registry.terraform.io/hashicorp/kubernetes\"]",
      "instances": [
        {
          "index_key": "default",
          "schema_version": 0,
          "attributes": {
            "binary_data": {},
            "data": {
              "weaviate-url": "http://weaviate.default"
            },
            "id": "default/weaviate-env",
            "immutable": false,
            "metadata": [
              {
                "annotations": {},
                "generate_name": "",
                "generation": 0,
                "labels": {},
                "name": "weaviate-env",
                "namespace": "default",
                "resource_version": "94945478",
                "uid": "097afa67-8433-4e80-a3e4-27a31b730b80"
              }
            ]
          },
          "sensitive_attributes": [],
          "private": "bnVsbA=="
        }
      ]
    }
  ],
  "check_results": [
    {
      "object_kind": "var",
      "config_addr": "module.knowledge_base_runtime_service.var.pod_termination_grace_period_seconds",
      "status": "pass",
      "objects": [
        {
          "object_addr": "module.knowledge_base_runtime_service.var.pod_termination_grace_period_seconds",
          "status": "pass"
        }
      ]
    },
    {
      "object_kind": "var",
      "config_addr": "module.sarvam_app_runtime_svc.var.pod_termination_grace_period_seconds",
      "status": "pass",
      "objects": [
        {
          "object_addr": "module.sarvam_app_runtime_svc.var.pod_termination_grace_period_seconds",
          "status": "pass"
        }
      ]
    },
    {
      "object_kind": "var",
      "config_addr": "module.sarvam_v2v_web_ui.var.pod_termination_grace_period_seconds",
      "status": "pass",
      "objects": [
        {
          "object_addr": "module.sarvam_v2v_web_ui.var.pod_termination_grace_period_seconds",
          "status": "pass"
        }
      ]
    },
    {
      "object_kind": "var",
      "config_addr": "module.knowledge_base_authoring_service.var.pod_termination_grace_period_seconds",
      "status": "pass",
      "objects": [
        {
          "object_addr": "module.knowledge_base_authoring_service.var.pod_termination_grace_period_seconds",
          "status": "pass"
        }
      ]
    },
    {
      "object_kind": "var",
      "config_addr": "module.knowledge_base_authoring_service_worker.var.pod_termination_grace_period_seconds",
      "status": "pass",
      "objects": [
        {
          "object_addr": "module.knowledge_base_authoring_service_worker.var.pod_termination_grace_period_seconds",
          "status": "pass"
        }
      ]
    },
    {
      "object_kind": "var",
      "config_addr": "module.auth_service.var.pod_termination_grace_period_seconds",
      "status": "unknown",
      "objects": [
        {
          "object_addr": "module.auth_service.var.pod_termination_grace_period_seconds",
          "status": "unknown"
        }
      ]
    },
    {
      "object_kind": "var",
      "config_addr": "module.sarvam_vad_service.var.pod_termination_grace_period_seconds",
      "status": "pass",
      "objects": [
        {
          "object_addr": "module.sarvam_vad_service.var.pod_termination_grace_period_seconds",
          "status": "pass"
        }
      ]
    }
  ]
}
