{
  "version": 4,
  "terraform_version": "1.9.5",
  "serial": 49,
  "lineage": "3657f5bf-2922-c17a-a147-1e1f64052967",
  "outputs": {},
  "resources": [
    {
      "mode": "managed",
      "type": "helm_release",
      "name": "weaviate",
      "provider": "provider[\"registry.terraform.io/hashicorp/helm\"]",
      "instances": [
        {
          "schema_version": 1,
          "attributes": {
            "atomic": false,
            "chart": "../helm-charts/weaviate/weaviate",
            "cleanup_on_fail": false,
            "create_namespace": false,
            "dependency_update": false,
            "description": null,
            "devel": null,
            "disable_crd_hooks": false,
            "disable_openapi_validation": false,
            "disable_webhooks": false,
            "force_update": false,
            "id": "kb-weaviate",
            "keyring": null,
            "lint": false,
            "manifest": null,
            "max_history": 0,
            "metadata": [
              {
                "app_version": "1.26.3",
                "chart": "weaviate",
                "first_deployed": 1728546646,
                "last_deployed": 1728546646,
                "name": "kb-weaviate",
                "namespace": "default",
                "notes": "",
                "revision": 1,
                "values": "{\"nodeSelector\":{\"type\":\"sarvam\"},\"replicas\":1,\"serviceAccountName\":\"default\",\"tolerations\":[{\"effect\":\"NoSchedule\",\"key\":\"sku\",\"operator\":\"Equal\",\"value\":\"gpu\"}]}",
                "version": "17.2.1"
              }
            ],
            "name": "kb-weaviate",
            "namespace": "default",
            "pass_credentials": false,
            "postrender": [],
            "recreate_pods": true,
            "render_subchart_notes": true,
            "replace": false,
            "repository": null,
            "repository_ca_file": null,
            "repository_cert_file": null,
            "repository_key_file": null,
            "repository_password": null,
            "repository_username": null,
            "reset_values": true,
            "reuse_values": false,
            "set": [],
            "set_list": [],
            "set_sensitive": [],
            "skip_crds": false,
            "status": "deployed",
            "timeout": 300,
            "values": [
              "    nodeSelector:\n      \"type\": \"sarvam\"\n\n    serviceAccountName: default\n    replicas: 1\n    tolerations:\n      - key: \"sku\"\n        operator: \"Equal\"\n        value: \"gpu\"\n        effect: \"NoSchedule\"\n"
            ],
            "verify": false,
            "version": "17.2.1",
            "wait": true,
            "wait_for_jobs": false
          },
          "sensitive_attributes": [
            [
              {
                "type": "get_attr",
                "value": "repository_password"
              }
            ]
          ],
          "private": "eyJzY2hlbWFfdmVyc2lvbiI6IjEifQ=="
        }
      ]
    },
    {
      "module": "module.auth_postgres_db_env",
      "mode": "managed",
      "type": "kubernetes_config_map_v1",
      "name": "main",
      "provider": "provider[\"registry.terraform.io/hashicorp/kubernetes\"]",
      "instances": [
        {
          "index_key": "default",
          "schema_version": 0,
          "attributes": {
            "binary_data": {},
            "data": {
              "DATABASE_HOST": "auth-postgres-service",
              "DATABASE_PORT": "5432",
              "DATABASE_USER": "postgres"
            },
            "id": "default/auth-postgres-db-env",
            "immutable": false,
            "metadata": [
              {
                "annotations": {},
                "generate_name": "",
                "generation": 0,
                "labels": {},
                "name": "auth-postgres-db-env",
                "namespace": "default",
                "resource_version": "94945479",
                "uid": "10ca0caf-42a7-457d-a90a-366a8d58dca8"
              }
            ]
          },
          "sensitive_attributes": [],
          "private": "bnVsbA=="
        }
      ]
    },
    {
      "module": "module.auth_postgres_db_secrets",
      "mode": "managed",
      "type": "kubernetes_secret_v1",
      "name": "main",
      "provider": "provider[\"registry.terraform.io/hashicorp/kubernetes\"]",
      "instances": [
        {
          "index_key": "default",
          "schema_version": 0,
          "attributes": {
            "binary_data": null,
            "data": {
              "DATABASE_PASSWORD": "password"
            },
            "id": "default/auth-postgres-db-secrets",
            "immutable": false,
            "metadata": [
              {
                "annotations": {},
                "generate_name": "",
                "generation": 0,
                "labels": {},
                "name": "auth-postgres-db-secrets",
                "namespace": "default",
                "resource_version": "94945475",
                "uid": "ef4ee794-4b56-45e0-9642-8abd7fc946c6"
              }
            ],
            "timeouts": null,
            "type": "Opaque",
            "wait_for_service_account_token": true
          },
          "sensitive_attributes": [
            [
              {
                "type": "get_attr",
                "value": "binary_data"
              }
            ],
            [
              {
                "type": "get_attr",
                "value": "data"
              }
            ],
            [
              {
                "type": "get_attr",
                "value": "data"
              },
              {
                "type": "index",
                "value": {
                  "value": "DATABASE_PASSWORD",
                  "type": "string"
                }
              }
            ]
          ],
          "private": "eyJlMmJmYjczMC1lY2FhLTExZTYtOGY4OC0zNDM2M2JjN2M0YzAiOnsiY3JlYXRlIjo2MDAwMDAwMDAwMH19",
          "dependencies": [
            "module.auth_postgres_db_secrets.random_pet.main"
          ]
        }
      ]
    },
    {
      "module": "module.auth_service_secrets",
      "mode": "managed",
      "type": "kubernetes_secret_v1",
      "name": "main",
      "provider": "provider[\"registry.terraform.io/hashicorp/kubernetes\"]",
      "instances": [
        {
          "index_key": "default",
          "schema_version": 0,
          "attributes": {
            "binary_data": null,
            "data": {
              "FIRST_USER_PASSWORD": "smashing-raptor",
              "TOKEN_JWT_SECRET_REFRESH_KEY": "notable-rodent"
            },
            "id": "default/auth-service-secrets",
            "immutable": false,
            "metadata": [
              {
                "annotations": {},
                "generate_name": "",
                "generation": 0,
                "labels": {},
                "name": "auth-service-secrets",
                "namespace": "default",
                "resource_version": "94945498",
                "uid": "d4dd4518-d673-4dbb-a6f8-b1ee33fb7629"
              }
            ],
            "timeouts": null,
            "type": "Opaque",
            "wait_for_service_account_token": true
          },
          "sensitive_attributes": [
            [
              {
                "type": "get_attr",
                "value": "binary_data"
              }
            ],
            [
              {
                "type": "get_attr",
                "value": "data"
              }
            ]
          ],
          "private": "eyJlMmJmYjczMC1lY2FhLTExZTYtOGY4OC0zNDM2M2JjN2M0YzAiOnsiY3JlYXRlIjo2MDAwMDAwMDAwMH19",
          "dependencies": [
            "module.auth_service_secrets.random_pet.main"
          ]
        }
      ]
    },
    {
      "module": "module.auth_service_secrets",
      "mode": "managed",
      "type": "random_pet",
      "name": "main",
      "provider": "provider[\"registry.terraform.io/hashicorp/random\"]",
      "instances": [
        {
          "index_key": "FIRST_USER_PASSWORD",
          "schema_version": 0,
          "attributes": {
            "id": "smashing-raptor",
            "keepers": null,
            "length": 2,
            "prefix": null,
            "separator": "-"
          },
          "sensitive_attributes": []
        },
        {
          "index_key": "TOKEN_JWT_SECRET_REFRESH_KEY",
          "schema_version": 0,
          "attributes": {
            "id": "notable-rodent",
            "keepers": null,
            "length": 2,
            "prefix": null,
            "separator": "-"
          },
          "sensitive_attributes": []
        }
      ]
    },
    {
      "module": "module.auth_shared_secrets",
      "mode": "managed",
      "type": "kubernetes_secret_v1",
      "name": "main",
      "provider": "provider[\"registry.terraform.io/hashicorp/kubernetes\"]",
      "instances": [
        {
          "index_key": "default",
          "schema_version": 0,
          "attributes": {
            "binary_data": null,
            "data": {
              "TOKEN_JWT_SECRET_ACCESS_KEY": "welcomed-mallard"
            },
            "id": "default/auth-shared-secrets",
            "immutable": false,
            "metadata": [
              {
                "annotations": {},
                "generate_name": "",
                "generation": 0,
                "labels": {},
                "name": "auth-shared-secrets",
                "namespace": "default",
                "resource_version": "94945497",
                "uid": "af19b93f-a76d-41f6-a1e3-cab33088f135"
              }
            ],
            "timeouts": null,
            "type": "Opaque",
            "wait_for_service_account_token": true
          },
          "sensitive_attributes": [
            [
              {
                "type": "get_attr",
                "value": "binary_data"
              }
            ],
            [
              {
                "type": "get_attr",
                "value": "data"
              }
            ]
          ],
          "private": "eyJlMmJmYjczMC1lY2FhLTExZTYtOGY4OC0zNDM2M2JjN2M0YzAiOnsiY3JlYXRlIjo2MDAwMDAwMDAwMH19",
          "dependencies": [
            "module.auth_shared_secrets.random_pet.main"
          ]
        }
      ]
    },
    {
      "module": "module.auth_shared_secrets",
      "mode": "managed",
      "type": "random_pet",
      "name": "main",
      "provider": "provider[\"registry.terraform.io/hashicorp/random\"]",
      "instances": [
        {
          "index_key": "TOKEN_JWT_SECRET_ACCESS_KEY",
          "schema_version": 0,
          "attributes": {
            "id": "welcomed-mallard",
            "keepers": null,
            "length": 2,
            "prefix": null,
            "separator": "-"
          },
          "sensitive_attributes": []
        }
      ]
    },
    {
      "module": "module.kb_postgres_db_env",
      "mode": "managed",
      "type": "kubernetes_config_map_v1",
      "name": "main",
      "provider": "provider[\"registry.terraform.io/hashicorp/kubernetes\"]",
      "instances": [
        {
          "index_key": "default",
          "schema_version": 0,
          "attributes": {
            "binary_data": {},
            "data": {
              "DATABASE_HOST": "kb-postgres-service",
              "DATABASE_PORT": "5432",
              "DATABASE_USER": "postgres"
            },
            "id": "default/kb-postgres-db-env",
            "immutable": false,
            "metadata": [
              {
                "annotations": {},
                "generate_name": "",
                "generation": 0,
                "labels": {},
                "name": "kb-postgres-db-env",
                "namespace": "default",
                "resource_version": "94945499",
                "uid": "7c9609fc-1a88-4d62-b674-e11d61a50f28"
              }
            ]
          },
          "sensitive_attributes": [],
          "private": "bnVsbA=="
        }
      ]
    },
    {
      "module": "module.kb_postgres_db_secrets",
      "mode": "managed",
      "type": "kubernetes_secret_v1",
      "name": "main",
      "provider": "provider[\"registry.terraform.io/hashicorp/kubernetes\"]",
      "instances": [
        {
          "index_key": "default",
          "schema_version": 0,
          "attributes": {
            "binary_data": null,
            "data": {
              "DATABASE_PASSWORD": "password"
            },
            "id": "default/kb-postgres-db-secrets",
            "immutable": false,
            "metadata": [
              {
                "annotations": {},
                "generate_name": "",
                "generation": 0,
                "labels": {},
                "name": "kb-postgres-db-secrets",
                "namespace": "default",
                "resource_version": "94945501",
                "uid": "621f7538-4631-4ef3-912b-4ea9171f3ef7"
              }
            ],
            "timeouts": null,
            "type": "Opaque",
            "wait_for_service_account_token": true
          },
          "sensitive_attributes": [
            [
              {
                "type": "get_attr",
                "value": "binary_data"
              }
            ],
            [
              {
                "type": "get_attr",
                "value": "data"
              }
            ],
            [
              {
                "type": "get_attr",
                "value": "data"
              },
              {
                "type": "index",
                "value": {
                  "value": "DATABASE_PASSWORD",
                  "type": "string"
                }
              }
            ]
          ],
          "private": "eyJlMmJmYjczMC1lY2FhLTExZTYtOGY4OC0zNDM2M2JjN2M0YzAiOnsiY3JlYXRlIjo2MDAwMDAwMDAwMH19",
          "dependencies": [
            "module.kb_postgres_db_secrets.random_pet.main"
          ]
        }
      ]
    },
    {
      "module": "module.observe_env",
      "mode": "managed",
      "type": "kubernetes_config_map_v1",
      "name": "main",
      "provider": "provider[\"registry.terraform.io/hashicorp/kubernetes\"]",
      "instances": [
        {
          "index_key": "default",
          "schema_version": 0,
          "attributes": {
            "binary_data": {},
            "data": {
              "OBSERVE_USE_GCP": "false"
            },
            "id": "default/observe-env",
            "immutable": false,
            "metadata": [
              {
                "annotations": {},
                "generate_name": "",
                "generation": 0,
                "labels": {},
                "name": "observe-env",
                "namespace": "default",
                "resource_version": "94945474",
                "uid": "ca31a4a6-fa93-4d70-b040-dbc62175c7fa"
              }
            ]
          },
          "sensitive_attributes": [],
          "private": "bnVsbA=="
        }
      ]
    },
    {
      "module": "module.on_prem_model_urls",
      "mode": "managed",
      "type": "kubernetes_config_map_v1",
      "name": "main",
      "provider": "provider[\"registry.terraform.io/hashicorp/kubernetes\"]",
      "instances": [
        {
          "index_key": "default",
          "schema_version": 0,
          "attributes": {
            "binary_data": {},
            "data": {
              "HOSTED_EMBEDDING_URL": "speech-tts-nemo-service.default:8000",
              "HOSTED_RERANKING_URL": "speech-tts-nemo-service.default:8000",
              "LLAMAGUARD_URL": "http://vllm-llama-gaurd-service.default:8000/v1/chat/completions",
              "SARVAM_ASR_URL": "speech-whisper-batched-service.default:8000",
              "SARVAM_LLM_LLAMA_3_1_70B_URL": "http://nim-llama3-1-8b-service.default:8000/v1/chat/completions",
              "SARVAM_LLM_LLAMA_3_1_8B_URL": "http://nim-llama3-1-8b-service.default:8000/v1/chat/completions",
              "SARVAM_LLM_URL": "http://nim-llama3-1-8b-service.default:8000/v1/chat/completions",
              "SARVAM_OPENHATHI_URL": "http://vllm-l3-translation-new-servic.default:8000/v1/chat/completions",
              "SARVAM_OPENHATHI_XLIT_URL": "http://vllm-pre-tts-service.default:8000/v1/chat/completions",
              "SARVAM_TRANSLATE_URL": "http://vllm-l3-translation-new-service.default:8000/v1/chat/completions",
              "SARVAM_TTS_URL": "speech-tts-nemo-service.default:8000",
              "SARVAM_XLIT_ROMAN_URL": "",
              "SARVAM_XLIT_URL": "http://vllm-pre-tts-service.default:8000/v1/chat/completions",
              "TRITON_PROMPT_INJECTION_URL": "speech-tts-nemo-service.default:8000"
            },
            "id": "default/on-prem-model-urls",
            "immutable": false,
            "metadata": [
              {
                "annotations": {},
                "generate_name": "",
                "generation": 0,
                "labels": {},
                "name": "on-prem-model-urls",
                "namespace": "default",
                "resource_version": "94945477",
                "uid": "f69b5520-6e65-4b18-96cc-04ef5117f417"
              }
            ]
          },
          "sensitive_attributes": [],
          "private": "bnVsbA=="
        }
      ]
    },
    {
      "module": "module.redis_config_maps",
      "mode": "managed",
      "type": "kubernetes_config_map_v1",
      "name": "main",
      "provider": "provider[\"registry.terraform.io/hashicorp/kubernetes\"]",
      "instances": [
        {
          "index_key": "default",
          "schema_version": 0,
          "attributes": {
            "binary_data": {},
            "data": {
              "REDIS_HOST": "redis-service",
              "REDIS_PORT": "6379",
              "REDIS_TLS": "false"
            },
            "id": "default/redis-env",
            "immutable": false,
            "metadata": [
              {
                "annotations": {},
                "generate_name": "",
                "generation": 0,
                "labels": {},
                "name": "redis-env",
                "namespace": "default",
                "resource_version": "94945500",
                "uid": "07e5f947-a512-45a0-b227-703fd16fd97c"
              }
            ]
          },
          "sensitive_attributes": [],
          "private": "bnVsbA=="
        }
      ]
    },
    {
      "module": "module.redis_secrets",
      "mode": "managed",
      "type": "kubernetes_secret_v1",
      "name": "main",
      "provider": "provider[\"registry.terraform.io/hashicorp/kubernetes\"]",
      "instances": [
        {
          "index_key": "default",
          "schema_version": 0,
          "attributes": {
            "binary_data": null,
            "data": {
              "REDIS_PASSWORD": "password",
              "REDIS_URL_PREFIX": "redis://:password@redis-service:6379"
            },
            "id": "default/redis-secrets",
            "immutable": false,
            "metadata": [
              {
                "annotations": {},
                "generate_name": "",
                "generation": 0,
                "labels": {},
                "name": "redis-secrets",
                "namespace": "default",
                "resource_version": "94945502",
                "uid": "70f0276f-3525-45fe-9247-0efa77452a60"
              }
            ],
            "timeouts": null,
            "type": "Opaque",
            "wait_for_service_account_token": true
          },
          "sensitive_attributes": [
            [
              {
                "type": "get_attr",
                "value": "binary_data"
              }
            ],
            [
              {
                "type": "get_attr",
                "value": "data"
              }
            ],
            [
              {
                "type": "get_attr",
                "value": "data"
              },
              {
                "type": "index",
                "value": {
                  "value": "REDIS_PASSWORD",
                  "type": "string"
                }
              }
            ]
          ],
          "private": "eyJlMmJmYjczMC1lY2FhLTExZTYtOGY4OC0zNDM2M2JjN2M0YzAiOnsiY3JlYXRlIjo2MDAwMDAwMDAwMH19",
          "dependencies": [
            "module.redis_secrets.random_pet.main"
          ]
        }
      ]
    },
    {
      "module": "module.runtime_service_urls",
      "mode": "managed",
      "type": "kubernetes_config_map_v1",
      "name": "main",
      "provider": "provider[\"registry.terraform.io/hashicorp/kubernetes\"]",
      "instances": [
        {
          "index_key": "default",
          "schema_version": 0,
          "attributes": {
            "binary_data": {},
            "data": {
              "APP_AUTHORING_SERVICE_URL": "http://sarvam-app-authoring-service",
              "KNOWLEDGE_BASE_SERVICE_AUTHORING_URL": "http://knowledge-base-authoring-service",
              "KNOWLEDGE_BASE_SERVICE_URL": "http://knowledge-base-service"
            },
            "id": "default/service-urls",
            "immutable": false,
            "metadata": [
              {
                "annotations": {},
                "generate_name": "",
                "generation": 0,
                "labels": {},
                "name": "service-urls",
                "namespace": "default",
                "resource_version": "94945476",
                "uid": "31a1d3b3-d481-451f-9071-5efc0cf8be5f"
              }
            ]
          },
          "sensitive_attributes": [],
          "private": "bnVsbA=="
        }
      ]
    },
    {
      "module": "module.weaviate_env",
      "mode": "managed",
      "type": "kubernetes_config_map_v1",
      "name": "main",
      "provider": "provider[\"registry.terraform.io/hashicorp/kubernetes\"]",
      "instances": [
        {
          "index_key": "default",
          "schema_version": 0,
          "attributes": {
            "binary_data": {},
            "data": {
              "weaviate-url": "http://weaviate.default"
            },
            "id": "default/weaviate-env",
            "immutable": false,
            "metadata": [
              {
                "annotations": {},
                "generate_name": "",
                "generation": 0,
                "labels": {},
                "name": "weaviate-env",
                "namespace": "default",
                "resource_version": "94945478",
                "uid": "097afa67-8433-4e80-a3e4-27a31b730b80"
              }
            ]
          },
          "sensitive_attributes": [],
          "private": "bnVsbA=="
        }
      ]
    }
  ],
  "check_results": null
}
