{
  "version": 4,
  "terraform_version": "1.9.5",
  "serial": 112,
  "lineage": "3657f5bf-2922-c17a-a147-1e1f64052967",
  "outputs": {},
  "resources": [
    {
      "mode": "managed",
      "type": "helm_release",
      "name": "weaviate",
      "provider": "provider[\"registry.terraform.io/hashicorp/helm\"]",
      "instances": [
        {
          "schema_version": 1,
          "attributes": {
            "atomic": false,
            "chart": "../helm-charts/weaviate/weaviate",
            "cleanup_on_fail": false,
            "create_namespace": false,
            "dependency_update": false,
            "description": null,
            "devel": null,
            "disable_crd_hooks": false,
            "disable_openapi_validation": false,
            "disable_webhooks": false,
            "force_update": false,
            "id": "kb-weaviate",
            "keyring": null,
            "lint": false,
            "manifest": null,
            "max_history": 0,
            "metadata": [
              {
                "app_version": "1.26.3",
                "chart": "weaviate",
                "first_deployed": 1728546646,
                "last_deployed": 1728546646,
                "name": "kb-weaviate",
                "namespace": "default",
                "notes": "",
                "revision": 1,
                "values": "{\"nodeSelector\":{\"type\":\"sarvam\"},\"replicas\":1,\"serviceAccountName\":\"default\",\"tolerations\":[{\"effect\":\"NoSchedule\",\"key\":\"sku\",\"operator\":\"Equal\",\"value\":\"gpu\"}]}",
                "version": "17.2.1"
              }
            ],
            "name": "kb-weaviate",
            "namespace": "default",
            "pass_credentials": false,
            "postrender": [],
            "recreate_pods": true,
            "render_subchart_notes": true,
            "replace": false,
            "repository": null,
            "repository_ca_file": null,
            "repository_cert_file": null,
            "repository_key_file": null,
            "repository_password": null,
            "repository_username": null,
            "reset_values": true,
            "reuse_values": false,
            "set": [],
            "set_list": [],
            "set_sensitive": [],
            "skip_crds": false,
            "status": "deployed",
            "timeout": 300,
            "values": [
              "    nodeSelector:\n      \"type\": \"sarvam\"\n\n    serviceAccountName: default\n    replicas: 1\n    tolerations:\n      - key: \"sku\"\n        operator: \"Equal\"\n        value: \"gpu\"\n        effect: \"NoSchedule\"\n"
            ],
            "verify": false,
            "version": "17.2.1",
            "wait": true,
            "wait_for_jobs": false
          },
          "sensitive_attributes": [
            [
              {
                "type": "get_attr",
                "value": "repository_password"
              }
            ]
          ],
          "private": "eyJzY2hlbWFfdmVyc2lvbiI6IjEifQ=="
        }
      ]
    },
    {
      "module": "module.auth_postgres_db_env",
      "mode": "managed",
      "type": "kubernetes_config_map_v1",
      "name": "main",
      "provider": "provider[\"registry.terraform.io/hashicorp/kubernetes\"]",
      "instances": [
        {
          "index_key": "default",
          "schema_version": 0,
          "attributes": {
            "binary_data": {},
            "data": {
              "DATABASE_HOST": "auth-postgres-service",
              "DATABASE_PORT": "5432",
              "DATABASE_USER": "postgres"
            },
            "id": "default/auth-postgres-db-env",
            "immutable": false,
            "metadata": [
              {
                "annotations": {},
                "generate_name": "",
                "generation": 0,
                "labels": {},
                "name": "auth-postgres-db-env",
                "namespace": "default",
                "resource_version": "94945479",
                "uid": "10ca0caf-42a7-457d-a90a-366a8d58dca8"
              }
            ]
          },
          "sensitive_attributes": [],
          "private": "bnVsbA=="
        }
      ]
    },
    {
      "module": "module.auth_postgres_db_secrets",
      "mode": "managed",
      "type": "kubernetes_secret_v1",
      "name": "main",
      "provider": "provider[\"registry.terraform.io/hashicorp/kubernetes\"]",
      "instances": [
        {
          "index_key": "default",
          "schema_version": 0,
          "attributes": {
            "binary_data": null,
            "data": {
              "DATABASE_PASSWORD": "password"
            },
            "id": "default/auth-postgres-db-secrets",
            "immutable": false,
            "metadata": [
              {
                "annotations": {},
                "generate_name": "",
                "generation": 0,
                "labels": {},
                "name": "auth-postgres-db-secrets",
                "namespace": "default",
                "resource_version": "94945475",
                "uid": "ef4ee794-4b56-45e0-9642-8abd7fc946c6"
              }
            ],
            "timeouts": null,
            "type": "Opaque",
            "wait_for_service_account_token": true
          },
          "sensitive_attributes": [
            [
              {
                "type": "get_attr",
                "value": "binary_data"
              }
            ],
            [
              {
                "type": "get_attr",
                "value": "data"
              }
            ],
            [
              {
                "type": "get_attr",
                "value": "data"
              },
              {
                "type": "index",
                "value": {
                  "value": "DATABASE_PASSWORD",
                  "type": "string"
                }
              }
            ]
          ],
          "private": "eyJlMmJmYjczMC1lY2FhLTExZTYtOGY4OC0zNDM2M2JjN2M0YzAiOnsiY3JlYXRlIjo2MDAwMDAwMDAwMH19",
          "dependencies": [
            "module.auth_postgres_db_secrets.random_pet.main"
          ]
        }
      ]
    },
    {
      "module": "module.auth_service",
      "mode": "managed",
      "type": "kubernetes_deployment_v1",
      "name": "deploy",
      "provider": "provider[\"registry.terraform.io/hashicorp/kubernetes\"]",
      "instances": [
        {
          "schema_version": 1,
          "attributes": {
            "id": "default/auth-service",
            "metadata": [
              {
                "annotations": {},
                "generate_name": "",
                "generation": 1,
                "labels": {
                  "app.kubernetes.io/name": "auth-service"
                },
                "name": "auth-service",
                "namespace": "default",
                "resource_version": "97536936",
                "uid": "e44b106c-ab40-4853-85dd-939e4589837b"
              }
            ],
            "spec": [
              {
                "min_ready_seconds": 0,
                "paused": false,
                "progress_deadline_seconds": 600,
                "replicas": "1",
                "revision_history_limit": 10,
                "selector": [
                  {
                    "match_expressions": [],
                    "match_labels": {
                      "app.kubernetes.io/name": "auth-service"
                    }
                  }
                ],
                "strategy": [
                  {
                    "rolling_update": [
                      {
                        "max_surge": "25%",
                        "max_unavailable": "25%"
                      }
                    ],
                    "type": "RollingUpdate"
                  }
                ],
                "template": [
                  {
                    "metadata": [
                      {
                        "annotations": {},
                        "generate_name": "",
                        "generation": 0,
                        "labels": {
                          "app.kubernetes.io/name": "auth-service",
                          "azure.workload.identity/use": "true"
                        },
                        "name": "",
                        "namespace": "",
                        "resource_version": "",
                        "uid": ""
                      }
                    ],
                    "spec": [
                      {
                        "active_deadline_seconds": 0,
                        "affinity": [],
                        "automount_service_account_token": true,
                        "container": [
                          {
                            "args": [],
                            "command": [],
                            "env": [
                              {
                                "name": "FIRST_USER_PASSWORD",
                                "value": "",
                                "value_from": [
                                  {
                                    "config_map_key_ref": [],
                                    "field_ref": [],
                                    "resource_field_ref": [],
                                    "secret_key_ref": [
                                      {
                                        "key": "FIRST_USER_PASSWORD",
                                        "name": "auth-service-secrets",
                                        "optional": false
                                      }
                                    ]
                                  }
                                ]
                              },
                              {
                                "name": "TOKEN_JWT_SECRET_ACCESS_KEY",
                                "value": "",
                                "value_from": [
                                  {
                                    "config_map_key_ref": [],
                                    "field_ref": [],
                                    "resource_field_ref": [],
                                    "secret_key_ref": [
                                      {
                                        "key": "TOKEN_JWT_SECRET_ACCESS_KEY",
                                        "name": "auth-shared-secrets",
                                        "optional": false
                                      }
                                    ]
                                  }
                                ]
                              },
                              {
                                "name": "TOKEN_JWT_SECRET_REFRESH_KEY",
                                "value": "",
                                "value_from": [
                                  {
                                    "config_map_key_ref": [],
                                    "field_ref": [],
                                    "resource_field_ref": [],
                                    "secret_key_ref": [
                                      {
                                        "key": "TOKEN_JWT_SECRET_REFRESH_KEY",
                                        "name": "auth-service-secrets",
                                        "optional": false
                                      }
                                    ]
                                  }
                                ]
                              },
                              {
                                "name": "BASE_LOGIN_URL",
                                "value": "http://auth-service/api/auth/form-login",
                                "value_from": []
                              },
                              {
                                "name": "BASE_ROOT_PATH",
                                "value": "/api/auth",
                                "value_from": []
                              },
                              {
                                "name": "DATABASE_NAME",
                                "value": "auth-db",
                                "value_from": []
                              },
                              {
                                "name": "FIRST_USER_CREATE",
                                "value": "true",
                                "value_from": []
                              },
                              {
                                "name": "TOKEN_ACCESS_TOKEN_EXPIRE_MINUTES",
                                "value": "10080",
                                "value_from": []
                              }
                            ],
                            "env_from": [
                              {
                                "config_map_ref": [
                                  {
                                    "name": "auth-postgres-db-env",
                                    "optional": false
                                  }
                                ],
                                "prefix": "",
                                "secret_ref": []
                              },
                              {
                                "config_map_ref": [
                                  {
                                    "name": "observe-env",
                                    "optional": false
                                  }
                                ],
                                "prefix": "",
                                "secret_ref": []
                              },
                              {
                                "config_map_ref": [],
                                "prefix": "",
                                "secret_ref": [
                                  {
                                    "name": "auth-postgres-db-secrets",
                                    "optional": false
                                  }
                                ]
                              }
                            ],
                            "image": "gitopsdocker.azurecr.io/auth-service:v0.3.5",
                            "image_pull_policy": "IfNotPresent",
                            "lifecycle": [
                              {
                                "post_start": [],
                                "pre_stop": [
                                  {
                                    "exec": [
                                      {
                                        "command": [
                                          "sleep",
                                          "80"
                                        ]
                                      }
                                    ],
                                    "http_get": [],
                                    "tcp_socket": []
                                  }
                                ]
                              }
                            ],
                            "liveness_probe": [],
                            "name": "auth-service",
                            "port": [
                              {
                                "container_port": 8080,
                                "host_ip": "",
                                "host_port": 0,
                                "name": "",
                                "protocol": "TCP"
                              }
                            ],
                            "readiness_probe": [],
                            "resources": [
                              {
                                "limits": {},
                                "requests": {
                                  "cpu": "100m",
                                  "memory": "1Gi"
                                }
                              }
                            ],
                            "security_context": [],
                            "startup_probe": [],
                            "stdin": false,
                            "stdin_once": false,
                            "termination_message_path": "/dev/termination-log",
                            "termination_message_policy": "File",
                            "tty": false,
                            "volume_device": [],
                            "volume_mount": [],
                            "working_dir": ""
                          }
                        ],
                        "dns_config": [],
                        "dns_policy": "ClusterFirst",
                        "enable_service_links": true,
                        "host_aliases": [],
                        "host_ipc": false,
                        "host_network": false,
                        "host_pid": false,
                        "hostname": "",
                        "image_pull_secrets": [],
                        "init_container": [],
                        "node_name": "",
                        "node_selector": {
                          "type": "sarvam"
                        },
                        "os": [],
                        "priority_class_name": "",
                        "readiness_gate": [],
                        "restart_policy": "Always",
                        "runtime_class_name": "",
                        "scheduler_name": "default-scheduler",
                        "security_context": [],
                        "service_account_name": "default",
                        "share_process_namespace": false,
                        "subdomain": "",
                        "termination_grace_period_seconds": 90,
                        "toleration": [
                          {
                            "effect": "NoSchedule",
                            "key": "sku",
                            "operator": "Equal",
                            "toleration_seconds": "",
                            "value": "gpu"
                          }
                        ],
                        "topology_spread_constraint": [],
                        "volume": []
                      }
                    ]
                  }
                ]
              }
            ],
            "timeouts": null,
            "wait_for_rollout": true
          },
          "sensitive_attributes": [],
          "private": "eyJlMmJmYjczMC1lY2FhLTExZTYtOGY4OC0zNDM2M2JjN2M0YzAiOnsiY3JlYXRlIjo2MDAwMDAwMDAwMDAsImRlbGV0ZSI6NjAwMDAwMDAwMDAwLCJ1cGRhdGUiOjYwMDAwMDAwMDAwMH0sInNjaGVtYV92ZXJzaW9uIjoiMSJ9"
        }
      ]
    },
    {
      "module": "module.auth_service",
      "mode": "managed",
      "type": "kubernetes_horizontal_pod_autoscaler_v2",
      "name": "main",
      "provider": "provider[\"registry.terraform.io/hashicorp/kubernetes\"]",
      "instances": [
        {
          "index_key": "1",
          "schema_version": 0,
          "attributes": {
            "id": "default/auth-service-hpa",
            "metadata": [
              {
                "annotations": {},
                "generate_name": "",
                "generation": 0,
                "labels": {},
                "name": "auth-service-hpa",
                "namespace": "default",
                "resource_version": "97544565",
                "uid": "b6406da7-01c9-4b99-8224-b0450151b1a5"
              }
            ],
            "spec": [
              {
                "behavior": [
                  {
                    "scale_down": [
                      {
                        "policy": [
                          {
                            "period_seconds": 15,
                            "type": "Percent",
                            "value": 100
                          }
                        ],
                        "select_policy": "Max",
                        "stabilization_window_seconds": 0
                      }
                    ],
                    "scale_up": [
                      {
                        "policy": [
                          {
                            "period_seconds": 15,
                            "type": "Pods",
                            "value": 4
                          },
                          {
                            "period_seconds": 15,
                            "type": "Percent",
                            "value": 100
                          }
                        ],
                        "select_policy": "Max",
                        "stabilization_window_seconds": 0
                      }
                    ]
                  }
                ],
                "max_replicas": 1,
                "metric": [
                  {
                    "container_resource": [],
                    "external": [],
                    "object": [],
                    "pods": [],
                    "resource": [
                      {
                        "name": "cpu",
                        "target": [
                          {
                            "average_utilization": 70,
                            "average_value": "",
                            "type": "Utilization",
                            "value": ""
                          }
                        ]
                      }
                    ],
                    "type": "Resource"
                  },
                  {
                    "container_resource": [],
                    "external": [],
                    "object": [],
                    "pods": [],
                    "resource": [
                      {
                        "name": "memory",
                        "target": [
                          {
                            "average_utilization": 70,
                            "average_value": "",
                            "type": "Utilization",
                            "value": ""
                          }
                        ]
                      }
                    ],
                    "type": "Resource"
                  }
                ],
                "min_replicas": 1,
                "scale_target_ref": [
                  {
                    "api_version": "apps/v1",
                    "kind": "Deployment",
                    "name": "auth-service"
                  }
                ],
                "target_cpu_utilization_percentage": 0
              }
            ]
          },
          "sensitive_attributes": [],
          "private": "bnVsbA==",
          "dependencies": [
            "module.auth_service.kubernetes_deployment_v1.deploy"
          ]
        }
      ]
    },
    {
      "module": "module.auth_service",
      "mode": "managed",
      "type": "kubernetes_service_v1",
      "name": "main",
      "provider": "provider[\"registry.terraform.io/hashicorp/kubernetes\"]",
      "instances": [
        {
          "index_key": "1",
          "schema_version": 1,
          "attributes": {
            "id": "default/auth-service",
            "metadata": [
              {
                "annotations": {},
                "generate_name": "",
                "generation": 0,
                "labels": {},
                "name": "auth-service",
                "namespace": "default",
                "resource_version": "97532358",
                "uid": "f382d63e-431e-44c3-81bc-d51327ee3339"
              }
            ],
            "spec": [
              {
                "allocate_load_balancer_node_ports": true,
                "cluster_ip": "10.0.105.12",
                "cluster_ips": [
                  "10.0.105.12"
                ],
                "external_ips": [],
                "external_name": "",
                "external_traffic_policy": "Cluster",
                "health_check_node_port": 0,
                "internal_traffic_policy": "Cluster",
                "ip_families": [
                  "IPv4"
                ],
                "ip_family_policy": "SingleStack",
                "load_balancer_class": "",
                "load_balancer_ip": "",
                "load_balancer_source_ranges": [],
                "port": [
                  {
                    "app_protocol": "",
                    "name": "http",
                    "node_port": 30401,
                    "port": 80,
                    "protocol": "TCP",
                    "target_port": "8080"
                  }
                ],
                "publish_not_ready_addresses": false,
                "selector": {
                  "app.kubernetes.io/name": "auth-service"
                },
                "session_affinity": "None",
                "session_affinity_config": [],
                "type": "LoadBalancer"
              }
            ],
            "status": [
              {
                "load_balancer": [
                  {
                    "ingress": [
                      {
                        "hostname": "",
                        "ip": "4.157.172.73"
                      }
                    ]
                  }
                ]
              }
            ],
            "timeouts": null,
            "wait_for_load_balancer": true
          },
          "sensitive_attributes": [],
          "private": "eyJlMmJmYjczMC1lY2FhLTExZTYtOGY4OC0zNDM2M2JjN2M0YzAiOnsiY3JlYXRlIjo2MDAwMDAwMDAwMDB9LCJzY2hlbWFfdmVyc2lvbiI6IjEifQ=="
        }
      ]
    },
    {
      "module": "module.auth_service_secrets",
      "mode": "managed",
      "type": "kubernetes_secret_v1",
      "name": "main",
      "provider": "provider[\"registry.terraform.io/hashicorp/kubernetes\"]",
      "instances": [
        {
          "index_key": "default",
          "schema_version": 0,
          "attributes": {
            "binary_data": null,
            "data": {
              "FIRST_USER_PASSWORD": "smashing-raptor",
              "TOKEN_JWT_SECRET_REFRESH_KEY": "notable-rodent"
            },
            "id": "default/auth-service-secrets",
            "immutable": false,
            "metadata": [
              {
                "annotations": {},
                "generate_name": "",
                "generation": 0,
                "labels": {},
                "name": "auth-service-secrets",
                "namespace": "default",
                "resource_version": "94945498",
                "uid": "d4dd4518-d673-4dbb-a6f8-b1ee33fb7629"
              }
            ],
            "timeouts": null,
            "type": "Opaque",
            "wait_for_service_account_token": true
          },
          "sensitive_attributes": [
            [
              {
                "type": "get_attr",
                "value": "binary_data"
              }
            ],
            [
              {
                "type": "get_attr",
                "value": "data"
              }
            ]
          ],
          "private": "eyJlMmJmYjczMC1lY2FhLTExZTYtOGY4OC0zNDM2M2JjN2M0YzAiOnsiY3JlYXRlIjo2MDAwMDAwMDAwMH19",
          "dependencies": [
            "module.auth_service_secrets.random_pet.main"
          ]
        }
      ]
    },
    {
      "module": "module.auth_service_secrets",
      "mode": "managed",
      "type": "random_pet",
      "name": "main",
      "provider": "provider[\"registry.terraform.io/hashicorp/random\"]",
      "instances": [
        {
          "index_key": "FIRST_USER_PASSWORD",
          "schema_version": 0,
          "attributes": {
            "id": "smashing-raptor",
            "keepers": null,
            "length": 2,
            "prefix": null,
            "separator": "-"
          },
          "sensitive_attributes": []
        },
        {
          "index_key": "TOKEN_JWT_SECRET_REFRESH_KEY",
          "schema_version": 0,
          "attributes": {
            "id": "notable-rodent",
            "keepers": null,
            "length": 2,
            "prefix": null,
            "separator": "-"
          },
          "sensitive_attributes": []
        }
      ]
    },
    {
      "module": "module.auth_shared_secrets",
      "mode": "managed",
      "type": "kubernetes_secret_v1",
      "name": "main",
      "provider": "provider[\"registry.terraform.io/hashicorp/kubernetes\"]",
      "instances": [
        {
          "index_key": "default",
          "schema_version": 0,
          "attributes": {
            "binary_data": null,
            "data": {
              "TOKEN_JWT_SECRET_ACCESS_KEY": "welcomed-mallard"
            },
            "id": "default/auth-shared-secrets",
            "immutable": false,
            "metadata": [
              {
                "annotations": {},
                "generate_name": "",
                "generation": 0,
                "labels": {},
                "name": "auth-shared-secrets",
                "namespace": "default",
                "resource_version": "94945497",
                "uid": "af19b93f-a76d-41f6-a1e3-cab33088f135"
              }
            ],
            "timeouts": null,
            "type": "Opaque",
            "wait_for_service_account_token": true
          },
          "sensitive_attributes": [
            [
              {
                "type": "get_attr",
                "value": "binary_data"
              }
            ],
            [
              {
                "type": "get_attr",
                "value": "data"
              }
            ]
          ],
          "private": "eyJlMmJmYjczMC1lY2FhLTExZTYtOGY4OC0zNDM2M2JjN2M0YzAiOnsiY3JlYXRlIjo2MDAwMDAwMDAwMH19",
          "dependencies": [
            "module.auth_shared_secrets.random_pet.main"
          ]
        }
      ]
    },
    {
      "module": "module.auth_shared_secrets",
      "mode": "managed",
      "type": "random_pet",
      "name": "main",
      "provider": "provider[\"registry.terraform.io/hashicorp/random\"]",
      "instances": [
        {
          "index_key": "TOKEN_JWT_SECRET_ACCESS_KEY",
          "schema_version": 0,
          "attributes": {
            "id": "welcomed-mallard",
            "keepers": null,
            "length": 2,
            "prefix": null,
            "separator": "-"
          },
          "sensitive_attributes": []
        }
      ]
    },
    {
      "module": "module.client_auth",
      "mode": "managed",
      "type": "kubernetes_deployment_v1",
      "name": "deploy",
      "provider": "provider[\"registry.terraform.io/hashicorp/kubernetes\"]",
      "instances": [
        {
          "schema_version": 1,
          "attributes": {
            "id": "default/client-auth",
            "metadata": [
              {
                "annotations": {},
                "generate_name": "",
                "generation": 1,
                "labels": {
                  "app.kubernetes.io/name": "client-auth"
                },
                "name": "client-auth",
                "namespace": "default",
                "resource_version": "97532143",
                "uid": "e2972a8c-5dae-4f88-9ad3-c0d36302e61e"
              }
            ],
            "spec": [
              {
                "min_ready_seconds": 0,
                "paused": false,
                "progress_deadline_seconds": 600,
                "replicas": "1",
                "revision_history_limit": 10,
                "selector": [
                  {
                    "match_expressions": [],
                    "match_labels": {
                      "app.kubernetes.io/name": "client-auth"
                    }
                  }
                ],
                "strategy": [
                  {
                    "rolling_update": [
                      {
                        "max_surge": "25%",
                        "max_unavailable": "25%"
                      }
                    ],
                    "type": "RollingUpdate"
                  }
                ],
                "template": [
                  {
                    "metadata": [
                      {
                        "annotations": {},
                        "generate_name": "",
                        "generation": 0,
                        "labels": {
                          "app.kubernetes.io/name": "client-auth",
                          "azure.workload.identity/use": "true"
                        },
                        "name": "",
                        "namespace": "",
                        "resource_version": "",
                        "uid": ""
                      }
                    ],
                    "spec": [
                      {
                        "active_deadline_seconds": 0,
                        "affinity": [],
                        "automount_service_account_token": true,
                        "container": [
                          {
                            "args": [],
                            "command": [],
                            "env": [
                              {
                                "name": "AZURE_AD_B2C_CLIENT_ID",
                                "value": "",
                                "value_from": []
                              },
                              {
                                "name": "AZURE_AD_B2C_CLIENT_SECRET",
                                "value": "",
                                "value_from": []
                              },
                              {
                                "name": "AZURE_AD_B2C_PRIMARY_USER_FLOW",
                                "value": "",
                                "value_from": []
                              },
                              {
                                "name": "AZURE_AD_B2C_TENANT_NAME",
                                "value": "",
                                "value_from": []
                              },
                              {
                                "name": "GOOGLE_CLIENT_ID",
                                "value": "",
                                "value_from": []
                              },
                              {
                                "name": "GOOGLE_CLIENT_SECRET",
                                "value": "",
                                "value_from": []
                              },
                              {
                                "name": "NEXTAUTH_SECRET",
                                "value": "",
                                "value_from": []
                              },
                              {
                                "name": "NEXTAUTH_URL",
                                "value": "https://agents-staging.sarvam.ai/auth/api/auth",
                                "value_from": []
                              },
                              {
                                "name": "NEXT_AUTH_BASE_PATH",
                                "value": "/auth",
                                "value_from": []
                              },
                              {
                                "name": "SARVAM_AUTH_URL",
                                "value": "http://auth-service",
                                "value_from": []
                              },
                              {
                                "name": "SARVAM_BASE_URL",
                                "value": "https://apps-staging.sarvam.ai/api",
                                "value_from": []
                              },
                              {
                                "name": "SARVAM_ORG_URL",
                                "value": "http://org-service",
                                "value_from": []
                              },
                              {
                                "name": "TOGGLE_AUTH",
                                "value": "false",
                                "value_from": []
                              }
                            ],
                            "env_from": [
                              {
                                "config_map_ref": [
                                  {
                                    "name": "observe-env",
                                    "optional": false
                                  }
                                ],
                                "prefix": "",
                                "secret_ref": []
                              }
                            ],
                            "image": "gitopsdocker.azurecr.io/client-auth:v0.0.17",
                            "image_pull_policy": "IfNotPresent",
                            "lifecycle": [
                              {
                                "post_start": [],
                                "pre_stop": [
                                  {
                                    "exec": [
                                      {
                                        "command": [
                                          "sleep",
                                          "80"
                                        ]
                                      }
                                    ],
                                    "http_get": [],
                                    "tcp_socket": []
                                  }
                                ]
                              }
                            ],
                            "liveness_probe": [
                              {
                                "exec": [],
                                "failure_threshold": 3,
                                "grpc": [],
                                "http_get": [
                                  {
                                    "host": "",
                                    "http_header": [],
                                    "path": "/auth/health",
                                    "port": "3000",
                                    "scheme": "HTTP"
                                  }
                                ],
                                "initial_delay_seconds": 30,
                                "period_seconds": 10,
                                "success_threshold": 1,
                                "tcp_socket": [],
                                "timeout_seconds": 5
                              }
                            ],
                            "name": "client-auth",
                            "port": [
                              {
                                "container_port": 3000,
                                "host_ip": "",
                                "host_port": 0,
                                "name": "",
                                "protocol": "TCP"
                              }
                            ],
                            "readiness_probe": [],
                            "resources": [
                              {
                                "limits": {
                                  "cpu": "200m",
                                  "memory": "500Mi"
                                },
                                "requests": {
                                  "cpu": "100m",
                                  "memory": "200Mi"
                                }
                              }
                            ],
                            "security_context": [],
                            "startup_probe": [],
                            "stdin": false,
                            "stdin_once": false,
                            "termination_message_path": "/dev/termination-log",
                            "termination_message_policy": "File",
                            "tty": false,
                            "volume_device": [],
                            "volume_mount": [],
                            "working_dir": ""
                          }
                        ],
                        "dns_config": [],
                        "dns_policy": "ClusterFirst",
                        "enable_service_links": true,
                        "host_aliases": [],
                        "host_ipc": false,
                        "host_network": false,
                        "host_pid": false,
                        "hostname": "",
                        "image_pull_secrets": [],
                        "init_container": [],
                        "node_name": "",
                        "node_selector": {},
                        "os": [],
                        "priority_class_name": "",
                        "readiness_gate": [],
                        "restart_policy": "Always",
                        "runtime_class_name": "",
                        "scheduler_name": "default-scheduler",
                        "security_context": [],
                        "service_account_name": "default",
                        "share_process_namespace": false,
                        "subdomain": "",
                        "termination_grace_period_seconds": 90,
                        "toleration": [],
                        "topology_spread_constraint": [],
                        "volume": []
                      }
                    ]
                  }
                ]
              }
            ],
            "timeouts": null,
            "wait_for_rollout": true
          },
          "sensitive_attributes": [],
          "private": "eyJlMmJmYjczMC1lY2FhLTExZTYtOGY4OC0zNDM2M2JjN2M0YzAiOnsiY3JlYXRlIjo2MDAwMDAwMDAwMDAsImRlbGV0ZSI6NjAwMDAwMDAwMDAwLCJ1cGRhdGUiOjYwMDAwMDAwMDAwMH0sInNjaGVtYV92ZXJzaW9uIjoiMSJ9"
        }
      ]
    },
    {
      "module": "module.client_auth",
      "mode": "managed",
      "type": "kubernetes_horizontal_pod_autoscaler_v2",
      "name": "main",
      "provider": "provider[\"registry.terraform.io/hashicorp/kubernetes\"]",
      "instances": [
        {
          "index_key": "1",
          "schema_version": 0,
          "attributes": {
            "id": "default/client-auth-hpa",
            "metadata": [
              {
                "annotations": {},
                "generate_name": "",
                "generation": 0,
                "labels": {},
                "name": "client-auth-hpa",
                "namespace": "default",
                "resource_version": "97544567",
                "uid": "2b04888f-1a71-49f1-84c8-4c3ed12a8748"
              }
            ],
            "spec": [
              {
                "behavior": [
                  {
                    "scale_down": [
                      {
                        "policy": [
                          {
                            "period_seconds": 15,
                            "type": "Percent",
                            "value": 100
                          }
                        ],
                        "select_policy": "Max",
                        "stabilization_window_seconds": 0
                      }
                    ],
                    "scale_up": [
                      {
                        "policy": [
                          {
                            "period_seconds": 15,
                            "type": "Pods",
                            "value": 4
                          },
                          {
                            "period_seconds": 15,
                            "type": "Percent",
                            "value": 100
                          }
                        ],
                        "select_policy": "Max",
                        "stabilization_window_seconds": 0
                      }
                    ]
                  }
                ],
                "max_replicas": 1,
                "metric": [
                  {
                    "container_resource": [],
                    "external": [],
                    "object": [],
                    "pods": [],
                    "resource": [
                      {
                        "name": "cpu",
                        "target": [
                          {
                            "average_utilization": 70,
                            "average_value": "",
                            "type": "Utilization",
                            "value": ""
                          }
                        ]
                      }
                    ],
                    "type": "Resource"
                  },
                  {
                    "container_resource": [],
                    "external": [],
                    "object": [],
                    "pods": [],
                    "resource": [
                      {
                        "name": "memory",
                        "target": [
                          {
                            "average_utilization": 70,
                            "average_value": "",
                            "type": "Utilization",
                            "value": ""
                          }
                        ]
                      }
                    ],
                    "type": "Resource"
                  }
                ],
                "min_replicas": 1,
                "scale_target_ref": [
                  {
                    "api_version": "apps/v1",
                    "kind": "Deployment",
                    "name": "client-auth"
                  }
                ],
                "target_cpu_utilization_percentage": 0
              }
            ]
          },
          "sensitive_attributes": [],
          "private": "bnVsbA==",
          "dependencies": [
            "module.client_auth.kubernetes_deployment_v1.deploy"
          ]
        }
      ]
    },
    {
      "module": "module.client_auth",
      "mode": "managed",
      "type": "kubernetes_service_v1",
      "name": "main",
      "provider": "provider[\"registry.terraform.io/hashicorp/kubernetes\"]",
      "instances": [
        {
          "index_key": "1",
          "schema_version": 1,
          "attributes": {
            "id": "default/client-auth",
            "metadata": [
              {
                "annotations": {},
                "generate_name": "",
                "generation": 0,
                "labels": {},
                "name": "client-auth",
                "namespace": "default",
                "resource_version": "97531992",
                "uid": "872360a6-3a8b-4a4d-a6ca-31a4438be019"
              }
            ],
            "spec": [
              {
                "allocate_load_balancer_node_ports": true,
                "cluster_ip": "10.0.2.98",
                "cluster_ips": [
                  "10.0.2.98"
                ],
                "external_ips": [],
                "external_name": "",
                "external_traffic_policy": "",
                "health_check_node_port": 0,
                "internal_traffic_policy": "Cluster",
                "ip_families": [
                  "IPv4"
                ],
                "ip_family_policy": "SingleStack",
                "load_balancer_class": "",
                "load_balancer_ip": "",
                "load_balancer_source_ranges": [],
                "port": [
                  {
                    "app_protocol": "",
                    "name": "http",
                    "node_port": 0,
                    "port": 80,
                    "protocol": "TCP",
                    "target_port": "3000"
                  }
                ],
                "publish_not_ready_addresses": false,
                "selector": {
                  "app.kubernetes.io/name": "client-auth"
                },
                "session_affinity": "None",
                "session_affinity_config": [],
                "type": "ClusterIP"
              }
            ],
            "status": [
              {
                "load_balancer": [
                  {
                    "ingress": []
                  }
                ]
              }
            ],
            "timeouts": null,
            "wait_for_load_balancer": true
          },
          "sensitive_attributes": [],
          "private": "eyJlMmJmYjczMC1lY2FhLTExZTYtOGY4OC0zNDM2M2JjN2M0YzAiOnsiY3JlYXRlIjo2MDAwMDAwMDAwMDB9LCJzY2hlbWFfdmVyc2lvbiI6IjEifQ=="
        }
      ]
    },
    {
      "module": "module.kb_postgres_db_env",
      "mode": "managed",
      "type": "kubernetes_config_map_v1",
      "name": "main",
      "provider": "provider[\"registry.terraform.io/hashicorp/kubernetes\"]",
      "instances": [
        {
          "index_key": "default",
          "schema_version": 0,
          "attributes": {
            "binary_data": {},
            "data": {
              "DATABASE_HOST": "kb-postgres-service",
              "DATABASE_PORT": "5432",
              "DATABASE_USER": "postgres"
            },
            "id": "default/kb-postgres-db-env",
            "immutable": false,
            "metadata": [
              {
                "annotations": {},
                "generate_name": "",
                "generation": 0,
                "labels": {},
                "name": "kb-postgres-db-env",
                "namespace": "default",
                "resource_version": "94945499",
                "uid": "7c9609fc-1a88-4d62-b674-e11d61a50f28"
              }
            ]
          },
          "sensitive_attributes": [],
          "private": "bnVsbA=="
        }
      ]
    },
    {
      "module": "module.kb_postgres_db_secrets",
      "mode": "managed",
      "type": "kubernetes_secret_v1",
      "name": "main",
      "provider": "provider[\"registry.terraform.io/hashicorp/kubernetes\"]",
      "instances": [
        {
          "index_key": "default",
          "schema_version": 0,
          "attributes": {
            "binary_data": null,
            "data": {
              "DATABASE_PASSWORD": "password"
            },
            "id": "default/kb-postgres-db-secrets",
            "immutable": false,
            "metadata": [
              {
                "annotations": {},
                "generate_name": "",
                "generation": 0,
                "labels": {},
                "name": "kb-postgres-db-secrets",
                "namespace": "default",
                "resource_version": "94945501",
                "uid": "621f7538-4631-4ef3-912b-4ea9171f3ef7"
              }
            ],
            "timeouts": null,
            "type": "Opaque",
            "wait_for_service_account_token": true
          },
          "sensitive_attributes": [
            [
              {
                "type": "get_attr",
                "value": "binary_data"
              }
            ],
            [
              {
                "type": "get_attr",
                "value": "data"
              }
            ],
            [
              {
                "type": "get_attr",
                "value": "data"
              },
              {
                "type": "index",
                "value": {
                  "value": "DATABASE_PASSWORD",
                  "type": "string"
                }
              }
            ]
          ],
          "private": "eyJlMmJmYjczMC1lY2FhLTExZTYtOGY4OC0zNDM2M2JjN2M0YzAiOnsiY3JlYXRlIjo2MDAwMDAwMDAwMH19",
          "dependencies": [
            "module.kb_postgres_db_secrets.random_pet.main"
          ]
        }
      ]
    },
    {
      "module": "module.knowledge_base_authoring_service",
      "mode": "managed",
      "type": "kubernetes_deployment_v1",
      "name": "deploy",
      "provider": "provider[\"registry.terraform.io/hashicorp/kubernetes\"]",
      "instances": [
        {
          "schema_version": 1,
          "attributes": {
            "id": "default/knowledge-base-authoring-service",
            "metadata": [
              {
                "annotations": {},
                "generate_name": "",
                "generation": 1,
                "labels": {
                  "app.kubernetes.io/name": "knowledge-base-authoring-service"
                },
                "name": "knowledge-base-authoring-service",
                "namespace": "default",
                "resource_version": "97532158",
                "uid": "261e4464-943b-463a-bb6c-f69846836f9e"
              }
            ],
            "spec": [
              {
                "min_ready_seconds": 0,
                "paused": false,
                "progress_deadline_seconds": 600,
                "replicas": "1",
                "revision_history_limit": 10,
                "selector": [
                  {
                    "match_expressions": [],
                    "match_labels": {
                      "app.kubernetes.io/name": "knowledge-base-authoring-service"
                    }
                  }
                ],
                "strategy": [
                  {
                    "rolling_update": [
                      {
                        "max_surge": "25%",
                        "max_unavailable": "25%"
                      }
                    ],
                    "type": "RollingUpdate"
                  }
                ],
                "template": [
                  {
                    "metadata": [
                      {
                        "annotations": {},
                        "generate_name": "",
                        "generation": 0,
                        "labels": {
                          "app.kubernetes.io/name": "knowledge-base-authoring-service",
                          "azure.workload.identity/use": "true"
                        },
                        "name": "",
                        "namespace": "",
                        "resource_version": "",
                        "uid": ""
                      }
                    ],
                    "spec": [
                      {
                        "active_deadline_seconds": 0,
                        "affinity": [],
                        "automount_service_account_token": true,
                        "container": [
                          {
                            "args": [],
                            "command": [],
                            "env": [
                              {
                                "name": "TOKEN_JWT_SECRET_ACCESS_KEY",
                                "value": "",
                                "value_from": [
                                  {
                                    "config_map_key_ref": [],
                                    "field_ref": [],
                                    "resource_field_ref": [],
                                    "secret_key_ref": [
                                      {
                                        "key": "TOKEN_JWT_SECRET_ACCESS_KEY",
                                        "name": "auth-shared-secrets",
                                        "optional": false
                                      }
                                    ]
                                  }
                                ]
                              },
                              {
                                "name": "HOSTED_EMBEDDING_URL",
                                "value": "",
                                "value_from": [
                                  {
                                    "config_map_key_ref": [
                                      {
                                        "key": "HOSTED_EMBEDDING_URL",
                                        "name": "on-prem-model-urls",
                                        "optional": false
                                      }
                                    ],
                                    "field_ref": [],
                                    "resource_field_ref": [],
                                    "secret_key_ref": []
                                  }
                                ]
                              },
                              {
                                "name": "HOSTED_RERANKING_URL",
                                "value": "",
                                "value_from": [
                                  {
                                    "config_map_key_ref": [
                                      {
                                        "key": "HOSTED_RERANKING_URL",
                                        "name": "on-prem-model-urls",
                                        "optional": false
                                      }
                                    ],
                                    "field_ref": [],
                                    "resource_field_ref": [],
                                    "secret_key_ref": []
                                  }
                                ]
                              },
                              {
                                "name": "WEAVIATE_URL",
                                "value": "",
                                "value_from": [
                                  {
                                    "config_map_key_ref": [
                                      {
                                        "key": "weaviate-url",
                                        "name": "weaviate-env",
                                        "optional": false
                                      }
                                    ],
                                    "field_ref": [],
                                    "resource_field_ref": [],
                                    "secret_key_ref": []
                                  }
                                ]
                              },
                              {
                                "name": "AWS_ACCESS_KEY_ID",
                                "value": "minioadmin",
                                "value_from": []
                              },
                              {
                                "name": "AWS_SECRET_ACCESS_KEY",
                                "value": "minioadmin",
                                "value_from": []
                              },
                              {
                                "name": "BASE_LOGIN_URL",
                                "value": "http://kb-service/api/kb/form-login",
                                "value_from": []
                              },
                              {
                                "name": "BASE_ROOT_PATH",
                                "value": "/api/kb",
                                "value_from": []
                              },
                              {
                                "name": "CELERY_BACKEND_DB",
                                "value": "1",
                                "value_from": []
                              },
                              {
                                "name": "CELERY_BACKEND_URL",
                                "value": "$(REDIS_URL_PREFIX)/$(CELERY_BACKEND_DB)",
                                "value_from": []
                              },
                              {
                                "name": "CELERY_BROKER_DB",
                                "value": "0",
                                "value_from": []
                              },
                              {
                                "name": "CELERY_BROKER_URL",
                                "value": "$(REDIS_URL_PREFIX)/$(CELERY_BROKER_DB)",
                                "value_from": []
                              },
                              {
                                "name": "DATABASE_NAME",
                                "value": "kb-db",
                                "value_from": []
                              },
                              {
                                "name": "HUGGINGFACE_HUB_TOKEN",
                                "value": "",
                                "value_from": []
                              },
                              {
                                "name": "KB_STORAGE_PATH",
                                "value": "https://\u003cceph-storgae-url\u003e/knowledge-base",
                                "value_from": []
                              },
                              {
                                "name": "LOG_LEVEL",
                                "value": "DEBUG",
                                "value_from": []
                              },
                              {
                                "name": "OPENAI_API_KEY",
                                "value": "",
                                "value_from": []
                              }
                            ],
                            "env_from": [
                              {
                                "config_map_ref": [
                                  {
                                    "name": "kb-postgres-db-env",
                                    "optional": false
                                  }
                                ],
                                "prefix": "",
                                "secret_ref": []
                              },
                              {
                                "config_map_ref": [
                                  {
                                    "name": "observe-env",
                                    "optional": false
                                  }
                                ],
                                "prefix": "",
                                "secret_ref": []
                              },
                              {
                                "config_map_ref": [
                                  {
                                    "name": "redis-env",
                                    "optional": false
                                  }
                                ],
                                "prefix": "",
                                "secret_ref": []
                              },
                              {
                                "config_map_ref": [],
                                "prefix": "",
                                "secret_ref": [
                                  {
                                    "name": "kb-postgres-db-secrets",
                                    "optional": false
                                  }
                                ]
                              },
                              {
                                "config_map_ref": [],
                                "prefix": "",
                                "secret_ref": [
                                  {
                                    "name": "redis-secrets",
                                    "optional": false
                                  }
                                ]
                              }
                            ],
                            "image": "gitopsdocker.azurecr.io/knowledge-base-service:v0.1.96-test",
                            "image_pull_policy": "IfNotPresent",
                            "lifecycle": [
                              {
                                "post_start": [],
                                "pre_stop": [
                                  {
                                    "exec": [
                                      {
                                        "command": [
                                          "sleep",
                                          "80"
                                        ]
                                      }
                                    ],
                                    "http_get": [],
                                    "tcp_socket": []
                                  }
                                ]
                              }
                            ],
                            "liveness_probe": [],
                            "name": "knowledge-base-authoring-service",
                            "port": [
                              {
                                "container_port": 8080,
                                "host_ip": "",
                                "host_port": 0,
                                "name": "",
                                "protocol": "TCP"
                              }
                            ],
                            "readiness_probe": [],
                            "resources": [
                              {
                                "limits": {},
                                "requests": {}
                              }
                            ],
                            "security_context": [],
                            "startup_probe": [],
                            "stdin": false,
                            "stdin_once": false,
                            "termination_message_path": "/dev/termination-log",
                            "termination_message_policy": "File",
                            "tty": false,
                            "volume_device": [],
                            "volume_mount": [],
                            "working_dir": ""
                          }
                        ],
                        "dns_config": [],
                        "dns_policy": "ClusterFirst",
                        "enable_service_links": true,
                        "host_aliases": [],
                        "host_ipc": false,
                        "host_network": false,
                        "host_pid": false,
                        "hostname": "",
                        "image_pull_secrets": [],
                        "init_container": [],
                        "node_name": "",
                        "node_selector": {
                          "type": "sarvam"
                        },
                        "os": [],
                        "priority_class_name": "",
                        "readiness_gate": [],
                        "restart_policy": "Always",
                        "runtime_class_name": "",
                        "scheduler_name": "default-scheduler",
                        "security_context": [],
                        "service_account_name": "default",
                        "share_process_namespace": false,
                        "subdomain": "",
                        "termination_grace_period_seconds": 90,
                        "toleration": [
                          {
                            "effect": "NoSchedule",
                            "key": "sku",
                            "operator": "Equal",
                            "toleration_seconds": "",
                            "value": "gpu"
                          }
                        ],
                        "topology_spread_constraint": [],
                        "volume": []
                      }
                    ]
                  }
                ]
              }
            ],
            "timeouts": null,
            "wait_for_rollout": true
          },
          "sensitive_attributes": [],
          "private": "eyJlMmJmYjczMC1lY2FhLTExZTYtOGY4OC0zNDM2M2JjN2M0YzAiOnsiY3JlYXRlIjo2MDAwMDAwMDAwMDAsImRlbGV0ZSI6NjAwMDAwMDAwMDAwLCJ1cGRhdGUiOjYwMDAwMDAwMDAwMH0sInNjaGVtYV92ZXJzaW9uIjoiMSJ9",
          "dependencies": [
            "module.auth_shared_secrets.kubernetes_secret_v1.main",
            "module.auth_shared_secrets.random_pet.main"
          ]
        }
      ]
    },
    {
      "module": "module.knowledge_base_authoring_service",
      "mode": "managed",
      "type": "kubernetes_horizontal_pod_autoscaler_v2",
      "name": "main",
      "provider": "provider[\"registry.terraform.io/hashicorp/kubernetes\"]",
      "instances": [
        {
          "index_key": "1",
          "schema_version": 0,
          "attributes": {
            "id": "default/knowledge-base-authoring-service-hpa",
            "metadata": [
              {
                "annotations": {},
                "generate_name": "",
                "generation": 0,
                "labels": {},
                "name": "knowledge-base-authoring-service-hpa",
                "namespace": "default",
                "resource_version": "97532799",
                "uid": "796b6142-3c49-4962-bbea-0efa805e2892"
              }
            ],
            "spec": [
              {
                "behavior": [
                  {
                    "scale_down": [
                      {
                        "policy": [
                          {
                            "period_seconds": 30,
                            "type": "Pods",
                            "value": 100
                          }
                        ],
                        "select_policy": "Max",
                        "stabilization_window_seconds": 0
                      }
                    ],
                    "scale_up": [
                      {
                        "policy": [
                          {
                            "period_seconds": 30,
                            "type": "Pods",
                            "value": 4
                          }
                        ],
                        "select_policy": "Max",
                        "stabilization_window_seconds": 0
                      }
                    ]
                  }
                ],
                "max_replicas": 1,
                "metric": [
                  {
                    "container_resource": [],
                    "external": [],
                    "object": [],
                    "pods": [],
                    "resource": [
                      {
                        "name": "cpu",
                        "target": [
                          {
                            "average_utilization": 70,
                            "average_value": "",
                            "type": "Utilization",
                            "value": ""
                          }
                        ]
                      }
                    ],
                    "type": "Resource"
                  },
                  {
                    "container_resource": [],
                    "external": [],
                    "object": [],
                    "pods": [],
                    "resource": [
                      {
                        "name": "memory",
                        "target": [
                          {
                            "average_utilization": 70,
                            "average_value": "",
                            "type": "Utilization",
                            "value": ""
                          }
                        ]
                      }
                    ],
                    "type": "Resource"
                  }
                ],
                "min_replicas": 1,
                "scale_target_ref": [
                  {
                    "api_version": "apps/v1",
                    "kind": "Deployment",
                    "name": "knowledge-base-authoring-service"
                  }
                ],
                "target_cpu_utilization_percentage": 0
              }
            ]
          },
          "sensitive_attributes": [],
          "private": "bnVsbA==",
          "dependencies": [
            "module.auth_shared_secrets.kubernetes_secret_v1.main",
            "module.auth_shared_secrets.random_pet.main",
            "module.knowledge_base_authoring_service.kubernetes_deployment_v1.deploy"
          ]
        }
      ]
    },
    {
      "module": "module.knowledge_base_authoring_service",
      "mode": "managed",
      "type": "kubernetes_service_v1",
      "name": "main",
      "provider": "provider[\"registry.terraform.io/hashicorp/kubernetes\"]",
      "instances": [
        {
          "index_key": "1",
          "schema_version": 1,
          "attributes": {
            "id": "default/knowledge-base-authoring-service",
            "metadata": [
              {
                "annotations": {},
                "generate_name": "",
                "generation": 0,
                "labels": {},
                "name": "knowledge-base-authoring-service",
                "namespace": "default",
                "resource_version": "97532194",
                "uid": "6ddd5bc0-96f6-480e-8a4a-0403039d11cc"
              }
            ],
            "spec": [
              {
                "allocate_load_balancer_node_ports": true,
                "cluster_ip": "10.0.20.248",
                "cluster_ips": [
                  "10.0.20.248"
                ],
                "external_ips": [],
                "external_name": "",
                "external_traffic_policy": "",
                "health_check_node_port": 0,
                "internal_traffic_policy": "Cluster",
                "ip_families": [
                  "IPv4"
                ],
                "ip_family_policy": "SingleStack",
                "load_balancer_class": "",
                "load_balancer_ip": "",
                "load_balancer_source_ranges": [],
                "port": [
                  {
                    "app_protocol": "",
                    "name": "http",
                    "node_port": 0,
                    "port": 80,
                    "protocol": "TCP",
                    "target_port": "8080"
                  }
                ],
                "publish_not_ready_addresses": false,
                "selector": {
                  "app.kubernetes.io/name": "knowledge-base-authoring-service"
                },
                "session_affinity": "None",
                "session_affinity_config": [],
                "type": "ClusterIP"
              }
            ],
            "status": [
              {
                "load_balancer": [
                  {
                    "ingress": []
                  }
                ]
              }
            ],
            "timeouts": null,
            "wait_for_load_balancer": true
          },
          "sensitive_attributes": [],
          "private": "eyJlMmJmYjczMC1lY2FhLTExZTYtOGY4OC0zNDM2M2JjN2M0YzAiOnsiY3JlYXRlIjo2MDAwMDAwMDAwMDB9LCJzY2hlbWFfdmVyc2lvbiI6IjEifQ=="
        }
      ]
    },
    {
      "module": "module.knowledge_base_authoring_service_worker",
      "mode": "managed",
      "type": "kubernetes_deployment_v1",
      "name": "deploy",
      "provider": "provider[\"registry.terraform.io/hashicorp/kubernetes\"]",
      "instances": [
        {
          "schema_version": 1,
          "attributes": {
            "id": "default/knowledge-base-service-worker",
            "metadata": [
              {
                "annotations": {},
                "generate_name": "",
                "generation": 1,
                "labels": {
                  "app.kubernetes.io/name": "knowledge-base-service-worker"
                },
                "name": "knowledge-base-service-worker",
                "namespace": "default",
                "resource_version": "97532144",
                "uid": "7f42831f-6d4a-48dc-95fe-696d0c81fca2"
              }
            ],
            "spec": [
              {
                "min_ready_seconds": 0,
                "paused": false,
                "progress_deadline_seconds": 600,
                "replicas": "1",
                "revision_history_limit": 10,
                "selector": [
                  {
                    "match_expressions": [],
                    "match_labels": {
                      "app.kubernetes.io/name": "knowledge-base-service-worker"
                    }
                  }
                ],
                "strategy": [
                  {
                    "rolling_update": [
                      {
                        "max_surge": "25%",
                        "max_unavailable": "25%"
                      }
                    ],
                    "type": "RollingUpdate"
                  }
                ],
                "template": [
                  {
                    "metadata": [
                      {
                        "annotations": {},
                        "generate_name": "",
                        "generation": 0,
                        "labels": {
                          "app.kubernetes.io/name": "knowledge-base-service-worker",
                          "azure.workload.identity/use": "true"
                        },
                        "name": "",
                        "namespace": "",
                        "resource_version": "",
                        "uid": ""
                      }
                    ],
                    "spec": [
                      {
                        "active_deadline_seconds": 0,
                        "affinity": [],
                        "automount_service_account_token": true,
                        "container": [
                          {
                            "args": [],
                            "command": [],
                            "env": [
                              {
                                "name": "TOKEN_JWT_SECRET_ACCESS_KEY",
                                "value": "",
                                "value_from": [
                                  {
                                    "config_map_key_ref": [],
                                    "field_ref": [],
                                    "resource_field_ref": [],
                                    "secret_key_ref": [
                                      {
                                        "key": "TOKEN_JWT_SECRET_ACCESS_KEY",
                                        "name": "auth-shared-secrets",
                                        "optional": false
                                      }
                                    ]
                                  }
                                ]
                              },
                              {
                                "name": "HOSTED_EMBEDDING_URL",
                                "value": "",
                                "value_from": [
                                  {
                                    "config_map_key_ref": [
                                      {
                                        "key": "HOSTED_EMBEDDING_URL",
                                        "name": "on-prem-model-urls",
                                        "optional": false
                                      }
                                    ],
                                    "field_ref": [],
                                    "resource_field_ref": [],
                                    "secret_key_ref": []
                                  }
                                ]
                              },
                              {
                                "name": "HOSTED_RERANKING_URL",
                                "value": "",
                                "value_from": [
                                  {
                                    "config_map_key_ref": [
                                      {
                                        "key": "HOSTED_RERANKING_URL",
                                        "name": "on-prem-model-urls",
                                        "optional": false
                                      }
                                    ],
                                    "field_ref": [],
                                    "resource_field_ref": [],
                                    "secret_key_ref": []
                                  }
                                ]
                              },
                              {
                                "name": "WEAVIATE_URL",
                                "value": "",
                                "value_from": [
                                  {
                                    "config_map_key_ref": [
                                      {
                                        "key": "weaviate-url",
                                        "name": "weaviate-env",
                                        "optional": false
                                      }
                                    ],
                                    "field_ref": [],
                                    "resource_field_ref": [],
                                    "secret_key_ref": []
                                  }
                                ]
                              },
                              {
                                "name": "AWS_ACCESS_KEY_ID",
                                "value": "minioadmin",
                                "value_from": []
                              },
                              {
                                "name": "AWS_SECRET_ACCESS_KEY",
                                "value": "minioadmin",
                                "value_from": []
                              },
                              {
                                "name": "BASE_LOGIN_URL",
                                "value": "http://kb-service/api/kb/form-login",
                                "value_from": []
                              },
                              {
                                "name": "BASE_ROOT_PATH",
                                "value": "/api/kb",
                                "value_from": []
                              },
                              {
                                "name": "CELERY_BACKEND_DB",
                                "value": "1",
                                "value_from": []
                              },
                              {
                                "name": "CELERY_BACKEND_URL",
                                "value": "$(REDIS_URL_PREFIX)/$(CELERY_BACKEND_DB)",
                                "value_from": []
                              },
                              {
                                "name": "CELERY_BROKER_DB",
                                "value": "0",
                                "value_from": []
                              },
                              {
                                "name": "CELERY_BROKER_URL",
                                "value": "$(REDIS_URL_PREFIX)/$(CELERY_BROKER_DB)",
                                "value_from": []
                              },
                              {
                                "name": "DATABASE_NAME",
                                "value": "kb-db",
                                "value_from": []
                              },
                              {
                                "name": "HUGGINGFACE_HUB_TOKEN",
                                "value": "",
                                "value_from": []
                              },
                              {
                                "name": "KB_STORAGE_PATH",
                                "value": "https://\u003cceph-storgae-url\u003e/knowledge-base",
                                "value_from": []
                              },
                              {
                                "name": "LOG_LEVEL",
                                "value": "DEBUG",
                                "value_from": []
                              },
                              {
                                "name": "OPENAI_API_KEY",
                                "value": "",
                                "value_from": []
                              },
                              {
                                "name": "ROLE",
                                "value": "worker",
                                "value_from": []
                              }
                            ],
                            "env_from": [
                              {
                                "config_map_ref": [
                                  {
                                    "name": "kb-postgres-db-env",
                                    "optional": false
                                  }
                                ],
                                "prefix": "",
                                "secret_ref": []
                              },
                              {
                                "config_map_ref": [
                                  {
                                    "name": "observe-env",
                                    "optional": false
                                  }
                                ],
                                "prefix": "",
                                "secret_ref": []
                              },
                              {
                                "config_map_ref": [
                                  {
                                    "name": "redis-env",
                                    "optional": false
                                  }
                                ],
                                "prefix": "",
                                "secret_ref": []
                              },
                              {
                                "config_map_ref": [],
                                "prefix": "",
                                "secret_ref": [
                                  {
                                    "name": "kb-postgres-db-secrets",
                                    "optional": false
                                  }
                                ]
                              },
                              {
                                "config_map_ref": [],
                                "prefix": "",
                                "secret_ref": [
                                  {
                                    "name": "redis-secrets",
                                    "optional": false
                                  }
                                ]
                              }
                            ],
                            "image": "gitopsdocker.azurecr.io/knowledge-base-service:v0.1.96-test",
                            "image_pull_policy": "IfNotPresent",
                            "lifecycle": [
                              {
                                "post_start": [],
                                "pre_stop": [
                                  {
                                    "exec": [
                                      {
                                        "command": [
                                          "sleep",
                                          "80"
                                        ]
                                      }
                                    ],
                                    "http_get": [],
                                    "tcp_socket": []
                                  }
                                ]
                              }
                            ],
                            "liveness_probe": [],
                            "name": "knowledge-base-service-worker",
                            "port": [],
                            "readiness_probe": [],
                            "resources": [
                              {
                                "limits": {
                                  "cpu": "1",
                                  "memory": "3000Mi"
                                },
                                "requests": {
                                  "cpu": "500m",
                                  "memory": "1500Mi"
                                }
                              }
                            ],
                            "security_context": [],
                            "startup_probe": [],
                            "stdin": false,
                            "stdin_once": false,
                            "termination_message_path": "/dev/termination-log",
                            "termination_message_policy": "File",
                            "tty": false,
                            "volume_device": [],
                            "volume_mount": [],
                            "working_dir": ""
                          }
                        ],
                        "dns_config": [],
                        "dns_policy": "ClusterFirst",
                        "enable_service_links": true,
                        "host_aliases": [],
                        "host_ipc": false,
                        "host_network": false,
                        "host_pid": false,
                        "hostname": "",
                        "image_pull_secrets": [],
                        "init_container": [],
                        "node_name": "",
                        "node_selector": {
                          "type": "sarvam"
                        },
                        "os": [],
                        "priority_class_name": "",
                        "readiness_gate": [],
                        "restart_policy": "Always",
                        "runtime_class_name": "",
                        "scheduler_name": "default-scheduler",
                        "security_context": [],
                        "service_account_name": "default",
                        "share_process_namespace": false,
                        "subdomain": "",
                        "termination_grace_period_seconds": 90,
                        "toleration": [
                          {
                            "effect": "NoSchedule",
                            "key": "sku",
                            "operator": "Equal",
                            "toleration_seconds": "",
                            "value": "gpu"
                          }
                        ],
                        "topology_spread_constraint": [],
                        "volume": []
                      }
                    ]
                  }
                ]
              }
            ],
            "timeouts": null,
            "wait_for_rollout": true
          },
          "sensitive_attributes": [],
          "private": "eyJlMmJmYjczMC1lY2FhLTExZTYtOGY4OC0zNDM2M2JjN2M0YzAiOnsiY3JlYXRlIjo2MDAwMDAwMDAwMDAsImRlbGV0ZSI6NjAwMDAwMDAwMDAwLCJ1cGRhdGUiOjYwMDAwMDAwMDAwMH0sInNjaGVtYV92ZXJzaW9uIjoiMSJ9",
          "dependencies": [
            "module.auth_shared_secrets.kubernetes_secret_v1.main",
            "module.auth_shared_secrets.random_pet.main"
          ]
        }
      ]
    },
    {
      "module": "module.knowledge_base_authoring_service_worker",
      "mode": "managed",
      "type": "kubernetes_horizontal_pod_autoscaler_v2",
      "name": "main",
      "provider": "provider[\"registry.terraform.io/hashicorp/kubernetes\"]",
      "instances": [
        {
          "index_key": "1",
          "schema_version": 0,
          "attributes": {
            "id": "default/knowledge-base-service-worker-hpa",
            "metadata": [
              {
                "annotations": {},
                "generate_name": "",
                "generation": 0,
                "labels": {},
                "name": "knowledge-base-service-worker-hpa",
                "namespace": "default",
                "resource_version": "97544488",
                "uid": "95ceb3fe-f3bf-44b0-a042-663d552b8598"
              }
            ],
            "spec": [
              {
                "behavior": [
                  {
                    "scale_down": [
                      {
                        "policy": [
                          {
                            "period_seconds": 30,
                            "type": "Pods",
                            "value": 100
                          }
                        ],
                        "select_policy": "Max",
                        "stabilization_window_seconds": 0
                      }
                    ],
                    "scale_up": [
                      {
                        "policy": [
                          {
                            "period_seconds": 30,
                            "type": "Pods",
                            "value": 4
                          }
                        ],
                        "select_policy": "Max",
                        "stabilization_window_seconds": 0
                      }
                    ]
                  }
                ],
                "max_replicas": 1,
                "metric": [
                  {
                    "container_resource": [],
                    "external": [],
                    "object": [],
                    "pods": [],
                    "resource": [
                      {
                        "name": "cpu",
                        "target": [
                          {
                            "average_utilization": 70,
                            "average_value": "",
                            "type": "Utilization",
                            "value": ""
                          }
                        ]
                      }
                    ],
                    "type": "Resource"
                  },
                  {
                    "container_resource": [],
                    "external": [],
                    "object": [],
                    "pods": [],
                    "resource": [
                      {
                        "name": "memory",
                        "target": [
                          {
                            "average_utilization": 70,
                            "average_value": "",
                            "type": "Utilization",
                            "value": ""
                          }
                        ]
                      }
                    ],
                    "type": "Resource"
                  }
                ],
                "min_replicas": 1,
                "scale_target_ref": [
                  {
                    "api_version": "apps/v1",
                    "kind": "Deployment",
                    "name": "knowledge-base-service-worker"
                  }
                ],
                "target_cpu_utilization_percentage": 0
              }
            ]
          },
          "sensitive_attributes": [],
          "private": "bnVsbA==",
          "dependencies": [
            "module.auth_shared_secrets.kubernetes_secret_v1.main",
            "module.auth_shared_secrets.random_pet.main",
            "module.knowledge_base_authoring_service_worker.kubernetes_deployment_v1.deploy"
          ]
        }
      ]
    },
    {
      "module": "module.knowledge_base_runtime_service",
      "mode": "managed",
      "type": "kubernetes_deployment_v1",
      "name": "deploy",
      "provider": "provider[\"registry.terraform.io/hashicorp/kubernetes\"]",
      "instances": [
        {
          "schema_version": 1,
          "attributes": {
            "id": "default/knowledge-base-service",
            "metadata": [
              {
                "annotations": {},
                "generate_name": "",
                "generation": 1,
                "labels": {
                  "app.kubernetes.io/name": "knowledge-base-service"
                },
                "name": "knowledge-base-service",
                "namespace": "default",
                "resource_version": "97532156",
                "uid": "26860b6f-708b-4cda-ac40-6f59b69e7c42"
              }
            ],
            "spec": [
              {
                "min_ready_seconds": 0,
                "paused": false,
                "progress_deadline_seconds": 600,
                "replicas": "1",
                "revision_history_limit": 10,
                "selector": [
                  {
                    "match_expressions": [],
                    "match_labels": {
                      "app.kubernetes.io/name": "knowledge-base-service"
                    }
                  }
                ],
                "strategy": [
                  {
                    "rolling_update": [
                      {
                        "max_surge": "25%",
                        "max_unavailable": "25%"
                      }
                    ],
                    "type": "RollingUpdate"
                  }
                ],
                "template": [
                  {
                    "metadata": [
                      {
                        "annotations": {},
                        "generate_name": "",
                        "generation": 0,
                        "labels": {
                          "app.kubernetes.io/name": "knowledge-base-service",
                          "azure.workload.identity/use": "true"
                        },
                        "name": "",
                        "namespace": "",
                        "resource_version": "",
                        "uid": ""
                      }
                    ],
                    "spec": [
                      {
                        "active_deadline_seconds": 0,
                        "affinity": [],
                        "automount_service_account_token": true,
                        "container": [
                          {
                            "args": [],
                            "command": [],
                            "env": [
                              {
                                "name": "TOKEN_JWT_SECRET_ACCESS_KEY",
                                "value": "",
                                "value_from": [
                                  {
                                    "config_map_key_ref": [],
                                    "field_ref": [],
                                    "resource_field_ref": [],
                                    "secret_key_ref": [
                                      {
                                        "key": "TOKEN_JWT_SECRET_ACCESS_KEY",
                                        "name": "auth-shared-secrets",
                                        "optional": false
                                      }
                                    ]
                                  }
                                ]
                              },
                              {
                                "name": "HOSTED_EMBEDDING_URL",
                                "value": "",
                                "value_from": [
                                  {
                                    "config_map_key_ref": [
                                      {
                                        "key": "HOSTED_EMBEDDING_URL",
                                        "name": "on-prem-model-urls",
                                        "optional": false
                                      }
                                    ],
                                    "field_ref": [],
                                    "resource_field_ref": [],
                                    "secret_key_ref": []
                                  }
                                ]
                              },
                              {
                                "name": "HOSTED_RERANKING_URL",
                                "value": "",
                                "value_from": [
                                  {
                                    "config_map_key_ref": [
                                      {
                                        "key": "HOSTED_RERANKING_URL",
                                        "name": "on-prem-model-urls",
                                        "optional": false
                                      }
                                    ],
                                    "field_ref": [],
                                    "resource_field_ref": [],
                                    "secret_key_ref": []
                                  }
                                ]
                              },
                              {
                                "name": "WEAVIATE_URL",
                                "value": "",
                                "value_from": [
                                  {
                                    "config_map_key_ref": [
                                      {
                                        "key": "weaviate-url",
                                        "name": "weaviate-env",
                                        "optional": false
                                      }
                                    ],
                                    "field_ref": [],
                                    "resource_field_ref": [],
                                    "secret_key_ref": []
                                  }
                                ]
                              },
                              {
                                "name": "AWS_ACCESS_KEY_ID",
                                "value": "minioadmin",
                                "value_from": []
                              },
                              {
                                "name": "AWS_SECRET_ACCESS_KEY",
                                "value": "minioadmin",
                                "value_from": []
                              },
                              {
                                "name": "BASE_LOGIN_URL",
                                "value": "http://kb-service/api/kb/form-login",
                                "value_from": []
                              },
                              {
                                "name": "BASE_ROOT_PATH",
                                "value": "/api/kb",
                                "value_from": []
                              },
                              {
                                "name": "CELERY_BACKEND_DB",
                                "value": "1",
                                "value_from": []
                              },
                              {
                                "name": "CELERY_BACKEND_URL",
                                "value": "$(REDIS_URL_PREFIX)/$(CELERY_BACKEND_DB)",
                                "value_from": []
                              },
                              {
                                "name": "CELERY_BROKER_DB",
                                "value": "0",
                                "value_from": []
                              },
                              {
                                "name": "CELERY_BROKER_URL",
                                "value": "$(REDIS_URL_PREFIX)/$(CELERY_BROKER_DB)",
                                "value_from": []
                              },
                              {
                                "name": "DATABASE_NAME",
                                "value": "kb-db",
                                "value_from": []
                              },
                              {
                                "name": "HUGGINGFACE_HUB_TOKEN",
                                "value": "",
                                "value_from": []
                              },
                              {
                                "name": "KB_STORAGE_PATH",
                                "value": "https://\u003cceph-storgae-url\u003e/knowledge-base",
                                "value_from": []
                              },
                              {
                                "name": "LOG_LEVEL",
                                "value": "DEBUG",
                                "value_from": []
                              },
                              {
                                "name": "OPENAI_API_KEY",
                                "value": "",
                                "value_from": []
                              },
                              {
                                "name": "ROLE",
                                "value": "query-service",
                                "value_from": []
                              }
                            ],
                            "env_from": [
                              {
                                "config_map_ref": [
                                  {
                                    "name": "kb-postgres-db-env",
                                    "optional": false
                                  }
                                ],
                                "prefix": "",
                                "secret_ref": []
                              },
                              {
                                "config_map_ref": [
                                  {
                                    "name": "observe-env",
                                    "optional": false
                                  }
                                ],
                                "prefix": "",
                                "secret_ref": []
                              },
                              {
                                "config_map_ref": [
                                  {
                                    "name": "redis-env",
                                    "optional": false
                                  }
                                ],
                                "prefix": "",
                                "secret_ref": []
                              },
                              {
                                "config_map_ref": [],
                                "prefix": "",
                                "secret_ref": [
                                  {
                                    "name": "kb-postgres-db-secrets",
                                    "optional": false
                                  }
                                ]
                              },
                              {
                                "config_map_ref": [],
                                "prefix": "",
                                "secret_ref": [
                                  {
                                    "name": "redis-secrets",
                                    "optional": false
                                  }
                                ]
                              }
                            ],
                            "image": "gitopsdocker.azurecr.io/knowledge-base-service:v0.1.96-test",
                            "image_pull_policy": "IfNotPresent",
                            "lifecycle": [
                              {
                                "post_start": [],
                                "pre_stop": [
                                  {
                                    "exec": [
                                      {
                                        "command": [
                                          "sleep",
                                          "80"
                                        ]
                                      }
                                    ],
                                    "http_get": [],
                                    "tcp_socket": []
                                  }
                                ]
                              }
                            ],
                            "liveness_probe": [],
                            "name": "knowledge-base-service",
                            "port": [
                              {
                                "container_port": 8080,
                                "host_ip": "",
                                "host_port": 0,
                                "name": "",
                                "protocol": "TCP"
                              }
                            ],
                            "readiness_probe": [],
                            "resources": [
                              {
                                "limits": {
                                  "cpu": "1",
                                  "memory": "3000Mi"
                                },
                                "requests": {
                                  "cpu": "500m",
                                  "memory": "1500Mi"
                                }
                              }
                            ],
                            "security_context": [],
                            "startup_probe": [],
                            "stdin": false,
                            "stdin_once": false,
                            "termination_message_path": "/dev/termination-log",
                            "termination_message_policy": "File",
                            "tty": false,
                            "volume_device": [],
                            "volume_mount": [],
                            "working_dir": ""
                          }
                        ],
                        "dns_config": [],
                        "dns_policy": "ClusterFirst",
                        "enable_service_links": true,
                        "host_aliases": [],
                        "host_ipc": false,
                        "host_network": false,
                        "host_pid": false,
                        "hostname": "",
                        "image_pull_secrets": [],
                        "init_container": [],
                        "node_name": "",
                        "node_selector": {
                          "type": "sarvam"
                        },
                        "os": [],
                        "priority_class_name": "",
                        "readiness_gate": [],
                        "restart_policy": "Always",
                        "runtime_class_name": "",
                        "scheduler_name": "default-scheduler",
                        "security_context": [],
                        "service_account_name": "default",
                        "share_process_namespace": false,
                        "subdomain": "",
                        "termination_grace_period_seconds": 90,
                        "toleration": [
                          {
                            "effect": "NoSchedule",
                            "key": "sku",
                            "operator": "Equal",
                            "toleration_seconds": "",
                            "value": "gpu"
                          }
                        ],
                        "topology_spread_constraint": [],
                        "volume": []
                      }
                    ]
                  }
                ]
              }
            ],
            "timeouts": null,
            "wait_for_rollout": true
          },
          "sensitive_attributes": [],
          "private": "eyJlMmJmYjczMC1lY2FhLTExZTYtOGY4OC0zNDM2M2JjN2M0YzAiOnsiY3JlYXRlIjo2MDAwMDAwMDAwMDAsImRlbGV0ZSI6NjAwMDAwMDAwMDAwLCJ1cGRhdGUiOjYwMDAwMDAwMDAwMH0sInNjaGVtYV92ZXJzaW9uIjoiMSJ9",
          "dependencies": [
            "module.auth_shared_secrets.kubernetes_secret_v1.main",
            "module.auth_shared_secrets.random_pet.main"
          ]
        }
      ]
    },
    {
      "module": "module.knowledge_base_runtime_service",
      "mode": "managed",
      "type": "kubernetes_horizontal_pod_autoscaler_v2",
      "name": "main",
      "provider": "provider[\"registry.terraform.io/hashicorp/kubernetes\"]",
      "instances": [
        {
          "index_key": "1",
          "schema_version": 0,
          "attributes": {
            "id": "default/knowledge-base-service-hpa",
            "metadata": [
              {
                "annotations": {},
                "generate_name": "",
                "generation": 0,
                "labels": {},
                "name": "knowledge-base-service-hpa",
                "namespace": "default",
                "resource_version": "97533131",
                "uid": "6ae46eb4-d237-4968-8913-1c45b838fbb5"
              }
            ],
            "spec": [
              {
                "behavior": [
                  {
                    "scale_down": [
                      {
                        "policy": [
                          {
                            "period_seconds": 30,
                            "type": "Pods",
                            "value": 100
                          }
                        ],
                        "select_policy": "Max",
                        "stabilization_window_seconds": 0
                      }
                    ],
                    "scale_up": [
                      {
                        "policy": [
                          {
                            "period_seconds": 30,
                            "type": "Pods",
                            "value": 4
                          }
                        ],
                        "select_policy": "Max",
                        "stabilization_window_seconds": 0
                      }
                    ]
                  }
                ],
                "max_replicas": 1,
                "metric": [
                  {
                    "container_resource": [],
                    "external": [],
                    "object": [],
                    "pods": [],
                    "resource": [
                      {
                        "name": "cpu",
                        "target": [
                          {
                            "average_utilization": 70,
                            "average_value": "",
                            "type": "Utilization",
                            "value": ""
                          }
                        ]
                      }
                    ],
                    "type": "Resource"
                  },
                  {
                    "container_resource": [],
                    "external": [],
                    "object": [],
                    "pods": [],
                    "resource": [
                      {
                        "name": "memory",
                        "target": [
                          {
                            "average_utilization": 70,
                            "average_value": "",
                            "type": "Utilization",
                            "value": ""
                          }
                        ]
                      }
                    ],
                    "type": "Resource"
                  }
                ],
                "min_replicas": 1,
                "scale_target_ref": [
                  {
                    "api_version": "apps/v1",
                    "kind": "Deployment",
                    "name": "knowledge-base-service"
                  }
                ],
                "target_cpu_utilization_percentage": 0
              }
            ]
          },
          "sensitive_attributes": [],
          "private": "bnVsbA==",
          "dependencies": [
            "module.auth_shared_secrets.kubernetes_secret_v1.main",
            "module.auth_shared_secrets.random_pet.main",
            "module.knowledge_base_runtime_service.kubernetes_deployment_v1.deploy"
          ]
        }
      ]
    },
    {
      "module": "module.knowledge_base_runtime_service",
      "mode": "managed",
      "type": "kubernetes_service_v1",
      "name": "main",
      "provider": "provider[\"registry.terraform.io/hashicorp/kubernetes\"]",
      "instances": [
        {
          "index_key": "1",
          "schema_version": 1,
          "attributes": {
            "id": "default/knowledge-base-service",
            "metadata": [
              {
                "annotations": {},
                "generate_name": "",
                "generation": 0,
                "labels": {},
                "name": "knowledge-base-service",
                "namespace": "default",
                "resource_version": "97531988",
                "uid": "34b075c2-c14c-4a54-932b-24de6b430783"
              }
            ],
            "spec": [
              {
                "allocate_load_balancer_node_ports": true,
                "cluster_ip": "10.0.223.146",
                "cluster_ips": [
                  "10.0.223.146"
                ],
                "external_ips": [],
                "external_name": "",
                "external_traffic_policy": "",
                "health_check_node_port": 0,
                "internal_traffic_policy": "Cluster",
                "ip_families": [
                  "IPv4"
                ],
                "ip_family_policy": "SingleStack",
                "load_balancer_class": "",
                "load_balancer_ip": "",
                "load_balancer_source_ranges": [],
                "port": [
                  {
                    "app_protocol": "",
                    "name": "http",
                    "node_port": 0,
                    "port": 80,
                    "protocol": "TCP",
                    "target_port": "8080"
                  }
                ],
                "publish_not_ready_addresses": false,
                "selector": {
                  "app.kubernetes.io/name": "knowledge-base-service"
                },
                "session_affinity": "None",
                "session_affinity_config": [],
                "type": "ClusterIP"
              }
            ],
            "status": [
              {
                "load_balancer": [
                  {
                    "ingress": []
                  }
                ]
              }
            ],
            "timeouts": null,
            "wait_for_load_balancer": true
          },
          "sensitive_attributes": [],
          "private": "eyJlMmJmYjczMC1lY2FhLTExZTYtOGY4OC0zNDM2M2JjN2M0YzAiOnsiY3JlYXRlIjo2MDAwMDAwMDAwMDB9LCJzY2hlbWFfdmVyc2lvbiI6IjEifQ=="
        }
      ]
    },
    {
      "module": "module.observe_env",
      "mode": "managed",
      "type": "kubernetes_config_map_v1",
      "name": "main",
      "provider": "provider[\"registry.terraform.io/hashicorp/kubernetes\"]",
      "instances": [
        {
          "index_key": "default",
          "schema_version": 0,
          "attributes": {
            "binary_data": {},
            "data": {
              "OBSERVE_USE_GCP": "false"
            },
            "id": "default/observe-env",
            "immutable": false,
            "metadata": [
              {
                "annotations": {},
                "generate_name": "",
                "generation": 0,
                "labels": {},
                "name": "observe-env",
                "namespace": "default",
                "resource_version": "94945474",
                "uid": "ca31a4a6-fa93-4d70-b040-dbc62175c7fa"
              }
            ]
          },
          "sensitive_attributes": [],
          "private": "bnVsbA=="
        }
      ]
    },
    {
      "module": "module.on_prem_model_urls",
      "mode": "managed",
      "type": "kubernetes_config_map_v1",
      "name": "main",
      "provider": "provider[\"registry.terraform.io/hashicorp/kubernetes\"]",
      "instances": [
        {
          "index_key": "default",
          "schema_version": 0,
          "attributes": {
            "binary_data": {},
            "data": {
              "HOSTED_EMBEDDING_URL": "speech-tts-nemo-service.default:8000",
              "HOSTED_RERANKING_URL": "speech-tts-nemo-service.default:8000",
              "LLAMAGUARD_URL": "http://vllm-llama-gaurd-service.default:8000/v1/chat/completions",
              "SARVAM_ASR_URL": "speech-whisper-batched-service.default:8000",
              "SARVAM_LLM_LLAMA_3_1_70B_URL": "http://nim-llama3-1-8b-service.default:8000/v1/chat/completions",
              "SARVAM_LLM_LLAMA_3_1_8B_URL": "http://nim-llama3-1-8b-service.default:8000/v1/chat/completions",
              "SARVAM_LLM_URL": "http://nim-llama3-1-8b-service.default:8000/v1/chat/completions",
              "SARVAM_OPENHATHI_URL": "http://vllm-l3-translation-new-servic.default:8000/v1/chat/completions",
              "SARVAM_OPENHATHI_XLIT_URL": "http://vllm-pre-tts-service.default:8000/v1/chat/completions",
              "SARVAM_TRANSLATE_URL": "http://vllm-l3-translation-new-service.default:8000/v1/chat/completions",
              "SARVAM_TTS_URL": "speech-tts-nemo-service.default:8000",
              "SARVAM_XLIT_ROMAN_URL": "",
              "SARVAM_XLIT_URL": "http://vllm-pre-tts-service.default:8000/v1/chat/completions",
              "TRITON_PROMPT_INJECTION_URL": "speech-tts-nemo-service.default:8000"
            },
            "id": "default/on-prem-model-urls",
            "immutable": false,
            "metadata": [
              {
                "annotations": {},
                "generate_name": "",
                "generation": 0,
                "labels": {},
                "name": "on-prem-model-urls",
                "namespace": "default",
                "resource_version": "94945477",
                "uid": "f69b5520-6e65-4b18-96cc-04ef5117f417"
              }
            ]
          },
          "sensitive_attributes": [],
          "private": "bnVsbA=="
        }
      ]
    },
    {
      "module": "module.org_service",
      "mode": "managed",
      "type": "kubernetes_deployment_v1",
      "name": "deploy",
      "provider": "provider[\"registry.terraform.io/hashicorp/kubernetes\"]",
      "instances": [
        {
          "schema_version": 1,
          "attributes": {
            "id": "default/org-service",
            "metadata": [
              {
                "annotations": {},
                "generate_name": "",
                "generation": 1,
                "labels": {
                  "app.kubernetes.io/name": "org-service"
                },
                "name": "org-service",
                "namespace": "default",
                "resource_version": "97532354",
                "uid": "b9858159-dbee-47b7-95d2-e41d91577982"
              }
            ],
            "spec": [
              {
                "min_ready_seconds": 0,
                "paused": false,
                "progress_deadline_seconds": 600,
                "replicas": "1",
                "revision_history_limit": 10,
                "selector": [
                  {
                    "match_expressions": [],
                    "match_labels": {
                      "app.kubernetes.io/name": "org-service"
                    }
                  }
                ],
                "strategy": [
                  {
                    "rolling_update": [
                      {
                        "max_surge": "25%",
                        "max_unavailable": "25%"
                      }
                    ],
                    "type": "RollingUpdate"
                  }
                ],
                "template": [
                  {
                    "metadata": [
                      {
                        "annotations": {},
                        "generate_name": "",
                        "generation": 0,
                        "labels": {
                          "app.kubernetes.io/name": "org-service",
                          "azure.workload.identity/use": "true"
                        },
                        "name": "",
                        "namespace": "",
                        "resource_version": "",
                        "uid": ""
                      }
                    ],
                    "spec": [
                      {
                        "active_deadline_seconds": 0,
                        "affinity": [],
                        "automount_service_account_token": true,
                        "container": [
                          {
                            "args": [],
                            "command": [],
                            "env": [
                              {
                                "name": "BASE_LOG_ESCAPE_NEWLINES",
                                "value": "false",
                                "value_from": []
                              },
                              {
                                "name": "DATABASE_NAME",
                                "value": "org-service-db",
                                "value_from": []
                              },
                              {
                                "name": "FIRST_ORG_CREATE",
                                "value": "true",
                                "value_from": []
                              },
                              {
                                "name": "TOKEN_JWT_SECRET_ACCESS_KEY",
                                "value": "",
                                "value_from": []
                              },
                              {
                                "name": "TOKEN_JWT_SECRET_REFRESH_KEY",
                                "value": "",
                                "value_from": []
                              }
                            ],
                            "env_from": [
                              {
                                "config_map_ref": [
                                  {
                                    "name": "kb-postgres-db-env",
                                    "optional": false
                                  }
                                ],
                                "prefix": "",
                                "secret_ref": []
                              },
                              {
                                "config_map_ref": [
                                  {
                                    "name": "observe-env",
                                    "optional": false
                                  }
                                ],
                                "prefix": "",
                                "secret_ref": []
                              },
                              {
                                "config_map_ref": [],
                                "prefix": "",
                                "secret_ref": [
                                  {
                                    "name": "kb-postgres-db-secrets",
                                    "optional": false
                                  }
                                ]
                              }
                            ],
                            "image": "gitopsdocker.azurecr.io/org-service:v0.2.5",
                            "image_pull_policy": "IfNotPresent",
                            "lifecycle": [
                              {
                                "post_start": [],
                                "pre_stop": [
                                  {
                                    "exec": [
                                      {
                                        "command": [
                                          "sleep",
                                          "80"
                                        ]
                                      }
                                    ],
                                    "http_get": [],
                                    "tcp_socket": []
                                  }
                                ]
                              }
                            ],
                            "liveness_probe": [
                              {
                                "exec": [],
                                "failure_threshold": 3,
                                "grpc": [],
                                "http_get": [
                                  {
                                    "host": "",
                                    "http_header": [],
                                    "path": "/health",
                                    "port": "8080",
                                    "scheme": "HTTP"
                                  }
                                ],
                                "initial_delay_seconds": 30,
                                "period_seconds": 10,
                                "success_threshold": 1,
                                "tcp_socket": [],
                                "timeout_seconds": 5
                              }
                            ],
                            "name": "org-service",
                            "port": [
                              {
                                "container_port": 8080,
                                "host_ip": "",
                                "host_port": 0,
                                "name": "",
                                "protocol": "TCP"
                              }
                            ],
                            "readiness_probe": [],
                            "resources": [
                              {
                                "limits": {},
                                "requests": {
                                  "cpu": "100m",
                                  "memory": "1Gi"
                                }
                              }
                            ],
                            "security_context": [],
                            "startup_probe": [],
                            "stdin": false,
                            "stdin_once": false,
                            "termination_message_path": "/dev/termination-log",
                            "termination_message_policy": "File",
                            "tty": false,
                            "volume_device": [],
                            "volume_mount": [],
                            "working_dir": ""
                          }
                        ],
                        "dns_config": [],
                        "dns_policy": "ClusterFirst",
                        "enable_service_links": true,
                        "host_aliases": [],
                        "host_ipc": false,
                        "host_network": false,
                        "host_pid": false,
                        "hostname": "",
                        "image_pull_secrets": [],
                        "init_container": [],
                        "node_name": "",
                        "node_selector": {},
                        "os": [],
                        "priority_class_name": "",
                        "readiness_gate": [],
                        "restart_policy": "Always",
                        "runtime_class_name": "",
                        "scheduler_name": "default-scheduler",
                        "security_context": [],
                        "service_account_name": "default",
                        "share_process_namespace": false,
                        "subdomain": "",
                        "termination_grace_period_seconds": 90,
                        "toleration": [],
                        "topology_spread_constraint": [],
                        "volume": []
                      }
                    ]
                  }
                ]
              }
            ],
            "timeouts": null,
            "wait_for_rollout": true
          },
          "sensitive_attributes": [],
          "private": "eyJlMmJmYjczMC1lY2FhLTExZTYtOGY4OC0zNDM2M2JjN2M0YzAiOnsiY3JlYXRlIjo2MDAwMDAwMDAwMDAsImRlbGV0ZSI6NjAwMDAwMDAwMDAwLCJ1cGRhdGUiOjYwMDAwMDAwMDAwMH0sInNjaGVtYV92ZXJzaW9uIjoiMSJ9"
        }
      ]
    },
    {
      "module": "module.org_service",
      "mode": "managed",
      "type": "kubernetes_horizontal_pod_autoscaler_v2",
      "name": "main",
      "provider": "provider[\"registry.terraform.io/hashicorp/kubernetes\"]",
      "instances": [
        {
          "index_key": "1",
          "schema_version": 0,
          "attributes": {
            "id": "default/org-service-hpa",
            "metadata": [
              {
                "annotations": {},
                "generate_name": "",
                "generation": 0,
                "labels": {},
                "name": "org-service-hpa",
                "namespace": "default",
                "resource_version": "97544561",
                "uid": "c95deb79-ee26-464a-907b-05bde35608ec"
              }
            ],
            "spec": [
              {
                "behavior": [
                  {
                    "scale_down": [
                      {
                        "policy": [
                          {
                            "period_seconds": 15,
                            "type": "Percent",
                            "value": 100
                          }
                        ],
                        "select_policy": "Max",
                        "stabilization_window_seconds": 0
                      }
                    ],
                    "scale_up": [
                      {
                        "policy": [
                          {
                            "period_seconds": 15,
                            "type": "Pods",
                            "value": 4
                          },
                          {
                            "period_seconds": 15,
                            "type": "Percent",
                            "value": 100
                          }
                        ],
                        "select_policy": "Max",
                        "stabilization_window_seconds": 0
                      }
                    ]
                  }
                ],
                "max_replicas": 1,
                "metric": [
                  {
                    "container_resource": [],
                    "external": [],
                    "object": [],
                    "pods": [],
                    "resource": [
                      {
                        "name": "cpu",
                        "target": [
                          {
                            "average_utilization": 70,
                            "average_value": "",
                            "type": "Utilization",
                            "value": ""
                          }
                        ]
                      }
                    ],
                    "type": "Resource"
                  },
                  {
                    "container_resource": [],
                    "external": [],
                    "object": [],
                    "pods": [],
                    "resource": [
                      {
                        "name": "memory",
                        "target": [
                          {
                            "average_utilization": 70,
                            "average_value": "",
                            "type": "Utilization",
                            "value": ""
                          }
                        ]
                      }
                    ],
                    "type": "Resource"
                  }
                ],
                "min_replicas": 1,
                "scale_target_ref": [
                  {
                    "api_version": "apps/v1",
                    "kind": "Deployment",
                    "name": "org-service"
                  }
                ],
                "target_cpu_utilization_percentage": 0
              }
            ]
          },
          "sensitive_attributes": [],
          "private": "bnVsbA==",
          "dependencies": [
            "module.org_service.kubernetes_deployment_v1.deploy"
          ]
        }
      ]
    },
    {
      "module": "module.org_service",
      "mode": "managed",
      "type": "kubernetes_service_v1",
      "name": "main",
      "provider": "provider[\"registry.terraform.io/hashicorp/kubernetes\"]",
      "instances": [
        {
          "index_key": "1",
          "schema_version": 1,
          "attributes": {
            "id": "default/org-service",
            "metadata": [
              {
                "annotations": {},
                "generate_name": "",
                "generation": 0,
                "labels": {},
                "name": "org-service",
                "namespace": "default",
                "resource_version": "97532083",
                "uid": "b74bbf6e-b629-47f0-be69-92e572831b8c"
              }
            ],
            "spec": [
              {
                "allocate_load_balancer_node_ports": true,
                "cluster_ip": "10.0.205.216",
                "cluster_ips": [
                  "10.0.205.216"
                ],
                "external_ips": [],
                "external_name": "",
                "external_traffic_policy": "",
                "health_check_node_port": 0,
                "internal_traffic_policy": "Cluster",
                "ip_families": [
                  "IPv4"
                ],
                "ip_family_policy": "SingleStack",
                "load_balancer_class": "",
                "load_balancer_ip": "",
                "load_balancer_source_ranges": [],
                "port": [
                  {
                    "app_protocol": "",
                    "name": "http",
                    "node_port": 0,
                    "port": 80,
                    "protocol": "TCP",
                    "target_port": "8080"
                  }
                ],
                "publish_not_ready_addresses": false,
                "selector": {
                  "app.kubernetes.io/name": "org-service"
                },
                "session_affinity": "None",
                "session_affinity_config": [],
                "type": "ClusterIP"
              }
            ],
            "status": [
              {
                "load_balancer": [
                  {
                    "ingress": []
                  }
                ]
              }
            ],
            "timeouts": null,
            "wait_for_load_balancer": true
          },
          "sensitive_attributes": [],
          "private": "eyJlMmJmYjczMC1lY2FhLTExZTYtOGY4OC0zNDM2M2JjN2M0YzAiOnsiY3JlYXRlIjo2MDAwMDAwMDAwMDB9LCJzY2hlbWFfdmVyc2lvbiI6IjEifQ=="
        }
      ]
    },
    {
      "module": "module.redis_config_maps",
      "mode": "managed",
      "type": "kubernetes_config_map_v1",
      "name": "main",
      "provider": "provider[\"registry.terraform.io/hashicorp/kubernetes\"]",
      "instances": [
        {
          "index_key": "default",
          "schema_version": 0,
          "attributes": {
            "binary_data": {},
            "data": {
              "REDIS_HOST": "redis-service",
              "REDIS_PORT": "6379",
              "REDIS_TLS": "false"
            },
            "id": "default/redis-env",
            "immutable": false,
            "metadata": [
              {
                "annotations": {},
                "generate_name": "",
                "generation": 0,
                "labels": {},
                "name": "redis-env",
                "namespace": "default",
                "resource_version": "94945500",
                "uid": "07e5f947-a512-45a0-b227-703fd16fd97c"
              }
            ]
          },
          "sensitive_attributes": [],
          "private": "bnVsbA=="
        }
      ]
    },
    {
      "module": "module.redis_secrets",
      "mode": "managed",
      "type": "kubernetes_secret_v1",
      "name": "main",
      "provider": "provider[\"registry.terraform.io/hashicorp/kubernetes\"]",
      "instances": [
        {
          "index_key": "default",
          "schema_version": 0,
          "attributes": {
            "binary_data": null,
            "data": {
              "REDIS_PASSWORD": "password",
              "REDIS_URL_PREFIX": "redis://:password@redis-service:6379"
            },
            "id": "default/redis-secrets",
            "immutable": false,
            "metadata": [
              {
                "annotations": {},
                "generate_name": "",
                "generation": 0,
                "labels": {},
                "name": "redis-secrets",
                "namespace": "default",
                "resource_version": "94945502",
                "uid": "70f0276f-3525-45fe-9247-0efa77452a60"
              }
            ],
            "timeouts": null,
            "type": "Opaque",
            "wait_for_service_account_token": true
          },
          "sensitive_attributes": [
            [
              {
                "type": "get_attr",
                "value": "binary_data"
              }
            ],
            [
              {
                "type": "get_attr",
                "value": "data"
              }
            ],
            [
              {
                "type": "get_attr",
                "value": "data"
              },
              {
                "type": "index",
                "value": {
                  "value": "REDIS_PASSWORD",
                  "type": "string"
                }
              }
            ]
          ],
          "private": "eyJlMmJmYjczMC1lY2FhLTExZTYtOGY4OC0zNDM2M2JjN2M0YzAiOnsiY3JlYXRlIjo2MDAwMDAwMDAwMH19",
          "dependencies": [
            "module.redis_secrets.random_pet.main"
          ]
        }
      ]
    },
    {
      "module": "module.runtime_service_urls",
      "mode": "managed",
      "type": "kubernetes_config_map_v1",
      "name": "main",
      "provider": "provider[\"registry.terraform.io/hashicorp/kubernetes\"]",
      "instances": [
        {
          "index_key": "default",
          "schema_version": 0,
          "attributes": {
            "binary_data": {},
            "data": {
              "APP_AUTHORING_SERVICE_URL": "http://sarvam-app-authoring-service",
              "KNOWLEDGE_BASE_SERVICE_AUTHORING_URL": "http://knowledge-base-authoring-service",
              "KNOWLEDGE_BASE_SERVICE_URL": "http://knowledge-base-service"
            },
            "id": "default/service-urls",
            "immutable": false,
            "metadata": [
              {
                "annotations": {},
                "generate_name": "",
                "generation": 0,
                "labels": {},
                "name": "service-urls",
                "namespace": "default",
                "resource_version": "94945476",
                "uid": "31a1d3b3-d481-451f-9071-5efc0cf8be5f"
              }
            ]
          },
          "sensitive_attributes": [],
          "private": "bnVsbA=="
        }
      ]
    },
    {
      "module": "module.sarvam_app_authoring_service",
      "mode": "managed",
      "type": "kubernetes_deployment_v1",
      "name": "deploy",
      "provider": "provider[\"registry.terraform.io/hashicorp/kubernetes\"]",
      "instances": [
        {
          "schema_version": 1,
          "attributes": {
            "id": "default/sarvam-app-authoring-service",
            "metadata": [
              {
                "annotations": {},
                "generate_name": "",
                "generation": 1,
                "labels": {
                  "app.kubernetes.io/name": "sarvam-app-authoring-service"
                },
                "name": "sarvam-app-authoring-service",
                "namespace": "default",
                "resource_version": "97532271",
                "uid": "e0a37801-53da-40ec-9844-918bcdf94aa5"
              }
            ],
            "spec": [
              {
                "min_ready_seconds": 0,
                "paused": false,
                "progress_deadline_seconds": 600,
                "replicas": "1",
                "revision_history_limit": 10,
                "selector": [
                  {
                    "match_expressions": [],
                    "match_labels": {
                      "app.kubernetes.io/name": "sarvam-app-authoring-service"
                    }
                  }
                ],
                "strategy": [
                  {
                    "rolling_update": [
                      {
                        "max_surge": "25%",
                        "max_unavailable": "25%"
                      }
                    ],
                    "type": "RollingUpdate"
                  }
                ],
                "template": [
                  {
                    "metadata": [
                      {
                        "annotations": {},
                        "generate_name": "",
                        "generation": 0,
                        "labels": {
                          "app.kubernetes.io/name": "sarvam-app-authoring-service",
                          "azure.workload.identity/use": "true"
                        },
                        "name": "",
                        "namespace": "",
                        "resource_version": "",
                        "uid": ""
                      }
                    ],
                    "spec": [
                      {
                        "active_deadline_seconds": 0,
                        "affinity": [],
                        "automount_service_account_token": true,
                        "container": [
                          {
                            "args": [],
                            "command": [],
                            "env": [
                              {
                                "name": "APP_STORAGE_URL",
                                "value": "https://\u003cceph-storgae-url\u003e/test-bucket/app-storage/apps",
                                "value_from": []
                              },
                              {
                                "name": "DATABASE_NAME",
                                "value": "sarvam-app-authoring-service-db",
                                "value_from": []
                              },
                              {
                                "name": "LOG_LEVEL",
                                "value": "DEBUG",
                                "value_from": []
                              },
                              {
                                "name": "OPENAI_API_KEY",
                                "value": "",
                                "value_from": []
                              },
                              {
                                "name": "TOKEN_JWT_SECRET_ACCESS_KEY",
                                "value": "",
                                "value_from": []
                              }
                            ],
                            "env_from": [
                              {
                                "config_map_ref": [
                                  {
                                    "name": "kb-postgres-db-env",
                                    "optional": false
                                  }
                                ],
                                "prefix": "",
                                "secret_ref": []
                              },
                              {
                                "config_map_ref": [
                                  {
                                    "name": "observe-env",
                                    "optional": false
                                  }
                                ],
                                "prefix": "",
                                "secret_ref": []
                              },
                              {
                                "config_map_ref": [],
                                "prefix": "",
                                "secret_ref": [
                                  {
                                    "name": "kb-postgres-db-secrets",
                                    "optional": false
                                  }
                                ]
                              }
                            ],
                            "image": "gitopsdocker.azurecr.io/sarvam-app-authoring-service:v0.0.24",
                            "image_pull_policy": "IfNotPresent",
                            "lifecycle": [
                              {
                                "post_start": [],
                                "pre_stop": [
                                  {
                                    "exec": [
                                      {
                                        "command": [
                                          "sleep",
                                          "80"
                                        ]
                                      }
                                    ],
                                    "http_get": [],
                                    "tcp_socket": []
                                  }
                                ]
                              }
                            ],
                            "liveness_probe": [
                              {
                                "exec": [],
                                "failure_threshold": 3,
                                "grpc": [],
                                "http_get": [
                                  {
                                    "host": "",
                                    "http_header": [],
                                    "path": "/health",
                                    "port": "8080",
                                    "scheme": "HTTP"
                                  }
                                ],
                                "initial_delay_seconds": 120,
                                "period_seconds": 10,
                                "success_threshold": 1,
                                "tcp_socket": [],
                                "timeout_seconds": 5
                              }
                            ],
                            "name": "sarvam-app-authoring-service",
                            "port": [
                              {
                                "container_port": 8080,
                                "host_ip": "",
                                "host_port": 0,
                                "name": "",
                                "protocol": "TCP"
                              }
                            ],
                            "readiness_probe": [],
                            "resources": [
                              {
                                "limits": {
                                  "cpu": "500m",
                                  "memory": "2Gi"
                                },
                                "requests": {
                                  "cpu": "100m",
                                  "memory": "1Gi"
                                }
                              }
                            ],
                            "security_context": [],
                            "startup_probe": [],
                            "stdin": false,
                            "stdin_once": false,
                            "termination_message_path": "/dev/termination-log",
                            "termination_message_policy": "File",
                            "tty": false,
                            "volume_device": [],
                            "volume_mount": [],
                            "working_dir": ""
                          }
                        ],
                        "dns_config": [],
                        "dns_policy": "ClusterFirst",
                        "enable_service_links": true,
                        "host_aliases": [],
                        "host_ipc": false,
                        "host_network": false,
                        "host_pid": false,
                        "hostname": "",
                        "image_pull_secrets": [],
                        "init_container": [],
                        "node_name": "",
                        "node_selector": {},
                        "os": [],
                        "priority_class_name": "",
                        "readiness_gate": [],
                        "restart_policy": "Always",
                        "runtime_class_name": "",
                        "scheduler_name": "default-scheduler",
                        "security_context": [],
                        "service_account_name": "default",
                        "share_process_namespace": false,
                        "subdomain": "",
                        "termination_grace_period_seconds": 90,
                        "toleration": [],
                        "topology_spread_constraint": [],
                        "volume": []
                      }
                    ]
                  }
                ]
              }
            ],
            "timeouts": null,
            "wait_for_rollout": true
          },
          "sensitive_attributes": [],
          "private": "eyJlMmJmYjczMC1lY2FhLTExZTYtOGY4OC0zNDM2M2JjN2M0YzAiOnsiY3JlYXRlIjo2MDAwMDAwMDAwMDAsImRlbGV0ZSI6NjAwMDAwMDAwMDAwLCJ1cGRhdGUiOjYwMDAwMDAwMDAwMH0sInNjaGVtYV92ZXJzaW9uIjoiMSJ9"
        }
      ]
    },
    {
      "module": "module.sarvam_app_authoring_service",
      "mode": "managed",
      "type": "kubernetes_horizontal_pod_autoscaler_v2",
      "name": "main",
      "provider": "provider[\"registry.terraform.io/hashicorp/kubernetes\"]",
      "instances": [
        {
          "index_key": "1",
          "schema_version": 0,
          "attributes": {
            "id": "default/sarvam-app-authoring-service-hpa",
            "metadata": [
              {
                "annotations": {},
                "generate_name": "",
                "generation": 0,
                "labels": {},
                "name": "sarvam-app-authoring-service-hpa",
                "namespace": "default",
                "resource_version": "97544566",
                "uid": "86ad13dd-2e72-4e02-866c-1b704639f785"
              }
            ],
            "spec": [
              {
                "behavior": [
                  {
                    "scale_down": [
                      {
                        "policy": [
                          {
                            "period_seconds": 15,
                            "type": "Percent",
                            "value": 100
                          }
                        ],
                        "select_policy": "Max",
                        "stabilization_window_seconds": 0
                      }
                    ],
                    "scale_up": [
                      {
                        "policy": [
                          {
                            "period_seconds": 15,
                            "type": "Pods",
                            "value": 4
                          },
                          {
                            "period_seconds": 15,
                            "type": "Percent",
                            "value": 100
                          }
                        ],
                        "select_policy": "Max",
                        "stabilization_window_seconds": 0
                      }
                    ]
                  }
                ],
                "max_replicas": 1,
                "metric": [
                  {
                    "container_resource": [],
                    "external": [],
                    "object": [],
                    "pods": [],
                    "resource": [
                      {
                        "name": "cpu",
                        "target": [
                          {
                            "average_utilization": 70,
                            "average_value": "",
                            "type": "Utilization",
                            "value": ""
                          }
                        ]
                      }
                    ],
                    "type": "Resource"
                  },
                  {
                    "container_resource": [],
                    "external": [],
                    "object": [],
                    "pods": [],
                    "resource": [
                      {
                        "name": "memory",
                        "target": [
                          {
                            "average_utilization": 70,
                            "average_value": "",
                            "type": "Utilization",
                            "value": ""
                          }
                        ]
                      }
                    ],
                    "type": "Resource"
                  }
                ],
                "min_replicas": 1,
                "scale_target_ref": [
                  {
                    "api_version": "apps/v1",
                    "kind": "Deployment",
                    "name": "sarvam-app-authoring-service"
                  }
                ],
                "target_cpu_utilization_percentage": 0
              }
            ]
          },
          "sensitive_attributes": [],
          "private": "bnVsbA==",
          "dependencies": [
            "module.sarvam_app_authoring_service.kubernetes_deployment_v1.deploy"
          ]
        }
      ]
    },
    {
      "module": "module.sarvam_app_authoring_service",
      "mode": "managed",
      "type": "kubernetes_service_v1",
      "name": "main",
      "provider": "provider[\"registry.terraform.io/hashicorp/kubernetes\"]",
      "instances": [
        {
          "index_key": "1",
          "schema_version": 1,
          "attributes": {
            "id": "default/sarvam-app-authoring-service",
            "metadata": [
              {
                "annotations": {},
                "generate_name": "",
                "generation": 0,
                "labels": {},
                "name": "sarvam-app-authoring-service",
                "namespace": "default",
                "resource_version": "97532165",
                "uid": "db86c302-1984-4c4d-8487-777e75ee3e45"
              }
            ],
            "spec": [
              {
                "allocate_load_balancer_node_ports": true,
                "cluster_ip": "10.0.226.208",
                "cluster_ips": [
                  "10.0.226.208"
                ],
                "external_ips": [],
                "external_name": "",
                "external_traffic_policy": "",
                "health_check_node_port": 0,
                "internal_traffic_policy": "Cluster",
                "ip_families": [
                  "IPv4"
                ],
                "ip_family_policy": "SingleStack",
                "load_balancer_class": "",
                "load_balancer_ip": "",
                "load_balancer_source_ranges": [],
                "port": [
                  {
                    "app_protocol": "",
                    "name": "http",
                    "node_port": 0,
                    "port": 80,
                    "protocol": "TCP",
                    "target_port": "8080"
                  }
                ],
                "publish_not_ready_addresses": false,
                "selector": {
                  "app.kubernetes.io/name": "sarvam-app-authoring-service"
                },
                "session_affinity": "None",
                "session_affinity_config": [],
                "type": "ClusterIP"
              }
            ],
            "status": [
              {
                "load_balancer": [
                  {
                    "ingress": []
                  }
                ]
              }
            ],
            "timeouts": null,
            "wait_for_load_balancer": true
          },
          "sensitive_attributes": [],
          "private": "eyJlMmJmYjczMC1lY2FhLTExZTYtOGY4OC0zNDM2M2JjN2M0YzAiOnsiY3JlYXRlIjo2MDAwMDAwMDAwMDB9LCJzY2hlbWFfdmVyc2lvbiI6IjEifQ=="
        }
      ]
    },
    {
      "module": "module.sarvam_app_runtime_svc",
      "mode": "managed",
      "type": "kubernetes_deployment_v1",
      "name": "deploy",
      "provider": "provider[\"registry.terraform.io/hashicorp/kubernetes\"]",
      "instances": [
        {
          "schema_version": 1,
          "attributes": {
            "id": "default/sarvam-app-runtime-service",
            "metadata": [
              {
                "annotations": {},
                "generate_name": "",
                "generation": 1,
                "labels": {
                  "app.kubernetes.io/name": "sarvam-app-runtime-service"
                },
                "name": "sarvam-app-runtime-service",
                "namespace": "default",
                "resource_version": "97532152",
                "uid": "772cc40a-2ad3-4f64-a172-f080692caa18"
              }
            ],
            "spec": [
              {
                "min_ready_seconds": 0,
                "paused": false,
                "progress_deadline_seconds": 600,
                "replicas": "1",
                "revision_history_limit": 10,
                "selector": [
                  {
                    "match_expressions": [],
                    "match_labels": {
                      "app.kubernetes.io/name": "sarvam-app-runtime-service"
                    }
                  }
                ],
                "strategy": [
                  {
                    "rolling_update": [
                      {
                        "max_surge": "25%",
                        "max_unavailable": "25%"
                      }
                    ],
                    "type": "RollingUpdate"
                  }
                ],
                "template": [
                  {
                    "metadata": [
                      {
                        "annotations": {},
                        "generate_name": "",
                        "generation": 0,
                        "labels": {
                          "app.kubernetes.io/name": "sarvam-app-runtime-service",
                          "azure.workload.identity/use": "true"
                        },
                        "name": "",
                        "namespace": "",
                        "resource_version": "",
                        "uid": ""
                      }
                    ],
                    "spec": [
                      {
                        "active_deadline_seconds": 0,
                        "affinity": [],
                        "automount_service_account_token": true,
                        "container": [
                          {
                            "args": [],
                            "command": [],
                            "env": [
                              {
                                "name": "TOKEN_JWT_SECRET_ACCESS_KEY",
                                "value": "",
                                "value_from": [
                                  {
                                    "config_map_key_ref": [],
                                    "field_ref": [],
                                    "resource_field_ref": [],
                                    "secret_key_ref": [
                                      {
                                        "key": "TOKEN_JWT_SECRET_ACCESS_KEY",
                                        "name": "auth-shared-secrets",
                                        "optional": false
                                      }
                                    ]
                                  }
                                ]
                              },
                              {
                                "name": "KNOWLEDGE_BASE_SERVICE_URL",
                                "value": "",
                                "value_from": [
                                  {
                                    "config_map_key_ref": [
                                      {
                                        "key": "KNOWLEDGE_BASE_SERVICE_URL",
                                        "name": "service-urls",
                                        "optional": false
                                      }
                                    ],
                                    "field_ref": [],
                                    "resource_field_ref": [],
                                    "secret_key_ref": []
                                  }
                                ]
                              },
                              {
                                "name": "LLAMAGUARD_URL",
                                "value": "",
                                "value_from": [
                                  {
                                    "config_map_key_ref": [
                                      {
                                        "key": "LLAMAGUARD_URL",
                                        "name": "on-prem-model-urls",
                                        "optional": false
                                      }
                                    ],
                                    "field_ref": [],
                                    "resource_field_ref": [],
                                    "secret_key_ref": []
                                  }
                                ]
                              },
                              {
                                "name": "SARVAM_FORMAL_TRANSLATE_URL",
                                "value": "",
                                "value_from": [
                                  {
                                    "config_map_key_ref": [
                                      {
                                        "key": "SARVAM_TRANSLATE_URL",
                                        "name": "on-prem-model-urls",
                                        "optional": false
                                      }
                                    ],
                                    "field_ref": [],
                                    "resource_field_ref": [],
                                    "secret_key_ref": []
                                  }
                                ]
                              },
                              {
                                "name": "SARVAM_FORMAL_XLIT_URL",
                                "value": "",
                                "value_from": [
                                  {
                                    "config_map_key_ref": [
                                      {
                                        "key": "SARVAM_XLIT_URL",
                                        "name": "on-prem-model-urls",
                                        "optional": false
                                      }
                                    ],
                                    "field_ref": [],
                                    "resource_field_ref": [],
                                    "secret_key_ref": []
                                  }
                                ]
                              },
                              {
                                "name": "SARVAM_LLM_LLAMA_3_1_70B_URL",
                                "value": "",
                                "value_from": [
                                  {
                                    "config_map_key_ref": [
                                      {
                                        "key": "SARVAM_LLM_LLAMA_3_1_70B_URL",
                                        "name": "on-prem-model-urls",
                                        "optional": false
                                      }
                                    ],
                                    "field_ref": [],
                                    "resource_field_ref": [],
                                    "secret_key_ref": []
                                  }
                                ]
                              },
                              {
                                "name": "SARVAM_LLM_LLAMA_3_1_8B_URL",
                                "value": "",
                                "value_from": [
                                  {
                                    "config_map_key_ref": [
                                      {
                                        "key": "SARVAM_LLM_LLAMA_3_1_8B_URL",
                                        "name": "on-prem-model-urls",
                                        "optional": false
                                      }
                                    ],
                                    "field_ref": [],
                                    "resource_field_ref": [],
                                    "secret_key_ref": []
                                  }
                                ]
                              },
                              {
                                "name": "SARVAM_LLM_URL",
                                "value": "",
                                "value_from": [
                                  {
                                    "config_map_key_ref": [
                                      {
                                        "key": "SARVAM_LLM_URL",
                                        "name": "on-prem-model-urls",
                                        "optional": false
                                      }
                                    ],
                                    "field_ref": [],
                                    "resource_field_ref": [],
                                    "secret_key_ref": []
                                  }
                                ]
                              },
                              {
                                "name": "SARVAM_OPENHATHI_URL",
                                "value": "",
                                "value_from": [
                                  {
                                    "config_map_key_ref": [
                                      {
                                        "key": "SARVAM_OPENHATHI_URL",
                                        "name": "on-prem-model-urls",
                                        "optional": false
                                      }
                                    ],
                                    "field_ref": [],
                                    "resource_field_ref": [],
                                    "secret_key_ref": []
                                  }
                                ]
                              },
                              {
                                "name": "SARVAM_OPENHATHI_XLIT_URL",
                                "value": "",
                                "value_from": [
                                  {
                                    "config_map_key_ref": [
                                      {
                                        "key": "SARVAM_OPENHATHI_XLIT_URL",
                                        "name": "on-prem-model-urls",
                                        "optional": false
                                      }
                                    ],
                                    "field_ref": [],
                                    "resource_field_ref": [],
                                    "secret_key_ref": []
                                  }
                                ]
                              },
                              {
                                "name": "SARVAM_TRANSLATE_URL",
                                "value": "",
                                "value_from": [
                                  {
                                    "config_map_key_ref": [
                                      {
                                        "key": "SARVAM_TRANSLATE_URL",
                                        "name": "on-prem-model-urls",
                                        "optional": false
                                      }
                                    ],
                                    "field_ref": [],
                                    "resource_field_ref": [],
                                    "secret_key_ref": []
                                  }
                                ]
                              },
                              {
                                "name": "SARVAM_TTS_URL",
                                "value": "",
                                "value_from": [
                                  {
                                    "config_map_key_ref": [
                                      {
                                        "key": "SARVAM_TTS_URL",
                                        "name": "on-prem-model-urls",
                                        "optional": false
                                      }
                                    ],
                                    "field_ref": [],
                                    "resource_field_ref": [],
                                    "secret_key_ref": []
                                  }
                                ]
                              },
                              {
                                "name": "SARVAM_XLIT_ROMAN_URL",
                                "value": "",
                                "value_from": [
                                  {
                                    "config_map_key_ref": [
                                      {
                                        "key": "SARVAM_XLIT_ROMAN_URL",
                                        "name": "on-prem-model-urls",
                                        "optional": false
                                      }
                                    ],
                                    "field_ref": [],
                                    "resource_field_ref": [],
                                    "secret_key_ref": []
                                  }
                                ]
                              },
                              {
                                "name": "SARVAM_XLIT_URL",
                                "value": "",
                                "value_from": [
                                  {
                                    "config_map_key_ref": [
                                      {
                                        "key": "SARVAM_XLIT_URL",
                                        "name": "on-prem-model-urls",
                                        "optional": false
                                      }
                                    ],
                                    "field_ref": [],
                                    "resource_field_ref": [],
                                    "secret_key_ref": []
                                  }
                                ]
                              },
                              {
                                "name": "TRITON_PROMPT_INJECTION_URL",
                                "value": "",
                                "value_from": [
                                  {
                                    "config_map_key_ref": [
                                      {
                                        "key": "TRITON_PROMPT_INJECTION_URL",
                                        "name": "on-prem-model-urls",
                                        "optional": false
                                      }
                                    ],
                                    "field_ref": [],
                                    "resource_field_ref": [],
                                    "secret_key_ref": []
                                  }
                                ]
                              },
                              {
                                "name": "APP_BASE_URL",
                                "value": "",
                                "value_from": []
                              },
                              {
                                "name": "APP_BASE_WSS_URL",
                                "value": "ws://app-runtime-service/",
                                "value_from": []
                              },
                              {
                                "name": "APP_STORAGE_URL",
                                "value": "https://\u003cceph-storgae-url\u003e/test-bucket/app-storage/apps",
                                "value_from": []
                              },
                              {
                                "name": "AWS_ACCESS_KEY_ID",
                                "value": "minioadmin",
                                "value_from": []
                              },
                              {
                                "name": "AWS_SECRET_ACCESS_KEY",
                                "value": "minioadmin",
                                "value_from": []
                              },
                              {
                                "name": "BASE_ROOT_PATH",
                                "value": "/api/app-runtime",
                                "value_from": []
                              },
                              {
                                "name": "COUNT_INITIAL_CHUNKS",
                                "value": "15",
                                "value_from": []
                              },
                              {
                                "name": "EXOTEL_CHUNK_LENGTH_SIZE_MS",
                                "value": "100",
                                "value_from": []
                              },
                              {
                                "name": "EXOTEL_CHUNK_LENGTH_SLEEP_PERCENTAGE",
                                "value": "0",
                                "value_from": []
                              },
                              {
                                "name": "EXOTEL_FIRST_CHUNK_LENGTH_SIZE_MS",
                                "value": "100",
                                "value_from": []
                              },
                              {
                                "name": "EXOTEL_FIRST_TURN_MIN_SPEECH_FRAMES",
                                "value": "5",
                                "value_from": []
                              },
                              {
                                "name": "EXOTEL_QUEUE_CHUNK_DELAY",
                                "value": "100",
                                "value_from": []
                              },
                              {
                                "name": "EXOTEL_QUEUE_INITIAL_CHUNKS_DELAY",
                                "value": "100",
                                "value_from": []
                              },
                              {
                                "name": "EXOTEL_SILENT_AUDIO_SIZE_MS",
                                "value": "300",
                                "value_from": []
                              },
                              {
                                "name": "EXOTEL_START_SPEECH_VOLUME_THRESHOLD",
                                "value": "-29",
                                "value_from": []
                              },
                              {
                                "name": "LLAMAGUARD_HF_NAME",
                                "value": "/workspace/meta-llama/Llama-Guard-3-8B",
                                "value_from": []
                              },
                              {
                                "name": "LOG_LEVEL",
                                "value": "DEBUG",
                                "value_from": []
                              },
                              {
                                "name": "MIN_SPEECH_FRAMES",
                                "value": "2",
                                "value_from": []
                              },
                              {
                                "name": "NUM_WORKERS",
                                "value": "1",
                                "value_from": []
                              },
                              {
                                "name": "OPENAI_API_KEY",
                                "value": "",
                                "value_from": []
                              },
                              {
                                "name": "OUTPUT_CHUNK_LENGTH_SIZE_MS",
                                "value": "800",
                                "value_from": []
                              },
                              {
                                "name": "OUTPUT_CHUNK_LENGTH_SLEEP_PERCENTAGE",
                                "value": "0.1",
                                "value_from": []
                              },
                              {
                                "name": "OUTPUT_FIRST_CHUNK_LENGTH_SIZE_MS",
                                "value": "200",
                                "value_from": []
                              },
                              {
                                "name": "REDIS_DB",
                                "value": "6",
                                "value_from": []
                              },
                              {
                                "name": "SARVAM_ASR_URL",
                                "value": "speech-whisper-batched-service:8000",
                                "value_from": []
                              },
                              {
                                "name": "SARVAM_FORMAL_TRANSLATE_MODEL_NAME",
                                "value": "/workspace/sarvam/translation-eng-2-formal-indic-2",
                                "value_from": []
                              },
                              {
                                "name": "SARVAM_FORMAL_XLIT_MODEL_NAME",
                                "value": "/workspace/sarvam/transliteration-pre-tts-eng-2-indic",
                                "value_from": []
                              },
                              {
                                "name": "SARVAM_LLM_LLAMA_3_1_70B_HF_NAME",
                                "value": "/data/models/sarvam-nim-models/",
                                "value_from": []
                              },
                              {
                                "name": "SARVAM_LLM_LLAMA_3_1_8B_HF_NAME",
                                "value": "/data/models/sarvam-nim-models/",
                                "value_from": []
                              },
                              {
                                "name": "SARVAM_PERSONAL_RECORD_SERVICE_URL",
                                "value": "http://auth-service",
                                "value_from": []
                              },
                              {
                                "name": "SARVAM_TRANSLATE_MODEL_NAME",
                                "value": "/workspace/sarvam/translation-eng-2-formal-indic-2",
                                "value_from": []
                              },
                              {
                                "name": "SARVAM_XLIT_MODEL_NAME",
                                "value": "/workspace/sarvam/transliteration-pre-tts-eng-2-indic",
                                "value_from": []
                              },
                              {
                                "name": "SILERO_VAD_URL",
                                "value": "sarvam-vad-service:50051",
                                "value_from": []
                              }
                            ],
                            "env_from": [
                              {
                                "config_map_ref": [
                                  {
                                    "name": "observe-env",
                                    "optional": false
                                  }
                                ],
                                "prefix": "",
                                "secret_ref": []
                              },
                              {
                                "config_map_ref": [
                                  {
                                    "name": "redis-env",
                                    "optional": false
                                  }
                                ],
                                "prefix": "",
                                "secret_ref": []
                              },
                              {
                                "config_map_ref": [],
                                "prefix": "",
                                "secret_ref": [
                                  {
                                    "name": "redis-secrets",
                                    "optional": false
                                  }
                                ]
                              }
                            ],
                            "image": "gitopsdocker.azurecr.io/sarvam-app-runtime-service:v0.2.3",
                            "image_pull_policy": "IfNotPresent",
                            "lifecycle": [
                              {
                                "post_start": [],
                                "pre_stop": [
                                  {
                                    "exec": [
                                      {
                                        "command": [
                                          "sleep",
                                          "80"
                                        ]
                                      }
                                    ],
                                    "http_get": [],
                                    "tcp_socket": []
                                  }
                                ]
                              }
                            ],
                            "liveness_probe": [],
                            "name": "sarvam-app-runtime-service",
                            "port": [
                              {
                                "container_port": 8080,
                                "host_ip": "",
                                "host_port": 0,
                                "name": "",
                                "protocol": "TCP"
                              }
                            ],
                            "readiness_probe": [],
                            "resources": [
                              {
                                "limits": {
                                  "cpu": "200m",
                                  "memory": "4Gi"
                                },
                                "requests": {
                                  "cpu": "100m",
                                  "memory": "2Gi"
                                }
                              }
                            ],
                            "security_context": [],
                            "startup_probe": [],
                            "stdin": false,
                            "stdin_once": false,
                            "termination_message_path": "/dev/termination-log",
                            "termination_message_policy": "File",
                            "tty": false,
                            "volume_device": [],
                            "volume_mount": [],
                            "working_dir": ""
                          }
                        ],
                        "dns_config": [],
                        "dns_policy": "ClusterFirst",
                        "enable_service_links": true,
                        "host_aliases": [],
                        "host_ipc": false,
                        "host_network": false,
                        "host_pid": false,
                        "hostname": "",
                        "image_pull_secrets": [],
                        "init_container": [],
                        "node_name": "",
                        "node_selector": {
                          "type": "sarvam"
                        },
                        "os": [],
                        "priority_class_name": "",
                        "readiness_gate": [],
                        "restart_policy": "Always",
                        "runtime_class_name": "",
                        "scheduler_name": "default-scheduler",
                        "security_context": [],
                        "service_account_name": "default",
                        "share_process_namespace": false,
                        "subdomain": "",
                        "termination_grace_period_seconds": 90,
                        "toleration": [
                          {
                            "effect": "NoSchedule",
                            "key": "sku",
                            "operator": "Equal",
                            "toleration_seconds": "",
                            "value": "gpu"
                          }
                        ],
                        "topology_spread_constraint": [],
                        "volume": []
                      }
                    ]
                  }
                ]
              }
            ],
            "timeouts": null,
            "wait_for_rollout": true
          },
          "sensitive_attributes": [],
          "private": "eyJlMmJmYjczMC1lY2FhLTExZTYtOGY4OC0zNDM2M2JjN2M0YzAiOnsiY3JlYXRlIjo2MDAwMDAwMDAwMDAsImRlbGV0ZSI6NjAwMDAwMDAwMDAwLCJ1cGRhdGUiOjYwMDAwMDAwMDAwMH0sInNjaGVtYV92ZXJzaW9uIjoiMSJ9",
          "dependencies": [
            "module.auth_shared_secrets.kubernetes_secret_v1.main",
            "module.auth_shared_secrets.random_pet.main"
          ]
        }
      ]
    },
    {
      "module": "module.sarvam_app_runtime_svc",
      "mode": "managed",
      "type": "kubernetes_horizontal_pod_autoscaler_v2",
      "name": "main",
      "provider": "provider[\"registry.terraform.io/hashicorp/kubernetes\"]",
      "instances": [
        {
          "index_key": "1",
          "schema_version": 0,
          "attributes": {
            "id": "default/sarvam-app-runtime-service-hpa",
            "metadata": [
              {
                "annotations": {},
                "generate_name": "",
                "generation": 0,
                "labels": {},
                "name": "sarvam-app-runtime-service-hpa",
                "namespace": "default",
                "resource_version": "97544555",
                "uid": "f8f1d1e8-b787-4bd6-bcab-1ad4b46d833f"
              }
            ],
            "spec": [
              {
                "behavior": [
                  {
                    "scale_down": [
                      {
                        "policy": [
                          {
                            "period_seconds": 30,
                            "type": "Pods",
                            "value": 100
                          }
                        ],
                        "select_policy": "Max",
                        "stabilization_window_seconds": 0
                      }
                    ],
                    "scale_up": [
                      {
                        "policy": [
                          {
                            "period_seconds": 30,
                            "type": "Pods",
                            "value": 4
                          }
                        ],
                        "select_policy": "Max",
                        "stabilization_window_seconds": 0
                      }
                    ]
                  }
                ],
                "max_replicas": 1,
                "metric": [
                  {
                    "container_resource": [],
                    "external": [],
                    "object": [],
                    "pods": [],
                    "resource": [
                      {
                        "name": "cpu",
                        "target": [
                          {
                            "average_utilization": 70,
                            "average_value": "",
                            "type": "Utilization",
                            "value": ""
                          }
                        ]
                      }
                    ],
                    "type": "Resource"
                  },
                  {
                    "container_resource": [],
                    "external": [],
                    "object": [],
                    "pods": [],
                    "resource": [
                      {
                        "name": "memory",
                        "target": [
                          {
                            "average_utilization": 70,
                            "average_value": "",
                            "type": "Utilization",
                            "value": ""
                          }
                        ]
                      }
                    ],
                    "type": "Resource"
                  }
                ],
                "min_replicas": 1,
                "scale_target_ref": [
                  {
                    "api_version": "apps/v1",
                    "kind": "Deployment",
                    "name": "sarvam-app-runtime-service"
                  }
                ],
                "target_cpu_utilization_percentage": 0
              }
            ]
          },
          "sensitive_attributes": [],
          "private": "bnVsbA==",
          "dependencies": [
            "module.auth_shared_secrets.kubernetes_secret_v1.main",
            "module.auth_shared_secrets.random_pet.main",
            "module.sarvam_app_runtime_svc.kubernetes_deployment_v1.deploy"
          ]
        }
      ]
    },
    {
      "module": "module.sarvam_app_runtime_svc",
      "mode": "managed",
      "type": "kubernetes_service_v1",
      "name": "main",
      "provider": "provider[\"registry.terraform.io/hashicorp/kubernetes\"]",
      "instances": [
        {
          "index_key": "1",
          "schema_version": 1,
          "attributes": {
            "id": "default/sarvam-app-runtime-service",
            "metadata": [
              {
                "annotations": {},
                "generate_name": "",
                "generation": 0,
                "labels": {},
                "name": "sarvam-app-runtime-service",
                "namespace": "default",
                "resource_version": "97532307",
                "uid": "0ba31fb4-eafc-4c73-b4ba-c560ed1950fb"
              }
            ],
            "spec": [
              {
                "allocate_load_balancer_node_ports": true,
                "cluster_ip": "10.0.87.146",
                "cluster_ips": [
                  "10.0.87.146"
                ],
                "external_ips": [],
                "external_name": "",
                "external_traffic_policy": "Cluster",
                "health_check_node_port": 0,
                "internal_traffic_policy": "Cluster",
                "ip_families": [
                  "IPv4"
                ],
                "ip_family_policy": "SingleStack",
                "load_balancer_class": "",
                "load_balancer_ip": "",
                "load_balancer_source_ranges": [],
                "port": [
                  {
                    "app_protocol": "",
                    "name": "http",
                    "node_port": 31580,
                    "port": 80,
                    "protocol": "TCP",
                    "target_port": "8080"
                  }
                ],
                "publish_not_ready_addresses": false,
                "selector": {
                  "app.kubernetes.io/name": "sarvam-app-runtime-service"
                },
                "session_affinity": "None",
                "session_affinity_config": [],
                "type": "LoadBalancer"
              }
            ],
            "status": [
              {
                "load_balancer": [
                  {
                    "ingress": [
                      {
                        "hostname": "",
                        "ip": "4.157.171.249"
                      }
                    ]
                  }
                ]
              }
            ],
            "timeouts": null,
            "wait_for_load_balancer": true
          },
          "sensitive_attributes": [],
          "private": "eyJlMmJmYjczMC1lY2FhLTExZTYtOGY4OC0zNDM2M2JjN2M0YzAiOnsiY3JlYXRlIjo2MDAwMDAwMDAwMDB9LCJzY2hlbWFfdmVyc2lvbiI6IjEifQ=="
        }
      ]
    },
    {
      "module": "module.sarvam_authoring_ui",
      "mode": "managed",
      "type": "kubernetes_deployment_v1",
      "name": "deploy",
      "provider": "provider[\"registry.terraform.io/hashicorp/kubernetes\"]",
      "instances": [
        {
          "schema_version": 1,
          "attributes": {
            "id": "default/sarvam-authoring-ui",
            "metadata": [
              {
                "annotations": {},
                "generate_name": "",
                "generation": 1,
                "labels": {
                  "app.kubernetes.io/name": "sarvam-authoring-ui"
                },
                "name": "sarvam-authoring-ui",
                "namespace": "default",
                "resource_version": "97532177",
                "uid": "714ff9c5-40cd-45f0-b603-d6cb85ac9331"
              }
            ],
            "spec": [
              {
                "min_ready_seconds": 0,
                "paused": false,
                "progress_deadline_seconds": 600,
                "replicas": "1",
                "revision_history_limit": 10,
                "selector": [
                  {
                    "match_expressions": [],
                    "match_labels": {
                      "app.kubernetes.io/name": "sarvam-authoring-ui"
                    }
                  }
                ],
                "strategy": [
                  {
                    "rolling_update": [
                      {
                        "max_surge": "25%",
                        "max_unavailable": "25%"
                      }
                    ],
                    "type": "RollingUpdate"
                  }
                ],
                "template": [
                  {
                    "metadata": [
                      {
                        "annotations": {},
                        "generate_name": "",
                        "generation": 0,
                        "labels": {
                          "app.kubernetes.io/name": "sarvam-authoring-ui",
                          "azure.workload.identity/use": "true"
                        },
                        "name": "",
                        "namespace": "",
                        "resource_version": "",
                        "uid": ""
                      }
                    ],
                    "spec": [
                      {
                        "active_deadline_seconds": 0,
                        "affinity": [],
                        "automount_service_account_token": true,
                        "container": [
                          {
                            "args": [],
                            "command": [],
                            "env": [
                              {
                                "name": "NEXTAUTH_SECRET",
                                "value": "",
                                "value_from": []
                              },
                              {
                                "name": "NEXTAUTH_URL",
                                "value": "https://agents-staging.sarvam.ai/auth/api/auth",
                                "value_from": []
                              },
                              {
                                "name": "NEXT_AUTH_BASE_PATH",
                                "value": "/auth",
                                "value_from": []
                              },
                              {
                                "name": "NEXT_AUTH_URL",
                                "value": "https://agents-staging.sarvam.ai",
                                "value_from": []
                              },
                              {
                                "name": "ORG_URL",
                                "value": "http://org-service",
                                "value_from": []
                              },
                              {
                                "name": "SARVAM_AUTH_URL",
                                "value": "http://auth-service",
                                "value_from": []
                              },
                              {
                                "name": "SARVAM_BASE_URL",
                                "value": "https://apps-staging.sarvam.ai/api",
                                "value_from": []
                              },
                              {
                                "name": "SARVAM_KB_URL",
                                "value": "http://knowledge-base-authoring-service",
                                "value_from": []
                              },
                              {
                                "name": "SARVAM_WS_BASE_URL",
                                "value": "wss://apps-staging.sarvam.ai/api",
                                "value_from": []
                              }
                            ],
                            "env_from": [
                              {
                                "config_map_ref": [
                                  {
                                    "name": "observe-env",
                                    "optional": false
                                  }
                                ],
                                "prefix": "",
                                "secret_ref": []
                              }
                            ],
                            "image": "gitopsdocker.azurecr.io/sarvam-authoring-ui:v0.0.80",
                            "image_pull_policy": "IfNotPresent",
                            "lifecycle": [
                              {
                                "post_start": [],
                                "pre_stop": [
                                  {
                                    "exec": [
                                      {
                                        "command": [
                                          "sleep",
                                          "80"
                                        ]
                                      }
                                    ],
                                    "http_get": [],
                                    "tcp_socket": []
                                  }
                                ]
                              }
                            ],
                            "liveness_probe": [
                              {
                                "exec": [],
                                "failure_threshold": 3,
                                "grpc": [],
                                "http_get": [
                                  {
                                    "host": "",
                                    "http_header": [],
                                    "path": "/health",
                                    "port": "3000",
                                    "scheme": "HTTP"
                                  }
                                ],
                                "initial_delay_seconds": 30,
                                "period_seconds": 10,
                                "success_threshold": 1,
                                "tcp_socket": [],
                                "timeout_seconds": 5
                              }
                            ],
                            "name": "sarvam-authoring-ui",
                            "port": [
                              {
                                "container_port": 3000,
                                "host_ip": "",
                                "host_port": 0,
                                "name": "",
                                "protocol": "TCP"
                              }
                            ],
                            "readiness_probe": [],
                            "resources": [
                              {
                                "limits": {
                                  "cpu": "200m",
                                  "memory": "500Mi"
                                },
                                "requests": {
                                  "cpu": "100m",
                                  "memory": "200Mi"
                                }
                              }
                            ],
                            "security_context": [],
                            "startup_probe": [],
                            "stdin": false,
                            "stdin_once": false,
                            "termination_message_path": "/dev/termination-log",
                            "termination_message_policy": "File",
                            "tty": false,
                            "volume_device": [],
                            "volume_mount": [],
                            "working_dir": ""
                          }
                        ],
                        "dns_config": [],
                        "dns_policy": "ClusterFirst",
                        "enable_service_links": true,
                        "host_aliases": [],
                        "host_ipc": false,
                        "host_network": false,
                        "host_pid": false,
                        "hostname": "",
                        "image_pull_secrets": [],
                        "init_container": [],
                        "node_name": "",
                        "node_selector": {},
                        "os": [],
                        "priority_class_name": "",
                        "readiness_gate": [],
                        "restart_policy": "Always",
                        "runtime_class_name": "",
                        "scheduler_name": "default-scheduler",
                        "security_context": [],
                        "service_account_name": "default",
                        "share_process_namespace": false,
                        "subdomain": "",
                        "termination_grace_period_seconds": 90,
                        "toleration": [],
                        "topology_spread_constraint": [],
                        "volume": []
                      }
                    ]
                  }
                ]
              }
            ],
            "timeouts": null,
            "wait_for_rollout": true
          },
          "sensitive_attributes": [],
          "private": "eyJlMmJmYjczMC1lY2FhLTExZTYtOGY4OC0zNDM2M2JjN2M0YzAiOnsiY3JlYXRlIjo2MDAwMDAwMDAwMDAsImRlbGV0ZSI6NjAwMDAwMDAwMDAwLCJ1cGRhdGUiOjYwMDAwMDAwMDAwMH0sInNjaGVtYV92ZXJzaW9uIjoiMSJ9"
        }
      ]
    },
    {
      "module": "module.sarvam_authoring_ui",
      "mode": "managed",
      "type": "kubernetes_horizontal_pod_autoscaler_v2",
      "name": "main",
      "provider": "provider[\"registry.terraform.io/hashicorp/kubernetes\"]",
      "instances": [
        {
          "index_key": "1",
          "schema_version": 0,
          "attributes": {
            "id": "default/sarvam-authoring-ui-hpa",
            "metadata": [
              {
                "annotations": {},
                "generate_name": "",
                "generation": 0,
                "labels": {},
                "name": "sarvam-authoring-ui-hpa",
                "namespace": "default",
                "resource_version": "97544483",
                "uid": "b9f1383d-0800-4f81-ab5b-e7a29f22e3b9"
              }
            ],
            "spec": [
              {
                "behavior": [
                  {
                    "scale_down": [
                      {
                        "policy": [
                          {
                            "period_seconds": 15,
                            "type": "Percent",
                            "value": 100
                          }
                        ],
                        "select_policy": "Max",
                        "stabilization_window_seconds": 0
                      }
                    ],
                    "scale_up": [
                      {
                        "policy": [
                          {
                            "period_seconds": 15,
                            "type": "Pods",
                            "value": 4
                          },
                          {
                            "period_seconds": 15,
                            "type": "Percent",
                            "value": 100
                          }
                        ],
                        "select_policy": "Max",
                        "stabilization_window_seconds": 0
                      }
                    ]
                  }
                ],
                "max_replicas": 1,
                "metric": [
                  {
                    "container_resource": [],
                    "external": [],
                    "object": [],
                    "pods": [],
                    "resource": [
                      {
                        "name": "cpu",
                        "target": [
                          {
                            "average_utilization": 70,
                            "average_value": "",
                            "type": "Utilization",
                            "value": ""
                          }
                        ]
                      }
                    ],
                    "type": "Resource"
                  },
                  {
                    "container_resource": [],
                    "external": [],
                    "object": [],
                    "pods": [],
                    "resource": [
                      {
                        "name": "memory",
                        "target": [
                          {
                            "average_utilization": 70,
                            "average_value": "",
                            "type": "Utilization",
                            "value": ""
                          }
                        ]
                      }
                    ],
                    "type": "Resource"
                  }
                ],
                "min_replicas": 1,
                "scale_target_ref": [
                  {
                    "api_version": "apps/v1",
                    "kind": "Deployment",
                    "name": "sarvam-authoring-ui"
                  }
                ],
                "target_cpu_utilization_percentage": 0
              }
            ]
          },
          "sensitive_attributes": [],
          "private": "bnVsbA==",
          "dependencies": [
            "module.sarvam_authoring_ui.kubernetes_deployment_v1.deploy"
          ]
        }
      ]
    },
    {
      "module": "module.sarvam_authoring_ui",
      "mode": "managed",
      "type": "kubernetes_service_v1",
      "name": "main",
      "provider": "provider[\"registry.terraform.io/hashicorp/kubernetes\"]",
      "instances": [
        {
          "index_key": "1",
          "schema_version": 1,
          "attributes": {
            "id": "default/sarvam-authoring-ui",
            "metadata": [
              {
                "annotations": {},
                "generate_name": "",
                "generation": 0,
                "labels": {},
                "name": "sarvam-authoring-ui",
                "namespace": "default",
                "resource_version": "97544826",
                "uid": "1b9cfcab-f598-470a-a385-05a9282b44b4"
              }
            ],
            "spec": [
              {
                "allocate_load_balancer_node_ports": true,
                "cluster_ip": "10.0.254.0",
                "cluster_ips": [
                  "10.0.254.0"
                ],
                "external_ips": [],
                "external_name": "",
                "external_traffic_policy": "Cluster",
                "health_check_node_port": 0,
                "internal_traffic_policy": "Cluster",
                "ip_families": [
                  "IPv4"
                ],
                "ip_family_policy": "SingleStack",
                "load_balancer_class": "",
                "load_balancer_ip": "",
                "load_balancer_source_ranges": [],
                "port": [
                  {
                    "app_protocol": "",
                    "name": "http",
                    "node_port": 31724,
                    "port": 80,
                    "protocol": "TCP",
                    "target_port": "3000"
                  }
                ],
                "publish_not_ready_addresses": false,
                "selector": {
                  "app.kubernetes.io/name": "sarvam-authoring-ui"
                },
                "session_affinity": "None",
                "session_affinity_config": [],
                "type": "LoadBalancer"
              }
            ],
            "status": [
              {
                "load_balancer": [
                  {
                    "ingress": []
                  }
                ]
              }
            ],
            "timeouts": null,
            "wait_for_load_balancer": true
          },
          "sensitive_attributes": [],
          "private": "eyJlMmJmYjczMC1lY2FhLTExZTYtOGY4OC0zNDM2M2JjN2M0YzAiOnsiY3JlYXRlIjo2MDAwMDAwMDAwMDB9LCJzY2hlbWFfdmVyc2lvbiI6IjEifQ=="
        }
      ]
    },
    {
      "module": "module.sarvam_v2v_web_ui",
      "mode": "managed",
      "type": "kubernetes_deployment_v1",
      "name": "deploy",
      "provider": "provider[\"registry.terraform.io/hashicorp/kubernetes\"]",
      "instances": [
        {
          "schema_version": 1,
          "attributes": {
            "id": "default/sarvam-v2v-web-ui",
            "metadata": [
              {
                "annotations": {},
                "generate_name": "",
                "generation": 2,
                "labels": {
                  "app.kubernetes.io/name": "sarvam-v2v-web-ui"
                },
                "name": "sarvam-v2v-web-ui",
                "namespace": "default",
                "resource_version": "97537210",
                "uid": "d2c705fc-4305-4ccf-aa43-0bc073c3fb16"
              }
            ],
            "spec": [
              {
                "min_ready_seconds": 0,
                "paused": false,
                "progress_deadline_seconds": 600,
                "replicas": "1",
                "revision_history_limit": 10,
                "selector": [
                  {
                    "match_expressions": [],
                    "match_labels": {
                      "app.kubernetes.io/name": "sarvam-v2v-web-ui"
                    }
                  }
                ],
                "strategy": [
                  {
                    "rolling_update": [
                      {
                        "max_surge": "25%",
                        "max_unavailable": "25%"
                      }
                    ],
                    "type": "RollingUpdate"
                  }
                ],
                "template": [
                  {
                    "metadata": [
                      {
                        "annotations": {},
                        "generate_name": "",
                        "generation": 0,
                        "labels": {
                          "app.kubernetes.io/name": "sarvam-v2v-web-ui",
                          "azure.workload.identity/use": "true"
                        },
                        "name": "",
                        "namespace": "",
                        "resource_version": "",
                        "uid": ""
                      }
                    ],
                    "spec": [
                      {
                        "active_deadline_seconds": 0,
                        "affinity": [],
                        "automount_service_account_token": true,
                        "container": [
                          {
                            "args": [],
                            "command": [],
                            "env": [
                              {
                                "name": "CLIENT_INTERRUPT",
                                "value": "true",
                                "value_from": []
                              },
                              {
                                "name": "GOOGLE_API_KEY",
                                "value": "",
                                "value_from": []
                              },
                              {
                                "name": "GOOGLE_CSE_ID",
                                "value": "",
                                "value_from": []
                              },
                              {
                                "name": "NEXTAUTH_BASE_PATH",
                                "value": "/api/authentication",
                                "value_from": []
                              },
                              {
                                "name": "NEXTAUTH_SECRET",
                                "value": "VoNoeL47YPHlsd02mCG1KlXOFdJJqHyTR2GjEJL/A7w=",
                                "value_from": []
                              },
                              {
                                "name": "NEXTAUTH_URL",
                                "value": "http://4.157.171.249/api/authentication",
                                "value_from": []
                              },
                              {
                                "name": "PLAYBACK_VOLUME_HIGH",
                                "value": "1.0",
                                "value_from": []
                              },
                              {
                                "name": "PLAYBACK_VOLUME_LOW",
                                "value": "0.5",
                                "value_from": []
                              },
                              {
                                "name": "RECORDING_GAIN_VALUE",
                                "value": "1",
                                "value_from": []
                              },
                              {
                                "name": "SARVAM_APP_RUNTIME_HTTP_URL",
                                "value": "http://auth-service",
                                "value_from": []
                              },
                              {
                                "name": "SARVAM_APP_RUNTIME_WS_URL",
                                "value": "ws://10.10.109.28:31983/channels/web-call-custom-auth",
                                "value_from": []
                              },
                              {
                                "name": "TOGGLE_AUTH",
                                "value": "true",
                                "value_from": []
                              },
                              {
                                "name": "TOGGLE_VAD",
                                "value": "false",
                                "value_from": []
                              }
                            ],
                            "env_from": [
                              {
                                "config_map_ref": [
                                  {
                                    "name": "observe-env",
                                    "optional": false
                                  }
                                ],
                                "prefix": "",
                                "secret_ref": []
                              }
                            ],
                            "image": "uidaimodels.azurecr.io/sarvam-v2v-web-ui:v0.0.2-onprem",
                            "image_pull_policy": "IfNotPresent",
                            "lifecycle": [
                              {
                                "post_start": [],
                                "pre_stop": [
                                  {
                                    "exec": [
                                      {
                                        "command": [
                                          "sleep",
                                          "80"
                                        ]
                                      }
                                    ],
                                    "http_get": [],
                                    "tcp_socket": []
                                  }
                                ]
                              }
                            ],
                            "liveness_probe": [
                              {
                                "exec": [],
                                "failure_threshold": 3,
                                "grpc": [],
                                "http_get": [
                                  {
                                    "host": "",
                                    "http_header": [],
                                    "path": "/health",
                                    "port": "3000",
                                    "scheme": "HTTP"
                                  }
                                ],
                                "initial_delay_seconds": 30,
                                "period_seconds": 10,
                                "success_threshold": 1,
                                "tcp_socket": [],
                                "timeout_seconds": 5
                              }
                            ],
                            "name": "sarvam-v2v-web-ui",
                            "port": [
                              {
                                "container_port": 3000,
                                "host_ip": "",
                                "host_port": 0,
                                "name": "",
                                "protocol": "TCP"
                              }
                            ],
                            "readiness_probe": [],
                            "resources": [
                              {
                                "limits": {
                                  "cpu": "200m",
                                  "memory": "500Mi"
                                },
                                "requests": {
                                  "cpu": "100m",
                                  "memory": "200Mi"
                                }
                              }
                            ],
                            "security_context": [],
                            "startup_probe": [],
                            "stdin": false,
                            "stdin_once": false,
                            "termination_message_path": "/dev/termination-log",
                            "termination_message_policy": "File",
                            "tty": false,
                            "volume_device": [],
                            "volume_mount": [],
                            "working_dir": ""
                          }
                        ],
                        "dns_config": [],
                        "dns_policy": "ClusterFirst",
                        "enable_service_links": true,
                        "host_aliases": [],
                        "host_ipc": false,
                        "host_network": false,
                        "host_pid": false,
                        "hostname": "",
                        "image_pull_secrets": [],
                        "init_container": [],
                        "node_name": "",
                        "node_selector": {},
                        "os": [],
                        "priority_class_name": "",
                        "readiness_gate": [],
                        "restart_policy": "Always",
                        "runtime_class_name": "",
                        "scheduler_name": "default-scheduler",
                        "security_context": [],
                        "service_account_name": "default",
                        "share_process_namespace": false,
                        "subdomain": "",
                        "termination_grace_period_seconds": 90,
                        "toleration": [
                          {
                            "effect": "NoSchedule",
                            "key": "sku",
                            "operator": "Equal",
                            "toleration_seconds": "",
                            "value": "gpu"
                          }
                        ],
                        "topology_spread_constraint": [],
                        "volume": []
                      }
                    ]
                  }
                ]
              }
            ],
            "timeouts": null,
            "wait_for_rollout": true
          },
          "sensitive_attributes": [],
          "private": "eyJlMmJmYjczMC1lY2FhLTExZTYtOGY4OC0zNDM2M2JjN2M0YzAiOnsiY3JlYXRlIjo2MDAwMDAwMDAwMDAsImRlbGV0ZSI6NjAwMDAwMDAwMDAwLCJ1cGRhdGUiOjYwMDAwMDAwMDAwMH0sInNjaGVtYV92ZXJzaW9uIjoiMSJ9"
        }
      ]
    },
    {
      "module": "module.sarvam_v2v_web_ui",
      "mode": "managed",
      "type": "kubernetes_horizontal_pod_autoscaler_v2",
      "name": "main",
      "provider": "provider[\"registry.terraform.io/hashicorp/kubernetes\"]",
      "instances": [
        {
          "index_key": "1",
          "schema_version": 0,
          "attributes": {
            "id": "default/sarvam-v2v-web-ui-hpa",
            "metadata": [
              {
                "annotations": {},
                "generate_name": "",
                "generation": 0,
                "labels": {},
                "name": "sarvam-v2v-web-ui-hpa",
                "namespace": "default",
                "resource_version": "97544770",
                "uid": "911abdbe-f925-4796-8888-17c0daf449fd"
              }
            ],
            "spec": [
              {
                "behavior": [
                  {
                    "scale_down": [
                      {
                        "policy": [
                          {
                            "period_seconds": 15,
                            "type": "Percent",
                            "value": 100
                          }
                        ],
                        "select_policy": "Max",
                        "stabilization_window_seconds": 0
                      }
                    ],
                    "scale_up": [
                      {
                        "policy": [
                          {
                            "period_seconds": 15,
                            "type": "Pods",
                            "value": 4
                          },
                          {
                            "period_seconds": 15,
                            "type": "Percent",
                            "value": 100
                          }
                        ],
                        "select_policy": "Max",
                        "stabilization_window_seconds": 0
                      }
                    ]
                  }
                ],
                "max_replicas": 1,
                "metric": [
                  {
                    "container_resource": [],
                    "external": [],
                    "object": [],
                    "pods": [],
                    "resource": [
                      {
                        "name": "cpu",
                        "target": [
                          {
                            "average_utilization": 70,
                            "average_value": "",
                            "type": "Utilization",
                            "value": ""
                          }
                        ]
                      }
                    ],
                    "type": "Resource"
                  },
                  {
                    "container_resource": [],
                    "external": [],
                    "object": [],
                    "pods": [],
                    "resource": [
                      {
                        "name": "memory",
                        "target": [
                          {
                            "average_utilization": 70,
                            "average_value": "",
                            "type": "Utilization",
                            "value": ""
                          }
                        ]
                      }
                    ],
                    "type": "Resource"
                  }
                ],
                "min_replicas": 1,
                "scale_target_ref": [
                  {
                    "api_version": "apps/v1",
                    "kind": "Deployment",
                    "name": "sarvam-v2v-web-ui"
                  }
                ],
                "target_cpu_utilization_percentage": 0
              }
            ]
          },
          "sensitive_attributes": [],
          "private": "bnVsbA==",
          "dependencies": [
            "module.sarvam_v2v_web_ui.kubernetes_deployment_v1.deploy"
          ]
        }
      ]
    },
    {
      "module": "module.sarvam_v2v_web_ui",
      "mode": "managed",
      "type": "kubernetes_service_v1",
      "name": "main",
      "provider": "provider[\"registry.terraform.io/hashicorp/kubernetes\"]",
      "instances": [
        {
          "index_key": "1",
          "schema_version": 1,
          "attributes": {
            "id": "default/sarvam-v2v-web-ui",
            "metadata": [
              {
                "annotations": {},
                "generate_name": "",
                "generation": 0,
                "labels": {},
                "name": "sarvam-v2v-web-ui",
                "namespace": "default",
                "resource_version": "97544825",
                "uid": "b386c85a-b60b-4ee9-93cb-3ba1d3a33560"
              }
            ],
            "spec": [
              {
                "allocate_load_balancer_node_ports": true,
                "cluster_ip": "10.0.214.73",
                "cluster_ips": [
                  "10.0.214.73"
                ],
                "external_ips": [],
                "external_name": "",
                "external_traffic_policy": "Cluster",
                "health_check_node_port": 0,
                "internal_traffic_policy": "Cluster",
                "ip_families": [
                  "IPv4"
                ],
                "ip_family_policy": "SingleStack",
                "load_balancer_class": "",
                "load_balancer_ip": "",
                "load_balancer_source_ranges": [],
                "port": [
                  {
                    "app_protocol": "",
                    "name": "http",
                    "node_port": 32334,
                    "port": 80,
                    "protocol": "TCP",
                    "target_port": "3000"
                  }
                ],
                "publish_not_ready_addresses": false,
                "selector": {
                  "app.kubernetes.io/name": "sarvam-v2v-web-ui"
                },
                "session_affinity": "None",
                "session_affinity_config": [],
                "type": "LoadBalancer"
              }
            ],
            "status": [
              {
                "load_balancer": [
                  {
                    "ingress": []
                  }
                ]
              }
            ],
            "timeouts": null,
            "wait_for_load_balancer": true
          },
          "sensitive_attributes": [],
          "private": "eyJlMmJmYjczMC1lY2FhLTExZTYtOGY4OC0zNDM2M2JjN2M0YzAiOnsiY3JlYXRlIjo2MDAwMDAwMDAwMDB9LCJzY2hlbWFfdmVyc2lvbiI6IjEifQ=="
        }
      ]
    },
    {
      "module": "module.sarvam_vad_service",
      "mode": "managed",
      "type": "kubernetes_deployment_v1",
      "name": "deploy",
      "provider": "provider[\"registry.terraform.io/hashicorp/kubernetes\"]",
      "instances": [
        {
          "schema_version": 1,
          "attributes": {
            "id": "default/sarvam-vad-service",
            "metadata": [
              {
                "annotations": {},
                "generate_name": "",
                "generation": 1,
                "labels": {
                  "app.kubernetes.io/name": "sarvam-vad-service"
                },
                "name": "sarvam-vad-service",
                "namespace": "default",
                "resource_version": "97532178",
                "uid": "757344a1-ce0c-4b8c-8304-225e6b3fd6de"
              }
            ],
            "spec": [
              {
                "min_ready_seconds": 0,
                "paused": false,
                "progress_deadline_seconds": 600,
                "replicas": "1",
                "revision_history_limit": 10,
                "selector": [
                  {
                    "match_expressions": [],
                    "match_labels": {
                      "app.kubernetes.io/name": "sarvam-vad-service"
                    }
                  }
                ],
                "strategy": [
                  {
                    "rolling_update": [
                      {
                        "max_surge": "25%",
                        "max_unavailable": "25%"
                      }
                    ],
                    "type": "RollingUpdate"
                  }
                ],
                "template": [
                  {
                    "metadata": [
                      {
                        "annotations": {},
                        "generate_name": "",
                        "generation": 0,
                        "labels": {
                          "app.kubernetes.io/name": "sarvam-vad-service",
                          "azure.workload.identity/use": "true"
                        },
                        "name": "",
                        "namespace": "",
                        "resource_version": "",
                        "uid": ""
                      }
                    ],
                    "spec": [
                      {
                        "active_deadline_seconds": 0,
                        "affinity": [],
                        "automount_service_account_token": true,
                        "container": [
                          {
                            "args": [],
                            "command": [],
                            "env": [
                              {
                                "name": "MAX_WORKERS",
                                "value": "5",
                                "value_from": []
                              },
                              {
                                "name": "SILERO_PATH",
                                "value": "/workspace/snakers4_silero-vad_v5.1",
                                "value_from": []
                              }
                            ],
                            "env_from": [
                              {
                                "config_map_ref": [
                                  {
                                    "name": "observe-env",
                                    "optional": false
                                  }
                                ],
                                "prefix": "",
                                "secret_ref": []
                              }
                            ],
                            "image": "uidaimodels.azurecr.io/sarvam-vad-service:v0.1.2.on-prem.fix",
                            "image_pull_policy": "IfNotPresent",
                            "lifecycle": [
                              {
                                "post_start": [],
                                "pre_stop": [
                                  {
                                    "exec": [
                                      {
                                        "command": [
                                          "sleep",
                                          "80"
                                        ]
                                      }
                                    ],
                                    "http_get": [],
                                    "tcp_socket": []
                                  }
                                ]
                              }
                            ],
                            "liveness_probe": [],
                            "name": "sarvam-vad-service",
                            "port": [
                              {
                                "container_port": 50051,
                                "host_ip": "",
                                "host_port": 0,
                                "name": "",
                                "protocol": "TCP"
                              }
                            ],
                            "readiness_probe": [],
                            "resources": [
                              {
                                "limits": {
                                  "cpu": "500m",
                                  "memory": "3Gi"
                                },
                                "requests": {
                                  "cpu": "100m",
                                  "memory": "2Gi"
                                }
                              }
                            ],
                            "security_context": [],
                            "startup_probe": [],
                            "stdin": false,
                            "stdin_once": false,
                            "termination_message_path": "/dev/termination-log",
                            "termination_message_policy": "File",
                            "tty": false,
                            "volume_device": [],
                            "volume_mount": [],
                            "working_dir": ""
                          }
                        ],
                        "dns_config": [],
                        "dns_policy": "ClusterFirst",
                        "enable_service_links": true,
                        "host_aliases": [],
                        "host_ipc": false,
                        "host_network": false,
                        "host_pid": false,
                        "hostname": "",
                        "image_pull_secrets": [],
                        "init_container": [],
                        "node_name": "",
                        "node_selector": {
                          "type": "sarvam"
                        },
                        "os": [],
                        "priority_class_name": "",
                        "readiness_gate": [],
                        "restart_policy": "Always",
                        "runtime_class_name": "",
                        "scheduler_name": "default-scheduler",
                        "security_context": [],
                        "service_account_name": "default",
                        "share_process_namespace": false,
                        "subdomain": "",
                        "termination_grace_period_seconds": 90,
                        "toleration": [
                          {
                            "effect": "NoSchedule",
                            "key": "sku",
                            "operator": "Equal",
                            "toleration_seconds": "",
                            "value": "gpu"
                          }
                        ],
                        "topology_spread_constraint": [],
                        "volume": []
                      }
                    ]
                  }
                ]
              }
            ],
            "timeouts": null,
            "wait_for_rollout": true
          },
          "sensitive_attributes": [],
          "private": "eyJlMmJmYjczMC1lY2FhLTExZTYtOGY4OC0zNDM2M2JjN2M0YzAiOnsiY3JlYXRlIjo2MDAwMDAwMDAwMDAsImRlbGV0ZSI6NjAwMDAwMDAwMDAwLCJ1cGRhdGUiOjYwMDAwMDAwMDAwMH0sInNjaGVtYV92ZXJzaW9uIjoiMSJ9"
        }
      ]
    },
    {
      "module": "module.sarvam_vad_service",
      "mode": "managed",
      "type": "kubernetes_horizontal_pod_autoscaler_v2",
      "name": "main",
      "provider": "provider[\"registry.terraform.io/hashicorp/kubernetes\"]",
      "instances": [
        {
          "index_key": "1",
          "schema_version": 0,
          "attributes": {
            "id": "default/sarvam-vad-service-hpa",
            "metadata": [
              {
                "annotations": {},
                "generate_name": "",
                "generation": 0,
                "labels": {},
                "name": "sarvam-vad-service-hpa",
                "namespace": "default",
                "resource_version": "97533054",
                "uid": "ffbfe89d-0e9b-4a78-9136-7820c684aeb3"
              }
            ],
            "spec": [
              {
                "behavior": [
                  {
                    "scale_down": [
                      {
                        "policy": [
                          {
                            "period_seconds": 30,
                            "type": "Pods",
                            "value": 100
                          }
                        ],
                        "select_policy": "Max",
                        "stabilization_window_seconds": 0
                      }
                    ],
                    "scale_up": [
                      {
                        "policy": [
                          {
                            "period_seconds": 30,
                            "type": "Pods",
                            "value": 4
                          }
                        ],
                        "select_policy": "Max",
                        "stabilization_window_seconds": 0
                      }
                    ]
                  }
                ],
                "max_replicas": 1,
                "metric": [
                  {
                    "container_resource": [],
                    "external": [],
                    "object": [],
                    "pods": [],
                    "resource": [
                      {
                        "name": "cpu",
                        "target": [
                          {
                            "average_utilization": 70,
                            "average_value": "",
                            "type": "Utilization",
                            "value": ""
                          }
                        ]
                      }
                    ],
                    "type": "Resource"
                  },
                  {
                    "container_resource": [],
                    "external": [],
                    "object": [],
                    "pods": [],
                    "resource": [
                      {
                        "name": "memory",
                        "target": [
                          {
                            "average_utilization": 70,
                            "average_value": "",
                            "type": "Utilization",
                            "value": ""
                          }
                        ]
                      }
                    ],
                    "type": "Resource"
                  }
                ],
                "min_replicas": 1,
                "scale_target_ref": [
                  {
                    "api_version": "apps/v1",
                    "kind": "Deployment",
                    "name": "sarvam-vad-service"
                  }
                ],
                "target_cpu_utilization_percentage": 0
              }
            ]
          },
          "sensitive_attributes": [],
          "private": "bnVsbA==",
          "dependencies": [
            "module.sarvam_vad_service.kubernetes_deployment_v1.deploy"
          ]
        }
      ]
    },
    {
      "module": "module.sarvam_vad_service",
      "mode": "managed",
      "type": "kubernetes_service_v1",
      "name": "main",
      "provider": "provider[\"registry.terraform.io/hashicorp/kubernetes\"]",
      "instances": [
        {
          "index_key": "1",
          "schema_version": 1,
          "attributes": {
            "id": "default/sarvam-vad-service",
            "metadata": [
              {
                "annotations": {},
                "generate_name": "",
                "generation": 0,
                "labels": {},
                "name": "sarvam-vad-service",
                "namespace": "default",
                "resource_version": "97532131",
                "uid": "52178a8a-49b9-40ef-bb50-ec508ff18c19"
              }
            ],
            "spec": [
              {
                "allocate_load_balancer_node_ports": true,
                "cluster_ip": "10.0.10.243",
                "cluster_ips": [
                  "10.0.10.243"
                ],
                "external_ips": [],
                "external_name": "",
                "external_traffic_policy": "",
                "health_check_node_port": 0,
                "internal_traffic_policy": "Cluster",
                "ip_families": [
                  "IPv4"
                ],
                "ip_family_policy": "SingleStack",
                "load_balancer_class": "",
                "load_balancer_ip": "",
                "load_balancer_source_ranges": [],
                "port": [
                  {
                    "app_protocol": "",
                    "name": "grpc",
                    "node_port": 0,
                    "port": 50051,
                    "protocol": "TCP",
                    "target_port": "50051"
                  }
                ],
                "publish_not_ready_addresses": false,
                "selector": {
                  "app.kubernetes.io/name": "sarvam-vad-service"
                },
                "session_affinity": "None",
                "session_affinity_config": [],
                "type": "ClusterIP"
              }
            ],
            "status": [
              {
                "load_balancer": [
                  {
                    "ingress": []
                  }
                ]
              }
            ],
            "timeouts": null,
            "wait_for_load_balancer": true
          },
          "sensitive_attributes": [],
          "private": "eyJlMmJmYjczMC1lY2FhLTExZTYtOGY4OC0zNDM2M2JjN2M0YzAiOnsiY3JlYXRlIjo2MDAwMDAwMDAwMDB9LCJzY2hlbWFfdmVyc2lvbiI6IjEifQ=="
        }
      ]
    },
    {
      "module": "module.weaviate_env",
      "mode": "managed",
      "type": "kubernetes_config_map_v1",
      "name": "main",
      "provider": "provider[\"registry.terraform.io/hashicorp/kubernetes\"]",
      "instances": [
        {
          "index_key": "default",
          "schema_version": 0,
          "attributes": {
            "binary_data": {},
            "data": {
              "weaviate-url": "http://weaviate.default"
            },
            "id": "default/weaviate-env",
            "immutable": false,
            "metadata": [
              {
                "annotations": {},
                "generate_name": "",
                "generation": 0,
                "labels": {},
                "name": "weaviate-env",
                "namespace": "default",
                "resource_version": "94945478",
                "uid": "097afa67-8433-4e80-a3e4-27a31b730b80"
              }
            ]
          },
          "sensitive_attributes": [],
          "private": "bnVsbA=="
        }
      ]
    }
  ],
  "check_results": null
}
